// !$*UTF8*$!
{
	archiveVersion = 1;
	classes = {
	};
	objectVersion = 46;
	objects = {

/* Begin PBXBuildFile section */
		59501DAE1E2F8EC400D1B4BF /* FileInputStream.swift in Sources */ = {isa = PBXBuildFile; fileRef = 59501DAB1E2F8EC400D1B4BF /* FileInputStream.swift */; };
		59501DAF1E2F8EC400D1B4BF /* Seekable.swift in Sources */ = {isa = PBXBuildFile; fileRef = 59501DAC1E2F8EC400D1B4BF /* Seekable.swift */; };
		59501DB01E2F8EC400D1B4BF /* ZipInputStream.swift in Sources */ = {isa = PBXBuildFile; fileRef = 59501DAD1E2F8EC400D1B4BF /* ZipInputStream.swift */; };
		59501DBE1E2F8ED800D1B4BF /* ioapi.c in Sources */ = {isa = PBXBuildFile; fileRef = 59501DB41E2F8ED800D1B4BF /* ioapi.c */; };
		59501DBF1E2F8ED800D1B4BF /* unzip.c in Sources */ = {isa = PBXBuildFile; fileRef = 59501DB71E2F8ED800D1B4BF /* unzip.c */; };
		59501DC01E2F8ED800D1B4BF /* zip.c in Sources */ = {isa = PBXBuildFile; fileRef = 59501DB91E2F8ED800D1B4BF /* zip.c */; };
		59501DC11E2F8ED800D1B4BF /* ZipArchive.swift in Sources */ = {isa = PBXBuildFile; fileRef = 59501DBC1E2F8ED800D1B4BF /* ZipArchive.swift */; };
		59501DC21E2F8ED800D1B4BF /* ZipError.swift in Sources */ = {isa = PBXBuildFile; fileRef = 59501DBD1E2F8ED800D1B4BF /* ZipError.swift */; };
		595BBCA61E252DAC000477DA /* libz.tbd in Frameworks */ = {isa = PBXBuildFile; fileRef = 595BBCA51E252DAC000477DA /* libz.tbd */; };
		595CF57E1E2919B5007AEDB8 /* WebServerResourceResponse.swift in Sources */ = {isa = PBXBuildFile; fileRef = 595CF57D1E2919B5007AEDB8 /* WebServerResourceResponse.swift */; };
		595D8EFF1E130BFA00E0B0F7 /* SpineViewController.swift in Sources */ = {isa = PBXBuildFile; fileRef = 595D8EFE1E130BFA00E0B0F7 /* SpineViewController.swift */; };
		595D8F011E14541100E0B0F7 /* LibraryViewController.swift in Sources */ = {isa = PBXBuildFile; fileRef = 595D8F001E14541100E0B0F7 /* LibraryViewController.swift */; };
		595D8F031E15A0B900E0B0F7 /* Samples in Resources */ = {isa = PBXBuildFile; fileRef = 595D8F021E15A0B900E0B0F7 /* Samples */; };
		5962E8BC1E0ADD6B0045D1EF /* EpubFetcher.swift in Sources */ = {isa = PBXBuildFile; fileRef = 5962E8BB1E0ADD6B0045D1EF /* EpubFetcher.swift */; };
		5962E8BF1E0B1FA90045D1EF /* EpubServer.swift in Sources */ = {isa = PBXBuildFile; fileRef = 5962E8BE1E0B1FA90045D1EF /* EpubServer.swift */; };
		5962E8C11E0B28810045D1EF /* GCDWebServers.framework in Frameworks */ = {isa = PBXBuildFile; fileRef = 5962E8C01E0B28810045D1EF /* GCDWebServers.framework */; };
		596397821E09DDD6005A7147 /* ObjectMapper.framework in Frameworks */ = {isa = PBXBuildFile; fileRef = 596397811E09DDD6005A7147 /* ObjectMapper.framework */; };
		59B27E711E01E8F5002EE2FE /* AppDelegate.swift in Sources */ = {isa = PBXBuildFile; fileRef = 59B27E701E01E8F5002EE2FE /* AppDelegate.swift */; };
		59B27E731E01E8F5002EE2FE /* SpineItemViewController.swift in Sources */ = {isa = PBXBuildFile; fileRef = 59B27E721E01E8F5002EE2FE /* SpineItemViewController.swift */; };
		59B27E761E01E8F5002EE2FE /* Main.storyboard in Resources */ = {isa = PBXBuildFile; fileRef = 59B27E741E01E8F5002EE2FE /* Main.storyboard */; };
		59B27E781E01E8F5002EE2FE /* Assets.xcassets in Resources */ = {isa = PBXBuildFile; fileRef = 59B27E771E01E8F5002EE2FE /* Assets.xcassets */; };
		59B27E7B1E01E8F5002EE2FE /* LaunchScreen.storyboard in Resources */ = {isa = PBXBuildFile; fileRef = 59B27E791E01E8F5002EE2FE /* LaunchScreen.storyboard */; };
		59B27E861E01E8F5002EE2FE /* R2StreamerTests.swift in Sources */ = {isa = PBXBuildFile; fileRef = 59B27E851E01E8F5002EE2FE /* R2StreamerTests.swift */; };
		59B27E951E01EE90002EE2FE /* Container.swift in Sources */ = {isa = PBXBuildFile; fileRef = 59B27E911E01EE90002EE2FE /* Container.swift */; };
		59B27E961E01EE90002EE2FE /* Publication.swift in Sources */ = {isa = PBXBuildFile; fileRef = 59B27E921E01EE90002EE2FE /* Publication.swift */; };
		59B27E971E01EE90002EE2FE /* EpubParser.swift in Sources */ = {isa = PBXBuildFile; fileRef = 59B27E941E01EE90002EE2FE /* EpubParser.swift */; };
		59B27E9A1E01F0E3002EE2FE /* AEXML.framework in Frameworks */ = {isa = PBXBuildFile; fileRef = 59B27E991E01F0E3002EE2FE /* AEXML.framework */; };
/* End PBXBuildFile section */

/* Begin PBXContainerItemProxy section */
		59B27E821E01E8F5002EE2FE /* PBXContainerItemProxy */ = {
			isa = PBXContainerItemProxy;
			containerPortal = 59B27E651E01E8F5002EE2FE /* Project object */;
			proxyType = 1;
			remoteGlobalIDString = 59B27E6C1E01E8F5002EE2FE;
			remoteInfo = R2Streamer;
		};
/* End PBXContainerItemProxy section */

/* Begin PBXFileReference section */
		59501DAB1E2F8EC400D1B4BF /* FileInputStream.swift */ = {isa = PBXFileReference; fileEncoding = 4; lastKnownFileType = sourcecode.swift; path = FileInputStream.swift; sourceTree = "<group>"; };
		59501DAC1E2F8EC400D1B4BF /* Seekable.swift */ = {isa = PBXFileReference; fileEncoding = 4; lastKnownFileType = sourcecode.swift; path = Seekable.swift; sourceTree = "<group>"; };
		59501DAD1E2F8EC400D1B4BF /* ZipInputStream.swift */ = {isa = PBXFileReference; fileEncoding = 4; lastKnownFileType = sourcecode.swift; path = ZipInputStream.swift; sourceTree = "<group>"; };
		59501DB31E2F8ED800D1B4BF /* crypt.h */ = {isa = PBXFileReference; fileEncoding = 4; lastKnownFileType = sourcecode.c.h; path = crypt.h; sourceTree = "<group>"; };
		59501DB41E2F8ED800D1B4BF /* ioapi.c */ = {isa = PBXFileReference; fileEncoding = 4; lastKnownFileType = sourcecode.c.c; path = ioapi.c; sourceTree = "<group>"; };
		59501DB51E2F8ED800D1B4BF /* ioapi.h */ = {isa = PBXFileReference; fileEncoding = 4; lastKnownFileType = sourcecode.c.h; path = ioapi.h; sourceTree = "<group>"; };
		59501DB61E2F8ED800D1B4BF /* module.modulemap */ = {isa = PBXFileReference; fileEncoding = 4; lastKnownFileType = "sourcecode.module-map"; path = module.modulemap; sourceTree = "<group>"; };
		59501DB71E2F8ED800D1B4BF /* unzip.c */ = {isa = PBXFileReference; fileEncoding = 4; lastKnownFileType = sourcecode.c.c; path = unzip.c; sourceTree = "<group>"; };
		59501DB81E2F8ED800D1B4BF /* unzip.h */ = {isa = PBXFileReference; fileEncoding = 4; lastKnownFileType = sourcecode.c.h; path = unzip.h; sourceTree = "<group>"; };
		59501DB91E2F8ED800D1B4BF /* zip.c */ = {isa = PBXFileReference; fileEncoding = 4; lastKnownFileType = sourcecode.c.c; path = zip.c; sourceTree = "<group>"; };
		59501DBA1E2F8ED800D1B4BF /* zip.h */ = {isa = PBXFileReference; fileEncoding = 4; lastKnownFileType = sourcecode.c.h; path = zip.h; sourceTree = "<group>"; };
		59501DBB1E2F8ED800D1B4BF /* Zip.h */ = {isa = PBXFileReference; fileEncoding = 4; lastKnownFileType = sourcecode.c.h; path = Zip.h; sourceTree = "<group>"; };
		59501DBC1E2F8ED800D1B4BF /* ZipArchive.swift */ = {isa = PBXFileReference; fileEncoding = 4; lastKnownFileType = sourcecode.swift; path = ZipArchive.swift; sourceTree = "<group>"; };
		59501DBD1E2F8ED800D1B4BF /* ZipError.swift */ = {isa = PBXFileReference; fileEncoding = 4; lastKnownFileType = sourcecode.swift; path = ZipError.swift; sourceTree = "<group>"; };
		595BBCA51E252DAC000477DA /* libz.tbd */ = {isa = PBXFileReference; lastKnownFileType = "sourcecode.text-based-dylib-definition"; name = libz.tbd; path = usr/lib/libz.tbd; sourceTree = SDKROOT; };
		595CF57D1E2919B5007AEDB8 /* WebServerResourceResponse.swift */ = {isa = PBXFileReference; fileEncoding = 4; lastKnownFileType = sourcecode.swift; name = WebServerResourceResponse.swift; path = Sources/server/WebServerResourceResponse.swift; sourceTree = SOURCE_ROOT; };
		595D8EFE1E130BFA00E0B0F7 /* SpineViewController.swift */ = {isa = PBXFileReference; fileEncoding = 4; lastKnownFileType = sourcecode.swift; path = SpineViewController.swift; sourceTree = "<group>"; };
		595D8F001E14541100E0B0F7 /* LibraryViewController.swift */ = {isa = PBXFileReference; fileEncoding = 4; lastKnownFileType = sourcecode.swift; path = LibraryViewController.swift; sourceTree = "<group>"; };
		595D8F021E15A0B900E0B0F7 /* Samples */ = {isa = PBXFileReference; lastKnownFileType = folder; path = Samples; sourceTree = "<group>"; };
		5962E8BB1E0ADD6B0045D1EF /* EpubFetcher.swift */ = {isa = PBXFileReference; fileEncoding = 4; lastKnownFileType = sourcecode.swift; name = EpubFetcher.swift; path = Sources/fetcher/EpubFetcher.swift; sourceTree = SOURCE_ROOT; };
		5962E8BE1E0B1FA90045D1EF /* EpubServer.swift */ = {isa = PBXFileReference; fileEncoding = 4; lastKnownFileType = sourcecode.swift; name = EpubServer.swift; path = Sources/server/EpubServer.swift; sourceTree = SOURCE_ROOT; };
		5962E8C01E0B28810045D1EF /* GCDWebServers.framework */ = {isa = PBXFileReference; lastKnownFileType = wrapper.framework; name = GCDWebServers.framework; path = Carthage/Build/iOS/GCDWebServers.framework; sourceTree = "<group>"; };
		5962E8C21E0B28DB0045D1EF /* R2Streamer-Bridging-Header.h */ = {isa = PBXFileReference; lastKnownFileType = sourcecode.c.h; name = "R2Streamer-Bridging-Header.h"; path = "Sources/R2Streamer-Bridging-Header.h"; sourceTree = SOURCE_ROOT; };
		596397811E09DDD6005A7147 /* ObjectMapper.framework */ = {isa = PBXFileReference; lastKnownFileType = wrapper.framework; name = ObjectMapper.framework; path = Carthage/Build/iOS/ObjectMapper.framework; sourceTree = "<group>"; };
		59B27E6D1E01E8F5002EE2FE /* R2Streamer.app */ = {isa = PBXFileReference; explicitFileType = wrapper.application; includeInIndex = 0; path = R2Streamer.app; sourceTree = BUILT_PRODUCTS_DIR; };
		59B27E701E01E8F5002EE2FE /* AppDelegate.swift */ = {isa = PBXFileReference; lastKnownFileType = sourcecode.swift; path = AppDelegate.swift; sourceTree = "<group>"; };
		59B27E721E01E8F5002EE2FE /* SpineItemViewController.swift */ = {isa = PBXFileReference; lastKnownFileType = sourcecode.swift; path = SpineItemViewController.swift; sourceTree = "<group>"; };
		59B27E751E01E8F5002EE2FE /* Base */ = {isa = PBXFileReference; lastKnownFileType = file.storyboard; name = Base; path = Base.lproj/Main.storyboard; sourceTree = "<group>"; };
		59B27E771E01E8F5002EE2FE /* Assets.xcassets */ = {isa = PBXFileReference; lastKnownFileType = folder.assetcatalog; path = Assets.xcassets; sourceTree = "<group>"; };
		59B27E7A1E01E8F5002EE2FE /* Base */ = {isa = PBXFileReference; lastKnownFileType = file.storyboard; name = Base; path = Base.lproj/LaunchScreen.storyboard; sourceTree = "<group>"; };
		59B27E7C1E01E8F5002EE2FE /* Info.plist */ = {isa = PBXFileReference; lastKnownFileType = text.plist.xml; path = Info.plist; sourceTree = "<group>"; };
		59B27E811E01E8F5002EE2FE /* R2StreamerTests.xctest */ = {isa = PBXFileReference; explicitFileType = wrapper.cfbundle; includeInIndex = 0; path = R2StreamerTests.xctest; sourceTree = BUILT_PRODUCTS_DIR; };
		59B27E851E01E8F5002EE2FE /* R2StreamerTests.swift */ = {isa = PBXFileReference; lastKnownFileType = sourcecode.swift; path = R2StreamerTests.swift; sourceTree = "<group>"; };
		59B27E871E01E8F5002EE2FE /* Info.plist */ = {isa = PBXFileReference; lastKnownFileType = text.plist.xml; path = Info.plist; sourceTree = "<group>"; };
		59B27E911E01EE90002EE2FE /* Container.swift */ = {isa = PBXFileReference; fileEncoding = 4; lastKnownFileType = sourcecode.swift; path = Container.swift; sourceTree = "<group>"; };
		59B27E921E01EE90002EE2FE /* Publication.swift */ = {isa = PBXFileReference; fileEncoding = 4; lastKnownFileType = sourcecode.swift; path = Publication.swift; sourceTree = "<group>"; };
		59B27E941E01EE90002EE2FE /* EpubParser.swift */ = {isa = PBXFileReference; fileEncoding = 4; lastKnownFileType = sourcecode.swift; path = EpubParser.swift; sourceTree = "<group>"; };
		59B27E991E01F0E3002EE2FE /* AEXML.framework */ = {isa = PBXFileReference; lastKnownFileType = wrapper.framework; name = AEXML.framework; path = Carthage/Build/iOS/AEXML.framework; sourceTree = "<group>"; };
/* End PBXFileReference section */

/* Begin PBXFrameworksBuildPhase section */
		59B27E6A1E01E8F5002EE2FE /* Frameworks */ = {
			isa = PBXFrameworksBuildPhase;
			buildActionMask = 2147483647;
			files = (
				595BBCA61E252DAC000477DA /* libz.tbd in Frameworks */,
				5962E8C11E0B28810045D1EF /* GCDWebServers.framework in Frameworks */,
				596397821E09DDD6005A7147 /* ObjectMapper.framework in Frameworks */,
				59B27E9A1E01F0E3002EE2FE /* AEXML.framework in Frameworks */,
			);
			runOnlyForDeploymentPostprocessing = 0;
		};
		59B27E7E1E01E8F5002EE2FE /* Frameworks */ = {
			isa = PBXFrameworksBuildPhase;
			buildActionMask = 2147483647;
			files = (
			);
			runOnlyForDeploymentPostprocessing = 0;
		};
/* End PBXFrameworksBuildPhase section */

/* Begin PBXGroup section */
		59501DAA1E2F8EC400D1B4BF /* Streams */ = {
			isa = PBXGroup;
			children = (
				59501DAB1E2F8EC400D1B4BF /* FileInputStream.swift */,
				59501DAC1E2F8EC400D1B4BF /* Seekable.swift */,
				59501DAD1E2F8EC400D1B4BF /* ZipInputStream.swift */,
			);
			name = Streams;
			path = Sources/Streams;
			sourceTree = SOURCE_ROOT;
		};
		59501DB11E2F8ED800D1B4BF /* ZipArchive */ = {
			isa = PBXGroup;
			children = (
				59501DB21E2F8ED800D1B4BF /* minizip */,
				59501DBB1E2F8ED800D1B4BF /* Zip.h */,
				59501DBC1E2F8ED800D1B4BF /* ZipArchive.swift */,
				59501DBD1E2F8ED800D1B4BF /* ZipError.swift */,
			);
			name = ZipArchive;
			path = Sources/ZipArchive;
			sourceTree = SOURCE_ROOT;
		};
		59501DB21E2F8ED800D1B4BF /* minizip */ = {
			isa = PBXGroup;
			children = (
				59501DB31E2F8ED800D1B4BF /* crypt.h */,
				59501DB41E2F8ED800D1B4BF /* ioapi.c */,
				59501DB51E2F8ED800D1B4BF /* ioapi.h */,
				59501DB61E2F8ED800D1B4BF /* module.modulemap */,
				59501DB71E2F8ED800D1B4BF /* unzip.c */,
				59501DB81E2F8ED800D1B4BF /* unzip.h */,
				59501DB91E2F8ED800D1B4BF /* zip.c */,
				59501DBA1E2F8ED800D1B4BF /* zip.h */,
			);
			path = minizip;
			sourceTree = "<group>";
		};
		5962E8BA1E0ADD530045D1EF /* Fetcher */ = {
			isa = PBXGroup;
			children = (
				5962E8BB1E0ADD6B0045D1EF /* EpubFetcher.swift */,
			);
			name = Fetcher;
			sourceTree = "<group>";
		};
		5962E8BD1E0B1F880045D1EF /* Server */ = {
			isa = PBXGroup;
			children = (
				5962E8BE1E0B1FA90045D1EF /* EpubServer.swift */,
				595CF57D1E2919B5007AEDB8 /* WebServerResourceResponse.swift */,
			);
			name = Server;
			sourceTree = "<group>";
		};
		59B27E641E01E8F5002EE2FE = {
			isa = PBXGroup;
			children = (
				59B27E6F1E01E8F5002EE2FE /* R2Streamer */,
				59B27E841E01E8F5002EE2FE /* R2StreamerTests */,
				59B27E6E1E01E8F5002EE2FE /* Products */,
				59B27E981E01F0E3002EE2FE /* Frameworks */,
			);
			sourceTree = "<group>";
		};
		59B27E6E1E01E8F5002EE2FE /* Products */ = {
			isa = PBXGroup;
			children = (
				59B27E6D1E01E8F5002EE2FE /* R2Streamer.app */,
				59B27E811E01E8F5002EE2FE /* R2StreamerTests.xctest */,
			);
			name = Products;
			sourceTree = "<group>";
		};
		59B27E6F1E01E8F5002EE2FE /* R2Streamer */ = {
			isa = PBXGroup;
			children = (
				59501DB11E2F8ED800D1B4BF /* ZipArchive */,
				59501DAA1E2F8EC400D1B4BF /* Streams */,
				5962E8BD1E0B1F880045D1EF /* Server */,
				5962E8BA1E0ADD530045D1EF /* Fetcher */,
				59B27E901E01EE90002EE2FE /* Model */,
				59B27E931E01EE90002EE2FE /* Parser */,
				59B27E701E01E8F5002EE2FE /* AppDelegate.swift */,
				59B27E721E01E8F5002EE2FE /* SpineItemViewController.swift */,
				595D8EFE1E130BFA00E0B0F7 /* SpineViewController.swift */,
				595D8F001E14541100E0B0F7 /* LibraryViewController.swift */,
				5962E8C21E0B28DB0045D1EF /* R2Streamer-Bridging-Header.h */,
				59B27E741E01E8F5002EE2FE /* Main.storyboard */,
				595D8F021E15A0B900E0B0F7 /* Samples */,
				59B27E771E01E8F5002EE2FE /* Assets.xcassets */,
				59B27E791E01E8F5002EE2FE /* LaunchScreen.storyboard */,
				59B27E7C1E01E8F5002EE2FE /* Info.plist */,
			);
			path = R2Streamer;
			sourceTree = "<group>";
		};
		59B27E841E01E8F5002EE2FE /* R2StreamerTests */ = {
			isa = PBXGroup;
			children = (
				59B27E851E01E8F5002EE2FE /* R2StreamerTests.swift */,
				59B27E871E01E8F5002EE2FE /* Info.plist */,
			);
			path = R2StreamerTests;
			sourceTree = "<group>";
		};
		59B27E901E01EE90002EE2FE /* Model */ = {
			isa = PBXGroup;
			children = (
				59B27E911E01EE90002EE2FE /* Container.swift */,
				59B27E921E01EE90002EE2FE /* Publication.swift */,
			);
			name = Model;
			path = Sources/model;
			sourceTree = SOURCE_ROOT;
		};
		59B27E931E01EE90002EE2FE /* Parser */ = {
			isa = PBXGroup;
			children = (
				59B27E941E01EE90002EE2FE /* EpubParser.swift */,
			);
			name = Parser;
			path = Sources/parser;
			sourceTree = SOURCE_ROOT;
		};
		59B27E981E01F0E3002EE2FE /* Frameworks */ = {
			isa = PBXGroup;
			children = (
				595BBCA51E252DAC000477DA /* libz.tbd */,
				5962E8C01E0B28810045D1EF /* GCDWebServers.framework */,
				596397811E09DDD6005A7147 /* ObjectMapper.framework */,
				59B27E991E01F0E3002EE2FE /* AEXML.framework */,
			);
			name = Frameworks;
			sourceTree = "<group>";
		};
/* End PBXGroup section */

/* Begin PBXNativeTarget section */
		59B27E6C1E01E8F5002EE2FE /* R2Streamer */ = {
			isa = PBXNativeTarget;
			buildConfigurationList = 59B27E8A1E01E8F5002EE2FE /* Build configuration list for PBXNativeTarget "R2Streamer" */;
			buildPhases = (
				59B27E691E01E8F5002EE2FE /* Sources */,
				59B27E6A1E01E8F5002EE2FE /* Frameworks */,
				59B27E6B1E01E8F5002EE2FE /* Resources */,
				59B27E9B1E01F106002EE2FE /* ShellScript */,
			);
			buildRules = (
			);
			dependencies = (
			);
			name = R2Streamer;
			productName = R2Streamer;
			productReference = 59B27E6D1E01E8F5002EE2FE /* R2Streamer.app */;
			productType = "com.apple.product-type.application";
		};
		59B27E801E01E8F5002EE2FE /* R2StreamerTests */ = {
			isa = PBXNativeTarget;
			buildConfigurationList = 59B27E8D1E01E8F5002EE2FE /* Build configuration list for PBXNativeTarget "R2StreamerTests" */;
			buildPhases = (
				59B27E7D1E01E8F5002EE2FE /* Sources */,
				59B27E7E1E01E8F5002EE2FE /* Frameworks */,
				59B27E7F1E01E8F5002EE2FE /* Resources */,
			);
			buildRules = (
			);
			dependencies = (
				59B27E831E01E8F5002EE2FE /* PBXTargetDependency */,
			);
			name = R2StreamerTests;
			productName = R2StreamerTests;
			productReference = 59B27E811E01E8F5002EE2FE /* R2StreamerTests.xctest */;
			productType = "com.apple.product-type.bundle.unit-test";
		};
/* End PBXNativeTarget section */

/* Begin PBXProject section */
		59B27E651E01E8F5002EE2FE /* Project object */ = {
			isa = PBXProject;
			attributes = {
				LastSwiftUpdateCheck = 0810;
				LastUpgradeCheck = 0820;
				ORGANIZATIONNAME = Readium;
				TargetAttributes = {
					59B27E6C1E01E8F5002EE2FE = {
						CreatedOnToolsVersion = 8.1;
						ProvisioningStyle = Automatic;
					};
					59B27E801E01E8F5002EE2FE = {
						CreatedOnToolsVersion = 8.1;
						ProvisioningStyle = Automatic;
						TestTargetID = 59B27E6C1E01E8F5002EE2FE;
					};
				};
			};
			buildConfigurationList = 59B27E681E01E8F5002EE2FE /* Build configuration list for PBXProject "R2Streamer" */;
			compatibilityVersion = "Xcode 3.2";
			developmentRegion = English;
			hasScannedForEncodings = 0;
			knownRegions = (
				en,
				Base,
			);
			mainGroup = 59B27E641E01E8F5002EE2FE;
			productRefGroup = 59B27E6E1E01E8F5002EE2FE /* Products */;
			projectDirPath = "";
			projectRoot = "";
			targets = (
				59B27E6C1E01E8F5002EE2FE /* R2Streamer */,
				59B27E801E01E8F5002EE2FE /* R2StreamerTests */,
			);
		};
/* End PBXProject section */

/* Begin PBXResourcesBuildPhase section */
		59B27E6B1E01E8F5002EE2FE /* Resources */ = {
			isa = PBXResourcesBuildPhase;
			buildActionMask = 2147483647;
			files = (
				59B27E7B1E01E8F5002EE2FE /* LaunchScreen.storyboard in Resources */,
				59B27E781E01E8F5002EE2FE /* Assets.xcassets in Resources */,
				595D8F031E15A0B900E0B0F7 /* Samples in Resources */,
				59B27E761E01E8F5002EE2FE /* Main.storyboard in Resources */,
			);
			runOnlyForDeploymentPostprocessing = 0;
		};
		59B27E7F1E01E8F5002EE2FE /* Resources */ = {
			isa = PBXResourcesBuildPhase;
			buildActionMask = 2147483647;
			files = (
			);
			runOnlyForDeploymentPostprocessing = 0;
		};
/* End PBXResourcesBuildPhase section */

/* Begin PBXShellScriptBuildPhase section */
		59B27E9B1E01F106002EE2FE /* ShellScript */ = {
			isa = PBXShellScriptBuildPhase;
			buildActionMask = 2147483647;
			files = (
			);
			inputPaths = (
				"$(SRCROOT)/Carthage/Build/iOS/AEXML.framework",
				"$(SRCROOT)/Carthage/Build/iOS/ObjectMapper.framework",
				"$(SRCROOT)/Carthage/Build/iOS/GCDWebServers.framework",
			);
			outputPaths = (
			);
			runOnlyForDeploymentPostprocessing = 0;
			shellPath = /bin/sh;
			shellScript = "/usr/local/bin/carthage copy-frameworks";
		};
/* End PBXShellScriptBuildPhase section */

/* Begin PBXSourcesBuildPhase section */
		59B27E691E01E8F5002EE2FE /* Sources */ = {
			isa = PBXSourcesBuildPhase;
			buildActionMask = 2147483647;
			files = (
				59B27E731E01E8F5002EE2FE /* SpineItemViewController.swift in Sources */,
				59501DAF1E2F8EC400D1B4BF /* Seekable.swift in Sources */,
				5962E8BC1E0ADD6B0045D1EF /* EpubFetcher.swift in Sources */,
				595D8F011E14541100E0B0F7 /* LibraryViewController.swift in Sources */,
				59501DBE1E2F8ED800D1B4BF /* ioapi.c in Sources */,
				59501DC01E2F8ED800D1B4BF /* zip.c in Sources */,
				595D8EFF1E130BFA00E0B0F7 /* SpineViewController.swift in Sources */,
				59501DC21E2F8ED800D1B4BF /* ZipError.swift in Sources */,
				59501DAE1E2F8EC400D1B4BF /* FileInputStream.swift in Sources */,
				59B27E971E01EE90002EE2FE /* EpubParser.swift in Sources */,
				59B27E951E01EE90002EE2FE /* Container.swift in Sources */,
				5962E8BF1E0B1FA90045D1EF /* EpubServer.swift in Sources */,
				59501DC11E2F8ED800D1B4BF /* ZipArchive.swift in Sources */,
				59B27E961E01EE90002EE2FE /* Publication.swift in Sources */,
				59B27E711E01E8F5002EE2FE /* AppDelegate.swift in Sources */,
				595CF57E1E2919B5007AEDB8 /* WebServerResourceResponse.swift in Sources */,
				59501DBF1E2F8ED800D1B4BF /* unzip.c in Sources */,
				59501DB01E2F8EC400D1B4BF /* ZipInputStream.swift in Sources */,
			);
			runOnlyForDeploymentPostprocessing = 0;
		};
		59B27E7D1E01E8F5002EE2FE /* Sources */ = {
			isa = PBXSourcesBuildPhase;
			buildActionMask = 2147483647;
			files = (
				59B27E861E01E8F5002EE2FE /* R2StreamerTests.swift in Sources */,
			);
			runOnlyForDeploymentPostprocessing = 0;
		};
/* End PBXSourcesBuildPhase section */

/* Begin PBXTargetDependency section */
		59B27E831E01E8F5002EE2FE /* PBXTargetDependency */ = {
			isa = PBXTargetDependency;
			target = 59B27E6C1E01E8F5002EE2FE /* R2Streamer */;
			targetProxy = 59B27E821E01E8F5002EE2FE /* PBXContainerItemProxy */;
		};
/* End PBXTargetDependency section */

/* Begin PBXVariantGroup section */
		59B27E741E01E8F5002EE2FE /* Main.storyboard */ = {
			isa = PBXVariantGroup;
			children = (
				59B27E751E01E8F5002EE2FE /* Base */,
			);
			name = Main.storyboard;
			sourceTree = "<group>";
		};
		59B27E791E01E8F5002EE2FE /* LaunchScreen.storyboard */ = {
			isa = PBXVariantGroup;
			children = (
				59B27E7A1E01E8F5002EE2FE /* Base */,
			);
			name = LaunchScreen.storyboard;
			sourceTree = "<group>";
		};
/* End PBXVariantGroup section */

/* Begin XCBuildConfiguration section */
		59B27E881E01E8F5002EE2FE /* Debug */ = {
			isa = XCBuildConfiguration;
			buildSettings = {
				ALWAYS_SEARCH_USER_PATHS = NO;
				CLANG_ANALYZER_NONNULL = YES;
				CLANG_CXX_LANGUAGE_STANDARD = "gnu++0x";
				CLANG_CXX_LIBRARY = "libc++";
				CLANG_ENABLE_MODULES = YES;
				CLANG_ENABLE_OBJC_ARC = YES;
				CLANG_WARN_BOOL_CONVERSION = YES;
				CLANG_WARN_CONSTANT_CONVERSION = YES;
				CLANG_WARN_DIRECT_OBJC_ISA_USAGE = YES_ERROR;
				CLANG_WARN_DOCUMENTATION_COMMENTS = YES;
				CLANG_WARN_EMPTY_BODY = YES;
				CLANG_WARN_ENUM_CONVERSION = YES;
				CLANG_WARN_INFINITE_RECURSION = YES;
				CLANG_WARN_INT_CONVERSION = YES;
				CLANG_WARN_OBJC_ROOT_CLASS = YES_ERROR;
				CLANG_WARN_SUSPICIOUS_MOVE = YES;
				CLANG_WARN_SUSPICIOUS_MOVES = YES;
				CLANG_WARN_UNREACHABLE_CODE = YES;
				CLANG_WARN__DUPLICATE_METHOD_MATCH = YES;
				"CODE_SIGN_IDENTITY[sdk=iphoneos*]" = "iPhone Developer";
				COPY_PHASE_STRIP = NO;
				DEBUG_INFORMATION_FORMAT = dwarf;
				ENABLE_STRICT_OBJC_MSGSEND = YES;
				ENABLE_TESTABILITY = YES;
				GCC_C_LANGUAGE_STANDARD = gnu99;
				GCC_DYNAMIC_NO_PIC = NO;
				GCC_NO_COMMON_BLOCKS = YES;
				GCC_OPTIMIZATION_LEVEL = 0;
				GCC_PREPROCESSOR_DEFINITIONS = (
					"DEBUG=1",
					"$(inherited)",
				);
				GCC_WARN_64_TO_32_BIT_CONVERSION = YES;
				GCC_WARN_ABOUT_RETURN_TYPE = YES_ERROR;
				GCC_WARN_UNDECLARED_SELECTOR = YES;
				GCC_WARN_UNINITIALIZED_AUTOS = YES_AGGRESSIVE;
				GCC_WARN_UNUSED_FUNCTION = YES;
				GCC_WARN_UNUSED_VARIABLE = YES;
				IPHONEOS_DEPLOYMENT_TARGET = 8.0;
				MTL_ENABLE_DEBUG_INFO = YES;
				ONLY_ACTIVE_ARCH = YES;
				SDKROOT = iphoneos;
				SWIFT_ACTIVE_COMPILATION_CONDITIONS = DEBUG;
				SWIFT_INCLUDE_PATHS = "$(SRCROOT)/Sources/ZipArchive/minizip/**";
				SWIFT_OPTIMIZATION_LEVEL = "-Onone";
				TARGETED_DEVICE_FAMILY = "1,2";
			};
			name = Debug;
		};
		59B27E891E01E8F5002EE2FE /* Release */ = {
			isa = XCBuildConfiguration;
			buildSettings = {
				ALWAYS_SEARCH_USER_PATHS = NO;
				CLANG_ANALYZER_NONNULL = YES;
				CLANG_CXX_LANGUAGE_STANDARD = "gnu++0x";
				CLANG_CXX_LIBRARY = "libc++";
				CLANG_ENABLE_MODULES = YES;
				CLANG_ENABLE_OBJC_ARC = YES;
				CLANG_WARN_BOOL_CONVERSION = YES;
				CLANG_WARN_CONSTANT_CONVERSION = YES;
				CLANG_WARN_DIRECT_OBJC_ISA_USAGE = YES_ERROR;
				CLANG_WARN_DOCUMENTATION_COMMENTS = YES;
				CLANG_WARN_EMPTY_BODY = YES;
				CLANG_WARN_ENUM_CONVERSION = YES;
				CLANG_WARN_INFINITE_RECURSION = YES;
				CLANG_WARN_INT_CONVERSION = YES;
				CLANG_WARN_OBJC_ROOT_CLASS = YES_ERROR;
				CLANG_WARN_SUSPICIOUS_MOVE = YES;
				CLANG_WARN_SUSPICIOUS_MOVES = YES;
				CLANG_WARN_UNREACHABLE_CODE = YES;
				CLANG_WARN__DUPLICATE_METHOD_MATCH = YES;
				"CODE_SIGN_IDENTITY[sdk=iphoneos*]" = "iPhone Developer";
				COPY_PHASE_STRIP = NO;
				DEBUG_INFORMATION_FORMAT = "dwarf-with-dsym";
				ENABLE_NS_ASSERTIONS = NO;
				ENABLE_STRICT_OBJC_MSGSEND = YES;
				GCC_C_LANGUAGE_STANDARD = gnu99;
				GCC_NO_COMMON_BLOCKS = YES;
				GCC_WARN_64_TO_32_BIT_CONVERSION = YES;
				GCC_WARN_ABOUT_RETURN_TYPE = YES_ERROR;
				GCC_WARN_UNDECLARED_SELECTOR = YES;
				GCC_WARN_UNINITIALIZED_AUTOS = YES_AGGRESSIVE;
				GCC_WARN_UNUSED_FUNCTION = YES;
				GCC_WARN_UNUSED_VARIABLE = YES;
				IPHONEOS_DEPLOYMENT_TARGET = 8.0;
				MTL_ENABLE_DEBUG_INFO = NO;
				SDKROOT = iphoneos;
				SWIFT_INCLUDE_PATHS = "$(SRCROOT)/Sources/ZipArchive/minizip/**";
				SWIFT_OPTIMIZATION_LEVEL = "-Owholemodule";
				TARGETED_DEVICE_FAMILY = "1,2";
				VALIDATE_PRODUCT = YES;
			};
			name = Release;
		};
		59B27E8B1E01E8F5002EE2FE /* Debug */ = {
			isa = XCBuildConfiguration;
			buildSettings = {
				ASSETCATALOG_COMPILER_APPICON_NAME = AppIcon;
				FRAMEWORK_SEARCH_PATHS = (
					"$(inherited)",
					"$(PROJECT_DIR)/Carthage/Build/iOS",
				);
				INFOPLIST_FILE = R2Streamer/Info.plist;
				LD_RUNPATH_SEARCH_PATHS = "$(inherited) @executable_path/Frameworks";
				PRODUCT_BUNDLE_IDENTIFIER = org.readium.R2Streamer;
				PRODUCT_NAME = "$(TARGET_NAME)";
				SWIFT_VERSION = 3.0;
			};
			name = Debug;
		};
		59B27E8C1E01E8F5002EE2FE /* Release */ = {
			isa = XCBuildConfiguration;
			buildSettings = {
				ASSETCATALOG_COMPILER_APPICON_NAME = AppIcon;
				FRAMEWORK_SEARCH_PATHS = (
					"$(inherited)",
					"$(PROJECT_DIR)/Carthage/Build/iOS",
				);
				INFOPLIST_FILE = R2Streamer/Info.plist;
				LD_RUNPATH_SEARCH_PATHS = "$(inherited) @executable_path/Frameworks";
				PRODUCT_BUNDLE_IDENTIFIER = org.readium.R2Streamer;
				PRODUCT_NAME = "$(TARGET_NAME)";
				SWIFT_VERSION = 3.0;
			};
			name = Release;
		};
		59B27E8E1E01E8F5002EE2FE /* Debug */ = {
			isa = XCBuildConfiguration;
			buildSettings = {
				ALWAYS_EMBED_SWIFT_STANDARD_LIBRARIES = YES;
				BUNDLE_LOADER = "$(TEST_HOST)";
				INFOPLIST_FILE = R2StreamerTests/Info.plist;
				LD_RUNPATH_SEARCH_PATHS = "$(inherited) @executable_path/Frameworks @loader_path/Frameworks";
				PRODUCT_BUNDLE_IDENTIFIER = org.readium.R2StreamerTests;
				PRODUCT_NAME = "$(TARGET_NAME)";
				SWIFT_VERSION = 3.0;
				TEST_HOST = "$(BUILT_PRODUCTS_DIR)/R2Streamer.app/R2Streamer";
			};
			name = Debug;
		};
		59B27E8F1E01E8F5002EE2FE /* Release */ = {
			isa = XCBuildConfiguration;
			buildSettings = {
				ALWAYS_EMBED_SWIFT_STANDARD_LIBRARIES = YES;
				BUNDLE_LOADER = "$(TEST_HOST)";
				INFOPLIST_FILE = R2StreamerTests/Info.plist;
				LD_RUNPATH_SEARCH_PATHS = "$(inherited) @executable_path/Frameworks @loader_path/Frameworks";
				PRODUCT_BUNDLE_IDENTIFIER = org.readium.R2StreamerTests;
				PRODUCT_NAME = "$(TARGET_NAME)";
				SWIFT_VERSION = 3.0;
				TEST_HOST = "$(BUILT_PRODUCTS_DIR)/R2Streamer.app/R2Streamer";
			};
			name = Release;
		};
/* End XCBuildConfiguration section */

/* Begin XCConfigurationList section */
		59B27E681E01E8F5002EE2FE /* Build configuration list for PBXProject "R2Streamer" */ = {
			isa = XCConfigurationList;
			buildConfigurations = (
				59B27E881E01E8F5002EE2FE /* Debug */,
				59B27E891E01E8F5002EE2FE /* Release */,
			);
			defaultConfigurationIsVisible = 0;
			defaultConfigurationName = Release;
		};
		59B27E8A1E01E8F5002EE2FE /* Build configuration list for PBXNativeTarget "R2Streamer" */ = {
			isa = XCConfigurationList;
			buildConfigurations = (
				59B27E8B1E01E8F5002EE2FE /* Debug */,
				59B27E8C1E01E8F5002EE2FE /* Release */,
			);
			defaultConfigurationIsVisible = 0;
			defaultConfigurationName = Release;
		};
		59B27E8D1E01E8F5002EE2FE /* Build configuration list for PBXNativeTarget "R2StreamerTests" */ = {
			isa = XCConfigurationList;
			buildConfigurations = (
				59B27E8E1E01E8F5002EE2FE /* Debug */,
				59B27E8F1E01E8F5002EE2FE /* Release */,
			);
			defaultConfigurationIsVisible = 0;
			defaultConfigurationName = Release;
		};
/* End XCConfigurationList section */
	};
	rootObject = 59B27E651E01E8F5002EE2FE /* Project object */;
}
