// !$*UTF8*$!
{
	archiveVersion = 1;
	classes = {
	};
	objectVersion = 46;
	objects = {

/* Begin PBXBuildFile section */
		03D011F2208023360097A87C /* Minizip.framework in Frameworks */ = {isa = PBXBuildFile; fileRef = 03D011F1208023360097A87C /* Minizip.framework */; };
		03EF7652206A5F1A00C3C24E /* R2Shared.framework in Frameworks */ = {isa = PBXBuildFile; fileRef = 03EF7646206A5F1900C3C24E /* R2Shared.framework */; };
		03EF7653206A5F1A00C3C24E /* CryptoSwift.framework in Frameworks */ = {isa = PBXBuildFile; fileRef = 03EF7647206A5F1900C3C24E /* CryptoSwift.framework */; };
		03EF7654206A5F1A00C3C24E /* SQLite.framework in Frameworks */ = {isa = PBXBuildFile; fileRef = 03EF7648206A5F1A00C3C24E /* SQLite.framework */; };
		03EF7655206A5F1A00C3C24E /* ZIPFoundation.framework in Frameworks */ = {isa = PBXBuildFile; fileRef = 03EF7649206A5F1A00C3C24E /* ZIPFoundation.framework */; };
		03EF7656206A5F1A00C3C24E /* ObjectMapper.framework in Frameworks */ = {isa = PBXBuildFile; fileRef = 03EF764A206A5F1A00C3C24E /* ObjectMapper.framework */; };
		03EF7657206A5F1A00C3C24E /* R2Streamer.framework in Frameworks */ = {isa = PBXBuildFile; fileRef = 03EF764B206A5F1A00C3C24E /* R2Streamer.framework */; };
		03EF7658206A5F1A00C3C24E /* SwiftyJSON.framework in Frameworks */ = {isa = PBXBuildFile; fileRef = 03EF764C206A5F1A00C3C24E /* SwiftyJSON.framework */; };
		03EF7659206A5F1A00C3C24E /* AEXML.framework in Frameworks */ = {isa = PBXBuildFile; fileRef = 03EF764D206A5F1A00C3C24E /* AEXML.framework */; };
		03EF765A206A5F1A00C3C24E /* PromiseKit.framework in Frameworks */ = {isa = PBXBuildFile; fileRef = 03EF764E206A5F1A00C3C24E /* PromiseKit.framework */; };
		03EF765B206A5F1A00C3C24E /* Kingfisher.framework in Frameworks */ = {isa = PBXBuildFile; fileRef = 03EF764F206A5F1A00C3C24E /* Kingfisher.framework */; };
		03EF765C206A5F1A00C3C24E /* R2Navigator.framework in Frameworks */ = {isa = PBXBuildFile; fileRef = 03EF7650206A5F1A00C3C24E /* R2Navigator.framework */; };
		03EF765D206A5F1A00C3C24E /* GCDWebServers.framework in Frameworks */ = {isa = PBXBuildFile; fileRef = 03EF7651206A5F1A00C3C24E /* GCDWebServers.framework */; };
		113B12CF20800FD60074A5A2 /* OPDSGroupViewController.swift in Sources */ = {isa = PBXBuildFile; fileRef = 113B12BE20800FD50074A5A2 /* OPDSGroupViewController.swift */; };
		113B12D020800FD60074A5A2 /* ODPSPublicationCellInfoView.xib in Resources */ = {isa = PBXBuildFile; fileRef = 113B12BF20800FD50074A5A2 /* ODPSPublicationCellInfoView.xib */; };
		113B12D120800FD60074A5A2 /* OPDSGroupCollectionViewController.swift in Sources */ = {isa = PBXBuildFile; fileRef = 113B12C020800FD50074A5A2 /* OPDSGroupCollectionViewController.swift */; };
		113B12D220800FD60074A5A2 /* OPDSCatalogSelectorViewController.swift in Sources */ = {isa = PBXBuildFile; fileRef = 113B12C120800FD50074A5A2 /* OPDSCatalogSelectorViewController.swift */; };
		113B12D320800FD60074A5A2 /* OPDSNavigationViewController.swift in Sources */ = {isa = PBXBuildFile; fileRef = 113B12C220800FD50074A5A2 /* OPDSNavigationViewController.swift */; };
		113B12D420800FD60074A5A2 /* OPDSPublicationsViewController.swift in Sources */ = {isa = PBXBuildFile; fileRef = 113B12C320800FD50074A5A2 /* OPDSPublicationsViewController.swift */; };
		113B12D520800FD60074A5A2 /* OPDSPublicationCellSimple.swift in Sources */ = {isa = PBXBuildFile; fileRef = 113B12C420800FD50074A5A2 /* OPDSPublicationCellSimple.swift */; };
		113B12DA20800FD60074A5A2 /* OPDSFacetViewController.swift in Sources */ = {isa = PBXBuildFile; fileRef = 113B12C920800FD50074A5A2 /* OPDSFacetViewController.swift */; };
		113B12DB20800FD60074A5A2 /* OPDSPublicationCellBase.swift in Sources */ = {isa = PBXBuildFile; fileRef = 113B12CA20800FD50074A5A2 /* OPDSPublicationCellBase.swift */; };
		113B12DC20800FD60074A5A2 /* OPDSPublicationCellInfoViewController.swift in Sources */ = {isa = PBXBuildFile; fileRef = 113B12CB20800FD50074A5A2 /* OPDSPublicationCellInfoViewController.swift */; };
		113B12DD20800FD60074A5A2 /* OPDSPublicationInfoViewController.swift in Sources */ = {isa = PBXBuildFile; fileRef = 113B12CC20800FD60074A5A2 /* OPDSPublicationInfoViewController.swift */; };
		113B12DE20800FD60074A5A2 /* OPDSCatalogViewController.swift in Sources */ = {isa = PBXBuildFile; fileRef = 113B12CD20800FD60074A5A2 /* OPDSCatalogViewController.swift */; };
		113B12DF20800FD60074A5A2 /* OPDSPublicationCell.swift in Sources */ = {isa = PBXBuildFile; fileRef = 113B12CE20800FD60074A5A2 /* OPDSPublicationCell.swift */; };
		AE009A04207F5980001D82C5 /* Fuzi.framework in Frameworks */ = {isa = PBXBuildFile; fileRef = AE009A03207F5980001D82C5 /* Fuzi.framework */; };
		AE2B6A872088949300C12072 /* ReadiumOPDS.framework in Frameworks */ = {isa = PBXBuildFile; fileRef = AE2B6A862088949300C12072 /* ReadiumOPDS.framework */; };
		AE2B6A8920889C8700C12072 /* AppMain.storyboard in Resources */ = {isa = PBXBuildFile; fileRef = AE2B6A8820889C8700C12072 /* AppMain.storyboard */; };
		AE37DE432093291600079AA2 /* AboutTableViewController.swift in Sources */ = {isa = PBXBuildFile; fileRef = AE37DE422093291600079AA2 /* AboutTableViewController.swift */; };
		AE48F31E208DD056000B7B44 /* OPDS.storyboard in Resources */ = {isa = PBXBuildFile; fileRef = AE48F31D208DD056000B7B44 /* OPDS.storyboard */; };
		AE48F320208DD3A9000B7B44 /* OPDSRootTableViewController.swift in Sources */ = {isa = PBXBuildFile; fileRef = AE48F31F208DD3A9000B7B44 /* OPDSRootTableViewController.swift */; };
		AE48F322208DE1E4000B7B44 /* OPDSNavigationTableViewCell.swift in Sources */ = {isa = PBXBuildFile; fileRef = AE48F321208DE1E4000B7B44 /* OPDSNavigationTableViewCell.swift */; };
		AE48F324208E0375000B7B44 /* OPDSPublicationTableViewCell.swift in Sources */ = {isa = PBXBuildFile; fileRef = AE48F323208E0375000B7B44 /* OPDSPublicationTableViewCell.swift */; };
		AE48F326208E1BFA000B7B44 /* OPDSPublicationCollectionViewCell.swift in Sources */ = {isa = PBXBuildFile; fileRef = AE48F325208E1BFA000B7B44 /* OPDSPublicationCollectionViewCell.swift */; };
		AE53A074208F623E00737838 /* OPDSGroupTableViewCell.swift in Sources */ = {isa = PBXBuildFile; fileRef = AE53A073208F623E00737838 /* OPDSGroupTableViewCell.swift */; };
		AE53A076208F62D200737838 /* OPDSGroupCollectionViewCell.swift in Sources */ = {isa = PBXBuildFile; fileRef = AE53A075208F62D200737838 /* OPDSGroupCollectionViewCell.swift */; };
		F30AEE7A1FC312EA0073C9FD /* DetailsTableViewController.swift in Sources */ = {isa = PBXBuildFile; fileRef = F30AEE791FC312EA0073C9FD /* DetailsTableViewController.swift */; };
		F30AEE7D1FC316430073C9FD /* Details.storyboard in Resources */ = {isa = PBXBuildFile; fileRef = F30AEE7C1FC316430073C9FD /* Details.storyboard */; };
		F3120DE71FACB08E009ACFAD /* 1.epub in Resources */ = {isa = PBXBuildFile; fileRef = F32980EE1F7D467B00BDEAF4 /* 1.epub */; };
		F3120DE81FACB090009ACFAD /* 2.epub in Resources */ = {isa = PBXBuildFile; fileRef = F32980F11F7D467C00BDEAF4 /* 2.epub */; };
		F3120DE91FACB092009ACFAD /* 3.epub in Resources */ = {isa = PBXBuildFile; fileRef = F32980F31F7D467C00BDEAF4 /* 3.epub */; };
		F3120DEA1FACB094009ACFAD /* 4.epub in Resources */ = {isa = PBXBuildFile; fileRef = F32980F21F7D467C00BDEAF4 /* 4.epub */; };
		F3120DEB1FACB096009ACFAD /* 5.epub in Resources */ = {isa = PBXBuildFile; fileRef = F32980EF1F7D467B00BDEAF4 /* 5.epub */; };
		F3120DEC1FACB098009ACFAD /* 6.epub in Resources */ = {isa = PBXBuildFile; fileRef = F32980F01F7D467B00BDEAF4 /* 6.epub */; };
		F34CB28C1FCC20D4005E3A37 /* DrmManagementTableViewController.swift in Sources */ = {isa = PBXBuildFile; fileRef = F34CB28B1FCC20D4005E3A37 /* DrmManagementTableViewController.swift */; };
		F34CB28F1FCC54A2005E3A37 /* DrmManagement.storyboard in Resources */ = {isa = PBXBuildFile; fileRef = F34CB28E1FCC54A2005E3A37 /* DrmManagement.storyboard */; };
		F36D24DE1F580B8800A00BF1 /* UserSettings.storyboard in Resources */ = {isa = PBXBuildFile; fileRef = F36D24DD1F580B8800A00BF1 /* UserSettings.storyboard */; };
		F37BB198200652F8003DE4A8 /* LCPPassphrasePrompt.storyboard in Resources */ = {isa = PBXBuildFile; fileRef = F37BB197200652F8003DE4A8 /* LCPPassphrasePrompt.storyboard */; };
		F37BB19E2008A81C003DE4A8 /* LcpPassphrasePromptViewController.swift in Sources */ = {isa = PBXBuildFile; fileRef = F37BB19D2008A81C003DE4A8 /* LcpPassphrasePromptViewController.swift */; };
		F3BD53391F72B26700E46FFC /* FontSelectionViewController.swift in Sources */ = {isa = PBXBuildFile; fileRef = F3BD53381F72B26700E46FFC /* FontSelectionViewController.swift */; };
		F3BD533B1F72B27400E46FFC /* AdvancedSettingsViewController.swift in Sources */ = {isa = PBXBuildFile; fileRef = F3BD533A1F72B27400E46FFC /* AdvancedSettingsViewController.swift */; };
		F3DCFFBE1F7CE0610056BA37 /* UserSettingsNavigationController.swift in Sources */ = {isa = PBXBuildFile; fileRef = F3DCFFBD1F7CE0610056BA37 /* UserSettingsNavigationController.swift */; };
		F3E7D43C1F4EF6D400DF166D /* AppDelegate.swift in Sources */ = {isa = PBXBuildFile; fileRef = F3E7D43B1F4EF6D400DF166D /* AppDelegate.swift */; };
		F3E7D4431F4EF6D400DF166D /* Assets.xcassets in Resources */ = {isa = PBXBuildFile; fileRef = F3E7D4421F4EF6D400DF166D /* Assets.xcassets */; };
		F3E7D4461F4EF6D400DF166D /* LaunchScreen.storyboard in Resources */ = {isa = PBXBuildFile; fileRef = F3E7D4441F4EF6D400DF166D /* LaunchScreen.storyboard */; };
		F3E7D4511F4EF6D400DF166D /* r2_testapp_swiftTests.swift in Sources */ = {isa = PBXBuildFile; fileRef = F3E7D4501F4EF6D400DF166D /* r2_testapp_swiftTests.swift */; };
		F3E7D45C1F4EF6D400DF166D /* r2_testapp_swiftUITests.swift in Sources */ = {isa = PBXBuildFile; fileRef = F3E7D45B1F4EF6D400DF166D /* r2_testapp_swiftUITests.swift */; };
		F3E7D4711F4EFEC200DF166D /* LibraryViewController.swift in Sources */ = {isa = PBXBuildFile; fileRef = F3E7D4701F4EFEC200DF166D /* LibraryViewController.swift */; };
		F3E7D4751F4F031B00DF166D /* PublicationCell.swift in Sources */ = {isa = PBXBuildFile; fileRef = F3E7D4741F4F031B00DF166D /* PublicationCell.swift */; };
		F3E7D4771F4F033200DF166D /* CellMenuView.swift in Sources */ = {isa = PBXBuildFile; fileRef = F3E7D4761F4F033200DF166D /* CellMenuView.swift */; };
		F3E7D47C1F4F03B800DF166D /* UIImageExtension.swift in Sources */ = {isa = PBXBuildFile; fileRef = F3E7D47B1F4F03B800DF166D /* UIImageExtension.swift */; };
		F3E7D4801F4F03F500DF166D /* CbzViewController.swift in Sources */ = {isa = PBXBuildFile; fileRef = F3E7D47F1F4F03F500DF166D /* CbzViewController.swift */; };
		F3E7D4821F4F042600DF166D /* EpubViewController.swift in Sources */ = {isa = PBXBuildFile; fileRef = F3E7D4811F4F042600DF166D /* EpubViewController.swift */; };
		F3E7D4861F4F044100DF166D /* BarView.swift in Sources */ = {isa = PBXBuildFile; fileRef = F3E7D4831F4F044100DF166D /* BarView.swift */; };
		F3E7D4871F4F044100DF166D /* TableOfContentsTableViewController.swift in Sources */ = {isa = PBXBuildFile; fileRef = F3E7D4841F4F044100DF166D /* TableOfContentsTableViewController.swift */; };
		F3E7D4881F4F044100DF166D /* UserSettingsTableViewController.swift in Sources */ = {isa = PBXBuildFile; fileRef = F3E7D4851F4F044100DF166D /* UserSettingsTableViewController.swift */; };
		F3E7D48A1F4F049C00DF166D /* SpineItemTableViewController.swift in Sources */ = {isa = PBXBuildFile; fileRef = F3E7D4891F4F049C00DF166D /* SpineItemTableViewController.swift */; };
/* End PBXBuildFile section */

/* Begin PBXContainerItemProxy section */
		F3E7D44D1F4EF6D400DF166D /* PBXContainerItemProxy */ = {
			isa = PBXContainerItemProxy;
			containerPortal = F3E7D4301F4EF6D400DF166D /* Project object */;
			proxyType = 1;
			remoteGlobalIDString = F3E7D4371F4EF6D400DF166D;
			remoteInfo = "r2-testapp-swift";
		};
		F3E7D4581F4EF6D400DF166D /* PBXContainerItemProxy */ = {
			isa = PBXContainerItemProxy;
			containerPortal = F3E7D4301F4EF6D400DF166D /* Project object */;
			proxyType = 1;
			remoteGlobalIDString = F3E7D4371F4EF6D400DF166D;
			remoteInfo = "r2-testapp-swift";
		};
/* End PBXContainerItemProxy section */

/* Begin PBXCopyFilesBuildPhase section */
		F3E7D4C21F4F09A200DF166D /* Embed Frameworks */ = {
			isa = PBXCopyFilesBuildPhase;
			buildActionMask = 2147483647;
			dstPath = "";
			dstSubfolderSpec = 10;
			files = (
			);
			name = "Embed Frameworks";
			runOnlyForDeploymentPostprocessing = 0;
		};
/* End PBXCopyFilesBuildPhase section */

/* Begin PBXFileReference section */
		03D011F1208023360097A87C /* Minizip.framework */ = {isa = PBXFileReference; lastKnownFileType = wrapper.framework; name = Minizip.framework; path = Carthage/Build/iOS/Minizip.framework; sourceTree = "<group>"; };
		03EF7646206A5F1900C3C24E /* R2Shared.framework */ = {isa = PBXFileReference; lastKnownFileType = wrapper.framework; name = R2Shared.framework; path = Carthage/Build/iOS/R2Shared.framework; sourceTree = "<group>"; };
		03EF7647206A5F1900C3C24E /* CryptoSwift.framework */ = {isa = PBXFileReference; lastKnownFileType = wrapper.framework; name = CryptoSwift.framework; path = Carthage/Build/iOS/CryptoSwift.framework; sourceTree = "<group>"; };
		03EF7648206A5F1A00C3C24E /* SQLite.framework */ = {isa = PBXFileReference; lastKnownFileType = wrapper.framework; name = SQLite.framework; path = Carthage/Build/iOS/SQLite.framework; sourceTree = "<group>"; };
		03EF7649206A5F1A00C3C24E /* ZIPFoundation.framework */ = {isa = PBXFileReference; lastKnownFileType = wrapper.framework; name = ZIPFoundation.framework; path = Carthage/Build/iOS/ZIPFoundation.framework; sourceTree = "<group>"; };
		03EF764A206A5F1A00C3C24E /* ObjectMapper.framework */ = {isa = PBXFileReference; lastKnownFileType = wrapper.framework; name = ObjectMapper.framework; path = Carthage/Build/iOS/ObjectMapper.framework; sourceTree = "<group>"; };
		03EF764B206A5F1A00C3C24E /* R2Streamer.framework */ = {isa = PBXFileReference; lastKnownFileType = wrapper.framework; name = R2Streamer.framework; path = Carthage/Build/iOS/R2Streamer.framework; sourceTree = "<group>"; };
		03EF764C206A5F1A00C3C24E /* SwiftyJSON.framework */ = {isa = PBXFileReference; lastKnownFileType = wrapper.framework; name = SwiftyJSON.framework; path = Carthage/Build/iOS/SwiftyJSON.framework; sourceTree = "<group>"; };
		03EF764D206A5F1A00C3C24E /* AEXML.framework */ = {isa = PBXFileReference; lastKnownFileType = wrapper.framework; name = AEXML.framework; path = Carthage/Build/iOS/AEXML.framework; sourceTree = "<group>"; };
		03EF764E206A5F1A00C3C24E /* PromiseKit.framework */ = {isa = PBXFileReference; lastKnownFileType = wrapper.framework; name = PromiseKit.framework; path = Carthage/Build/iOS/PromiseKit.framework; sourceTree = "<group>"; };
		03EF764F206A5F1A00C3C24E /* Kingfisher.framework */ = {isa = PBXFileReference; lastKnownFileType = wrapper.framework; name = Kingfisher.framework; path = Carthage/Build/iOS/Kingfisher.framework; sourceTree = "<group>"; };
		03EF7650206A5F1A00C3C24E /* R2Navigator.framework */ = {isa = PBXFileReference; lastKnownFileType = wrapper.framework; name = R2Navigator.framework; path = Carthage/Build/iOS/R2Navigator.framework; sourceTree = "<group>"; };
		03EF7651206A5F1A00C3C24E /* GCDWebServers.framework */ = {isa = PBXFileReference; lastKnownFileType = wrapper.framework; name = GCDWebServers.framework; path = Carthage/Build/iOS/GCDWebServers.framework; sourceTree = "<group>"; };
		113B12BE20800FD50074A5A2 /* OPDSGroupViewController.swift */ = {isa = PBXFileReference; fileEncoding = 4; lastKnownFileType = sourcecode.swift; path = OPDSGroupViewController.swift; sourceTree = "<group>"; };
		113B12BF20800FD50074A5A2 /* ODPSPublicationCellInfoView.xib */ = {isa = PBXFileReference; fileEncoding = 4; lastKnownFileType = file.xib; path = ODPSPublicationCellInfoView.xib; sourceTree = "<group>"; };
		113B12C020800FD50074A5A2 /* OPDSGroupCollectionViewController.swift */ = {isa = PBXFileReference; fileEncoding = 4; lastKnownFileType = sourcecode.swift; path = OPDSGroupCollectionViewController.swift; sourceTree = "<group>"; };
		113B12C120800FD50074A5A2 /* OPDSCatalogSelectorViewController.swift */ = {isa = PBXFileReference; fileEncoding = 4; lastKnownFileType = sourcecode.swift; path = OPDSCatalogSelectorViewController.swift; sourceTree = "<group>"; };
		113B12C220800FD50074A5A2 /* OPDSNavigationViewController.swift */ = {isa = PBXFileReference; fileEncoding = 4; lastKnownFileType = sourcecode.swift; path = OPDSNavigationViewController.swift; sourceTree = "<group>"; };
		113B12C320800FD50074A5A2 /* OPDSPublicationsViewController.swift */ = {isa = PBXFileReference; fileEncoding = 4; lastKnownFileType = sourcecode.swift; path = OPDSPublicationsViewController.swift; sourceTree = "<group>"; };
		113B12C420800FD50074A5A2 /* OPDSPublicationCellSimple.swift */ = {isa = PBXFileReference; fileEncoding = 4; lastKnownFileType = sourcecode.swift; path = OPDSPublicationCellSimple.swift; sourceTree = "<group>"; };
		113B12C920800FD50074A5A2 /* OPDSFacetViewController.swift */ = {isa = PBXFileReference; fileEncoding = 4; lastKnownFileType = sourcecode.swift; path = OPDSFacetViewController.swift; sourceTree = "<group>"; };
		113B12CA20800FD50074A5A2 /* OPDSPublicationCellBase.swift */ = {isa = PBXFileReference; fileEncoding = 4; lastKnownFileType = sourcecode.swift; path = OPDSPublicationCellBase.swift; sourceTree = "<group>"; };
		113B12CB20800FD50074A5A2 /* OPDSPublicationCellInfoViewController.swift */ = {isa = PBXFileReference; fileEncoding = 4; lastKnownFileType = sourcecode.swift; path = OPDSPublicationCellInfoViewController.swift; sourceTree = "<group>"; };
		113B12CC20800FD60074A5A2 /* OPDSPublicationInfoViewController.swift */ = {isa = PBXFileReference; fileEncoding = 4; lastKnownFileType = sourcecode.swift; path = OPDSPublicationInfoViewController.swift; sourceTree = "<group>"; };
		113B12CD20800FD60074A5A2 /* OPDSCatalogViewController.swift */ = {isa = PBXFileReference; fileEncoding = 4; lastKnownFileType = sourcecode.swift; path = OPDSCatalogViewController.swift; sourceTree = "<group>"; };
		113B12CE20800FD60074A5A2 /* OPDSPublicationCell.swift */ = {isa = PBXFileReference; fileEncoding = 4; lastKnownFileType = sourcecode.swift; path = OPDSPublicationCell.swift; sourceTree = "<group>"; };
		AE009A03207F5980001D82C5 /* Fuzi.framework */ = {isa = PBXFileReference; lastKnownFileType = wrapper.framework; name = Fuzi.framework; path = Carthage/Build/iOS/Fuzi.framework; sourceTree = "<group>"; };
		AE2B6A862088949300C12072 /* ReadiumOPDS.framework */ = {isa = PBXFileReference; lastKnownFileType = wrapper.framework; name = ReadiumOPDS.framework; path = Carthage/Build/iOS/ReadiumOPDS.framework; sourceTree = "<group>"; };
		AE2B6A8820889C8700C12072 /* AppMain.storyboard */ = {isa = PBXFileReference; lastKnownFileType = file.storyboard; path = AppMain.storyboard; sourceTree = "<group>"; };
		AE37DE422093291600079AA2 /* AboutTableViewController.swift */ = {isa = PBXFileReference; lastKnownFileType = sourcecode.swift; path = AboutTableViewController.swift; sourceTree = "<group>"; };
		AE48F31D208DD056000B7B44 /* OPDS.storyboard */ = {isa = PBXFileReference; lastKnownFileType = file.storyboard; path = OPDS.storyboard; sourceTree = "<group>"; };
		AE48F31F208DD3A9000B7B44 /* OPDSRootTableViewController.swift */ = {isa = PBXFileReference; lastKnownFileType = sourcecode.swift; path = OPDSRootTableViewController.swift; sourceTree = "<group>"; };
		AE48F321208DE1E4000B7B44 /* OPDSNavigationTableViewCell.swift */ = {isa = PBXFileReference; lastKnownFileType = sourcecode.swift; path = OPDSNavigationTableViewCell.swift; sourceTree = "<group>"; };
		AE48F323208E0375000B7B44 /* OPDSPublicationTableViewCell.swift */ = {isa = PBXFileReference; lastKnownFileType = sourcecode.swift; path = OPDSPublicationTableViewCell.swift; sourceTree = "<group>"; };
		AE48F325208E1BFA000B7B44 /* OPDSPublicationCollectionViewCell.swift */ = {isa = PBXFileReference; lastKnownFileType = sourcecode.swift; path = OPDSPublicationCollectionViewCell.swift; sourceTree = "<group>"; };
		AE53A073208F623E00737838 /* OPDSGroupTableViewCell.swift */ = {isa = PBXFileReference; lastKnownFileType = sourcecode.swift; path = OPDSGroupTableViewCell.swift; sourceTree = "<group>"; };
		AE53A075208F62D200737838 /* OPDSGroupCollectionViewCell.swift */ = {isa = PBXFileReference; lastKnownFileType = sourcecode.swift; path = OPDSGroupCollectionViewCell.swift; sourceTree = "<group>"; };
		F30AEE791FC312EA0073C9FD /* DetailsTableViewController.swift */ = {isa = PBXFileReference; lastKnownFileType = sourcecode.swift; path = DetailsTableViewController.swift; sourceTree = "<group>"; };
		F30AEE7C1FC316430073C9FD /* Details.storyboard */ = {isa = PBXFileReference; lastKnownFileType = file.storyboard; path = Details.storyboard; sourceTree = "<group>"; };
		F32980EE1F7D467B00BDEAF4 /* 1.epub */ = {isa = PBXFileReference; lastKnownFileType = file; path = 1.epub; sourceTree = "<group>"; };
		F32980EF1F7D467B00BDEAF4 /* 5.epub */ = {isa = PBXFileReference; lastKnownFileType = file; path = 5.epub; sourceTree = "<group>"; };
		F32980F01F7D467B00BDEAF4 /* 6.epub */ = {isa = PBXFileReference; lastKnownFileType = file; path = 6.epub; sourceTree = "<group>"; };
		F32980F11F7D467C00BDEAF4 /* 2.epub */ = {isa = PBXFileReference; lastKnownFileType = file; path = 2.epub; sourceTree = "<group>"; };
		F32980F21F7D467C00BDEAF4 /* 4.epub */ = {isa = PBXFileReference; lastKnownFileType = file; path = 4.epub; sourceTree = "<group>"; };
		F32980F31F7D467C00BDEAF4 /* 3.epub */ = {isa = PBXFileReference; lastKnownFileType = file; path = 3.epub; sourceTree = "<group>"; };
		F34CB28B1FCC20D4005E3A37 /* DrmManagementTableViewController.swift */ = {isa = PBXFileReference; lastKnownFileType = sourcecode.swift; path = DrmManagementTableViewController.swift; sourceTree = "<group>"; };
		F34CB28E1FCC54A2005E3A37 /* DrmManagement.storyboard */ = {isa = PBXFileReference; lastKnownFileType = file.storyboard; path = DrmManagement.storyboard; sourceTree = "<group>"; };
		F36D24DD1F580B8800A00BF1 /* UserSettings.storyboard */ = {isa = PBXFileReference; fileEncoding = 4; lastKnownFileType = file.storyboard; path = UserSettings.storyboard; sourceTree = "<group>"; };
		F37BB197200652F8003DE4A8 /* LCPPassphrasePrompt.storyboard */ = {isa = PBXFileReference; lastKnownFileType = file.storyboard; path = LCPPassphrasePrompt.storyboard; sourceTree = "<group>"; };
		F37BB19D2008A81C003DE4A8 /* LcpPassphrasePromptViewController.swift */ = {isa = PBXFileReference; fileEncoding = 4; lastKnownFileType = sourcecode.swift; path = LcpPassphrasePromptViewController.swift; sourceTree = "<group>"; };
		F3BD53381F72B26700E46FFC /* FontSelectionViewController.swift */ = {isa = PBXFileReference; fileEncoding = 4; lastKnownFileType = sourcecode.swift; path = FontSelectionViewController.swift; sourceTree = "<group>"; };
		F3BD533A1F72B27400E46FFC /* AdvancedSettingsViewController.swift */ = {isa = PBXFileReference; fileEncoding = 4; lastKnownFileType = sourcecode.swift; path = AdvancedSettingsViewController.swift; sourceTree = "<group>"; };
		F3DCFFBD1F7CE0610056BA37 /* UserSettingsNavigationController.swift */ = {isa = PBXFileReference; lastKnownFileType = sourcecode.swift; path = UserSettingsNavigationController.swift; sourceTree = "<group>"; };
		F3E7D4381F4EF6D400DF166D /* r2-testapp-swift.app */ = {isa = PBXFileReference; explicitFileType = wrapper.application; includeInIndex = 0; path = "r2-testapp-swift.app"; sourceTree = BUILT_PRODUCTS_DIR; };
		F3E7D43B1F4EF6D400DF166D /* AppDelegate.swift */ = {isa = PBXFileReference; lastKnownFileType = sourcecode.swift; path = AppDelegate.swift; sourceTree = "<group>"; };
		F3E7D4421F4EF6D400DF166D /* Assets.xcassets */ = {isa = PBXFileReference; lastKnownFileType = folder.assetcatalog; path = Assets.xcassets; sourceTree = "<group>"; };
		F3E7D4451F4EF6D400DF166D /* Base */ = {isa = PBXFileReference; lastKnownFileType = file.storyboard; name = Base; path = Base.lproj/LaunchScreen.storyboard; sourceTree = "<group>"; };
		F3E7D4471F4EF6D400DF166D /* Info.plist */ = {isa = PBXFileReference; lastKnownFileType = text.plist.xml; path = Info.plist; sourceTree = "<group>"; };
		F3E7D44C1F4EF6D400DF166D /* r2-testapp-swiftTests.xctest */ = {isa = PBXFileReference; explicitFileType = wrapper.cfbundle; includeInIndex = 0; path = "r2-testapp-swiftTests.xctest"; sourceTree = BUILT_PRODUCTS_DIR; };
		F3E7D4501F4EF6D400DF166D /* r2_testapp_swiftTests.swift */ = {isa = PBXFileReference; lastKnownFileType = sourcecode.swift; path = r2_testapp_swiftTests.swift; sourceTree = "<group>"; };
		F3E7D4521F4EF6D400DF166D /* Info.plist */ = {isa = PBXFileReference; lastKnownFileType = text.plist.xml; path = Info.plist; sourceTree = "<group>"; };
		F3E7D4571F4EF6D400DF166D /* r2-testapp-swiftUITests.xctest */ = {isa = PBXFileReference; explicitFileType = wrapper.cfbundle; includeInIndex = 0; path = "r2-testapp-swiftUITests.xctest"; sourceTree = BUILT_PRODUCTS_DIR; };
		F3E7D45B1F4EF6D400DF166D /* r2_testapp_swiftUITests.swift */ = {isa = PBXFileReference; lastKnownFileType = sourcecode.swift; path = r2_testapp_swiftUITests.swift; sourceTree = "<group>"; };
		F3E7D45D1F4EF6D400DF166D /* Info.plist */ = {isa = PBXFileReference; lastKnownFileType = text.plist.xml; path = Info.plist; sourceTree = "<group>"; };
		F3E7D4701F4EFEC200DF166D /* LibraryViewController.swift */ = {isa = PBXFileReference; fileEncoding = 4; lastKnownFileType = sourcecode.swift; path = LibraryViewController.swift; sourceTree = "<group>"; };
		F3E7D4741F4F031B00DF166D /* PublicationCell.swift */ = {isa = PBXFileReference; fileEncoding = 4; lastKnownFileType = sourcecode.swift; path = PublicationCell.swift; sourceTree = "<group>"; };
		F3E7D4761F4F033200DF166D /* CellMenuView.swift */ = {isa = PBXFileReference; fileEncoding = 4; lastKnownFileType = sourcecode.swift; path = CellMenuView.swift; sourceTree = "<group>"; };
		F3E7D47B1F4F03B800DF166D /* UIImageExtension.swift */ = {isa = PBXFileReference; fileEncoding = 4; lastKnownFileType = sourcecode.swift; path = UIImageExtension.swift; sourceTree = "<group>"; };
		F3E7D47F1F4F03F500DF166D /* CbzViewController.swift */ = {isa = PBXFileReference; fileEncoding = 4; lastKnownFileType = sourcecode.swift; path = CbzViewController.swift; sourceTree = "<group>"; };
		F3E7D4811F4F042600DF166D /* EpubViewController.swift */ = {isa = PBXFileReference; fileEncoding = 4; lastKnownFileType = sourcecode.swift; path = EpubViewController.swift; sourceTree = "<group>"; };
		F3E7D4831F4F044100DF166D /* BarView.swift */ = {isa = PBXFileReference; fileEncoding = 4; lastKnownFileType = sourcecode.swift; path = BarView.swift; sourceTree = "<group>"; };
		F3E7D4841F4F044100DF166D /* TableOfContentsTableViewController.swift */ = {isa = PBXFileReference; fileEncoding = 4; lastKnownFileType = sourcecode.swift; path = TableOfContentsTableViewController.swift; sourceTree = "<group>"; };
		F3E7D4851F4F044100DF166D /* UserSettingsTableViewController.swift */ = {isa = PBXFileReference; fileEncoding = 4; lastKnownFileType = sourcecode.swift; path = UserSettingsTableViewController.swift; sourceTree = "<group>"; };
		F3E7D4891F4F049C00DF166D /* SpineItemTableViewController.swift */ = {isa = PBXFileReference; fileEncoding = 4; lastKnownFileType = sourcecode.swift; path = SpineItemTableViewController.swift; sourceTree = "<group>"; };
/* End PBXFileReference section */

/* Begin PBXFrameworksBuildPhase section */
		F3E7D4351F4EF6D400DF166D /* Frameworks */ = {
			isa = PBXFrameworksBuildPhase;
			buildActionMask = 2147483647;
			files = (
				AE2B6A872088949300C12072 /* ReadiumOPDS.framework in Frameworks */,
				AE009A04207F5980001D82C5 /* Fuzi.framework in Frameworks */,
				03EF7652206A5F1A00C3C24E /* R2Shared.framework in Frameworks */,
				03EF7653206A5F1A00C3C24E /* CryptoSwift.framework in Frameworks */,
				03EF7654206A5F1A00C3C24E /* SQLite.framework in Frameworks */,
				03EF7655206A5F1A00C3C24E /* ZIPFoundation.framework in Frameworks */,
				03EF7656206A5F1A00C3C24E /* ObjectMapper.framework in Frameworks */,
				03EF7657206A5F1A00C3C24E /* R2Streamer.framework in Frameworks */,
				03EF7658206A5F1A00C3C24E /* SwiftyJSON.framework in Frameworks */,
				03D011F2208023360097A87C /* Minizip.framework in Frameworks */,
				03EF7659206A5F1A00C3C24E /* AEXML.framework in Frameworks */,
				03EF765A206A5F1A00C3C24E /* PromiseKit.framework in Frameworks */,
				03EF765B206A5F1A00C3C24E /* Kingfisher.framework in Frameworks */,
				03EF765C206A5F1A00C3C24E /* R2Navigator.framework in Frameworks */,
				03EF765D206A5F1A00C3C24E /* GCDWebServers.framework in Frameworks */,
			);
			runOnlyForDeploymentPostprocessing = 0;
		};
		F3E7D4491F4EF6D400DF166D /* Frameworks */ = {
			isa = PBXFrameworksBuildPhase;
			buildActionMask = 2147483647;
			files = (
			);
			runOnlyForDeploymentPostprocessing = 0;
		};
		F3E7D4541F4EF6D400DF166D /* Frameworks */ = {
			isa = PBXFrameworksBuildPhase;
			buildActionMask = 2147483647;
			files = (
			);
			runOnlyForDeploymentPostprocessing = 0;
		};
/* End PBXFrameworksBuildPhase section */

/* Begin PBXGroup section */
		113B12BD20800FC10074A5A2 /* OPDS */ = {
			isa = PBXGroup;
			children = (
				AE48F31F208DD3A9000B7B44 /* OPDSRootTableViewController.swift */,
				AE48F321208DE1E4000B7B44 /* OPDSNavigationTableViewCell.swift */,
				AE53A073208F623E00737838 /* OPDSGroupTableViewCell.swift */,
				AE53A075208F62D200737838 /* OPDSGroupCollectionViewCell.swift */,
				AE48F323208E0375000B7B44 /* OPDSPublicationTableViewCell.swift */,
				AE48F325208E1BFA000B7B44 /* OPDSPublicationCollectionViewCell.swift */,
				113B12CC20800FD60074A5A2 /* OPDSPublicationInfoViewController.swift */,
				113B12C920800FD50074A5A2 /* OPDSFacetViewController.swift */,
				AE48F31D208DD056000B7B44 /* OPDS.storyboard */,
				113B12BF20800FD50074A5A2 /* ODPSPublicationCellInfoView.xib */,
				113B12C120800FD50074A5A2 /* OPDSCatalogSelectorViewController.swift */,
				113B12CD20800FD60074A5A2 /* OPDSCatalogViewController.swift */,
				113B12C020800FD50074A5A2 /* OPDSGroupCollectionViewController.swift */,
				113B12BE20800FD50074A5A2 /* OPDSGroupViewController.swift */,
				113B12C220800FD50074A5A2 /* OPDSNavigationViewController.swift */,
				113B12CE20800FD60074A5A2 /* OPDSPublicationCell.swift */,
				113B12CA20800FD50074A5A2 /* OPDSPublicationCellBase.swift */,
				113B12CB20800FD50074A5A2 /* OPDSPublicationCellInfoViewController.swift */,
				113B12C420800FD50074A5A2 /* OPDSPublicationCellSimple.swift */,
				113B12C320800FD50074A5A2 /* OPDSPublicationsViewController.swift */,
			);
			name = OPDS;
			sourceTree = "<group>";
		};
		F32980ED1F7D464900BDEAF4 /* Samples */ = {
			isa = PBXGroup;
			children = (
				F32980EE1F7D467B00BDEAF4 /* 1.epub */,
				F32980F11F7D467C00BDEAF4 /* 2.epub */,
				F32980F31F7D467C00BDEAF4 /* 3.epub */,
				F32980F21F7D467C00BDEAF4 /* 4.epub */,
				F32980EF1F7D467B00BDEAF4 /* 5.epub */,
				F32980F01F7D467B00BDEAF4 /* 6.epub */,
			);
			path = Samples;
			sourceTree = "<group>";
		};
		F3DCFFBC1F7CE0140056BA37 /* UserSettings */ = {
			isa = PBXGroup;
			children = (
				F3DCFFBD1F7CE0610056BA37 /* UserSettingsNavigationController.swift */,
				F3E7D4851F4F044100DF166D /* UserSettingsTableViewController.swift */,
				F3BD53381F72B26700E46FFC /* FontSelectionViewController.swift */,
				F3BD533A1F72B27400E46FFC /* AdvancedSettingsViewController.swift */,
			);
			name = UserSettings;
			sourceTree = "<group>";
		};
		F3E7D42F1F4EF6D400DF166D = {
			isa = PBXGroup;
			children = (
				F3E7D43A1F4EF6D400DF166D /* r2-testapp-swift */,
				F3E7D44F1F4EF6D400DF166D /* r2-testapp-swiftTests */,
				F3E7D45A1F4EF6D400DF166D /* r2-testapp-swiftUITests */,
				F3E7D4391F4EF6D400DF166D /* Products */,
				F3E7D4691F4EFE8700DF166D /* Frameworks */,
			);
			sourceTree = "<group>";
		};
		F3E7D4391F4EF6D400DF166D /* Products */ = {
			isa = PBXGroup;
			children = (
				F3E7D4381F4EF6D400DF166D /* r2-testapp-swift.app */,
				F3E7D44C1F4EF6D400DF166D /* r2-testapp-swiftTests.xctest */,
				F3E7D4571F4EF6D400DF166D /* r2-testapp-swiftUITests.xctest */,
			);
			name = Products;
			sourceTree = "<group>";
		};
		F3E7D43A1F4EF6D400DF166D /* r2-testapp-swift */ = {
			isa = PBXGroup;
			children = (
				F32980ED1F7D464900BDEAF4 /* Samples */,
				F3E7D4421F4EF6D400DF166D /* Assets.xcassets */,
				F3E7D4441F4EF6D400DF166D /* LaunchScreen.storyboard */,
				AE2B6A8820889C8700C12072 /* AppMain.storyboard */,
				F3E7D4471F4EF6D400DF166D /* Info.plist */,
				F3E7D43B1F4EF6D400DF166D /* AppDelegate.swift */,
				F37BB197200652F8003DE4A8 /* LCPPassphrasePrompt.storyboard */,
				F37BB19D2008A81C003DE4A8 /* LcpPassphrasePromptViewController.swift */,
				F3E7D47B1F4F03B800DF166D /* UIImageExtension.swift */,
				AE37DE422093291600079AA2 /* AboutTableViewController.swift */,
				F3E7D4731F4F030300DF166D /* Library */,
				F3E7D47A1F4F037D00DF166D /* Viewers */,
			);
			path = "r2-testapp-swift";
			sourceTree = "<group>";
		};
		F3E7D44F1F4EF6D400DF166D /* r2-testapp-swiftTests */ = {
			isa = PBXGroup;
			children = (
				F3E7D4501F4EF6D400DF166D /* r2_testapp_swiftTests.swift */,
				F3E7D4521F4EF6D400DF166D /* Info.plist */,
			);
			path = "r2-testapp-swiftTests";
			sourceTree = "<group>";
		};
		F3E7D45A1F4EF6D400DF166D /* r2-testapp-swiftUITests */ = {
			isa = PBXGroup;
			children = (
				F3E7D45B1F4EF6D400DF166D /* r2_testapp_swiftUITests.swift */,
				F3E7D45D1F4EF6D400DF166D /* Info.plist */,
			);
			path = "r2-testapp-swiftUITests";
			sourceTree = "<group>";
		};
		F3E7D4691F4EFE8700DF166D /* Frameworks */ = {
			isa = PBXGroup;
			children = (
				AE2B6A862088949300C12072 /* ReadiumOPDS.framework */,
				AE009A03207F5980001D82C5 /* Fuzi.framework */,
				03D011F1208023360097A87C /* Minizip.framework */,
				03EF764D206A5F1A00C3C24E /* AEXML.framework */,
				03EF7647206A5F1900C3C24E /* CryptoSwift.framework */,
				03EF7651206A5F1A00C3C24E /* GCDWebServers.framework */,
				03EF764F206A5F1A00C3C24E /* Kingfisher.framework */,
				03EF764A206A5F1A00C3C24E /* ObjectMapper.framework */,
				03EF764E206A5F1A00C3C24E /* PromiseKit.framework */,
				03EF7650206A5F1A00C3C24E /* R2Navigator.framework */,
				03EF7646206A5F1900C3C24E /* R2Shared.framework */,
				03EF764B206A5F1A00C3C24E /* R2Streamer.framework */,
				03EF7648206A5F1A00C3C24E /* SQLite.framework */,
				03EF764C206A5F1A00C3C24E /* SwiftyJSON.framework */,
				03EF7649206A5F1A00C3C24E /* ZIPFoundation.framework */,
			);
			name = Frameworks;
			sourceTree = "<group>";
		};
		F3E7D4721F4F02FB00DF166D /* PublicationCell */ = {
			isa = PBXGroup;
			children = (
				F3E7D4741F4F031B00DF166D /* PublicationCell.swift */,
				F3E7D4761F4F033200DF166D /* CellMenuView.swift */,
			);
			name = PublicationCell;
			sourceTree = "<group>";
		};
		F3E7D4731F4F030300DF166D /* Library */ = {
			isa = PBXGroup;
			children = (
				113B12BD20800FC10074A5A2 /* OPDS */,
				F3E7D4701F4EFEC200DF166D /* LibraryViewController.swift */,
				F3E7D4721F4F02FB00DF166D /* PublicationCell */,
				F30AEE791FC312EA0073C9FD /* DetailsTableViewController.swift */,
				F30AEE7C1FC316430073C9FD /* Details.storyboard */,
			);
			name = Library;
			sourceTree = "<group>";
		};
		F3E7D47A1F4F037D00DF166D /* Viewers */ = {
			isa = PBXGroup;
			children = (
				F3E7D47E1F4F03E500DF166D /* EPUB */,
				F3E7D47D1F4F03E000DF166D /* CBZ */,
			);
			name = Viewers;
			sourceTree = "<group>";
		};
		F3E7D47D1F4F03E000DF166D /* CBZ */ = {
			isa = PBXGroup;
			children = (
				F3E7D47F1F4F03F500DF166D /* CbzViewController.swift */,
				F3E7D4891F4F049C00DF166D /* SpineItemTableViewController.swift */,
			);
			name = CBZ;
			sourceTree = "<group>";
		};
		F3E7D47E1F4F03E500DF166D /* EPUB */ = {
			isa = PBXGroup;
			children = (
				F3E7D4811F4F042600DF166D /* EpubViewController.swift */,
				F34CB28B1FCC20D4005E3A37 /* DrmManagementTableViewController.swift */,
				F34CB28E1FCC54A2005E3A37 /* DrmManagement.storyboard */,
				F3DCFFBC1F7CE0140056BA37 /* UserSettings */,
				F3E7D4841F4F044100DF166D /* TableOfContentsTableViewController.swift */,
				F3E7D4831F4F044100DF166D /* BarView.swift */,
				F36D24DD1F580B8800A00BF1 /* UserSettings.storyboard */,
			);
			name = EPUB;
			sourceTree = "<group>";
		};
/* End PBXGroup section */

/* Begin PBXNativeTarget section */
		F3E7D4371F4EF6D400DF166D /* r2-testapp-swift */ = {
			isa = PBXNativeTarget;
			buildConfigurationList = F3E7D4601F4EF6D400DF166D /* Build configuration list for PBXNativeTarget "r2-testapp-swift" */;
			buildPhases = (
				F3E7D4341F4EF6D400DF166D /* Sources */,
				F3E7D4351F4EF6D400DF166D /* Frameworks */,
				F3E7D4361F4EF6D400DF166D /* Resources */,
				F3E7D4C21F4F09A200DF166D /* Embed Frameworks */,
				03EF765E206A5F2B00C3C24E /* Carthage Run Script */,
				F36D24E01F59A55F00A00BF1 /* ShellScript */,
			);
			buildRules = (
			);
			dependencies = (
			);
			name = "r2-testapp-swift";
			productName = "r2-testapp-swift";
			productReference = F3E7D4381F4EF6D400DF166D /* r2-testapp-swift.app */;
			productType = "com.apple.product-type.application";
		};
		F3E7D44B1F4EF6D400DF166D /* r2-testapp-swiftTests */ = {
			isa = PBXNativeTarget;
			buildConfigurationList = F3E7D4631F4EF6D400DF166D /* Build configuration list for PBXNativeTarget "r2-testapp-swiftTests" */;
			buildPhases = (
				F3E7D4481F4EF6D400DF166D /* Sources */,
				F3E7D4491F4EF6D400DF166D /* Frameworks */,
				F3E7D44A1F4EF6D400DF166D /* Resources */,
			);
			buildRules = (
			);
			dependencies = (
				F3E7D44E1F4EF6D400DF166D /* PBXTargetDependency */,
			);
			name = "r2-testapp-swiftTests";
			productName = "r2-testapp-swiftTests";
			productReference = F3E7D44C1F4EF6D400DF166D /* r2-testapp-swiftTests.xctest */;
			productType = "com.apple.product-type.bundle.unit-test";
		};
		F3E7D4561F4EF6D400DF166D /* r2-testapp-swiftUITests */ = {
			isa = PBXNativeTarget;
			buildConfigurationList = F3E7D4661F4EF6D400DF166D /* Build configuration list for PBXNativeTarget "r2-testapp-swiftUITests" */;
			buildPhases = (
				F3E7D4531F4EF6D400DF166D /* Sources */,
				F3E7D4541F4EF6D400DF166D /* Frameworks */,
				F3E7D4551F4EF6D400DF166D /* Resources */,
			);
			buildRules = (
			);
			dependencies = (
				F3E7D4591F4EF6D400DF166D /* PBXTargetDependency */,
			);
			name = "r2-testapp-swiftUITests";
			productName = "r2-testapp-swiftUITests";
			productReference = F3E7D4571F4EF6D400DF166D /* r2-testapp-swiftUITests.xctest */;
			productType = "com.apple.product-type.bundle.ui-testing";
		};
/* End PBXNativeTarget section */

/* Begin PBXProject section */
		F3E7D4301F4EF6D400DF166D /* Project object */ = {
			isa = PBXProject;
			attributes = {
				LastSwiftUpdateCheck = 0830;
				LastUpgradeCheck = 0900;
				ORGANIZATIONNAME = Readium;
				TargetAttributes = {
					F3E7D4371F4EF6D400DF166D = {
						CreatedOnToolsVersion = 8.3.3;
						DevelopmentTeam = 327YA3JNGT;
						ProvisioningStyle = Automatic;
					};
					F3E7D44B1F4EF6D400DF166D = {
						CreatedOnToolsVersion = 8.3.3;
						DevelopmentTeam = 327YA3JNGT;
						ProvisioningStyle = Automatic;
						TestTargetID = F3E7D4371F4EF6D400DF166D;
					};
					F3E7D4561F4EF6D400DF166D = {
						CreatedOnToolsVersion = 8.3.3;
						DevelopmentTeam = 327YA3JNGT;
						ProvisioningStyle = Automatic;
						TestTargetID = F3E7D4371F4EF6D400DF166D;
					};
				};
			};
			buildConfigurationList = F3E7D4331F4EF6D400DF166D /* Build configuration list for PBXProject "r2-testapp-swift" */;
			compatibilityVersion = "Xcode 3.2";
			developmentRegion = English;
			hasScannedForEncodings = 0;
			knownRegions = (
				en,
				Base,
			);
			mainGroup = F3E7D42F1F4EF6D400DF166D;
			productRefGroup = F3E7D4391F4EF6D400DF166D /* Products */;
			projectDirPath = "";
			projectRoot = "";
			targets = (
				F3E7D4371F4EF6D400DF166D /* r2-testapp-swift */,
				F3E7D44B1F4EF6D400DF166D /* r2-testapp-swiftTests */,
				F3E7D4561F4EF6D400DF166D /* r2-testapp-swiftUITests */,
			);
		};
/* End PBXProject section */

/* Begin PBXResourcesBuildPhase section */
		F3E7D4361F4EF6D400DF166D /* Resources */ = {
			isa = PBXResourcesBuildPhase;
			buildActionMask = 2147483647;
			files = (
				F3120DE71FACB08E009ACFAD /* 1.epub in Resources */,
				F3120DE81FACB090009ACFAD /* 2.epub in Resources */,
				F3120DE91FACB092009ACFAD /* 3.epub in Resources */,
				F3120DEA1FACB094009ACFAD /* 4.epub in Resources */,
				F37BB198200652F8003DE4A8 /* LCPPassphrasePrompt.storyboard in Resources */,
				F34CB28F1FCC54A2005E3A37 /* DrmManagement.storyboard in Resources */,
				AE2B6A8920889C8700C12072 /* AppMain.storyboard in Resources */,
				F3120DEB1FACB096009ACFAD /* 5.epub in Resources */,
				F30AEE7D1FC316430073C9FD /* Details.storyboard in Resources */,
				113B12D020800FD60074A5A2 /* ODPSPublicationCellInfoView.xib in Resources */,
				F3120DEC1FACB098009ACFAD /* 6.epub in Resources */,
				AE48F31E208DD056000B7B44 /* OPDS.storyboard in Resources */,
				F3E7D4461F4EF6D400DF166D /* LaunchScreen.storyboard in Resources */,
				F3E7D4431F4EF6D400DF166D /* Assets.xcassets in Resources */,
				F36D24DE1F580B8800A00BF1 /* UserSettings.storyboard in Resources */,
			);
			runOnlyForDeploymentPostprocessing = 0;
		};
		F3E7D44A1F4EF6D400DF166D /* Resources */ = {
			isa = PBXResourcesBuildPhase;
			buildActionMask = 2147483647;
			files = (
			);
			runOnlyForDeploymentPostprocessing = 0;
		};
		F3E7D4551F4EF6D400DF166D /* Resources */ = {
			isa = PBXResourcesBuildPhase;
			buildActionMask = 2147483647;
			files = (
			);
			runOnlyForDeploymentPostprocessing = 0;
		};
/* End PBXResourcesBuildPhase section */

/* Begin PBXShellScriptBuildPhase section */
		03EF765E206A5F2B00C3C24E /* Carthage Run Script */ = {
			isa = PBXShellScriptBuildPhase;
			buildActionMask = 12;
			files = (
			);
			inputPaths = (
				"$(SRCROOT)/Carthage/Build/iOS/AEXML.framework",
				"$(SRCROOT)/Carthage/Build/iOS/CryptoSwift.framework",
				"$(SRCROOT)/Carthage/Build/iOS/GCDWebServers.framework",
				"$(SRCROOT)/Carthage/Build/iOS/Kingfisher.framework",
				"$(SRCROOT)/Carthage/Build/iOS/ObjectMapper.framework",
				"$(SRCROOT)/Carthage/Build/iOS/PromiseKit.framework",
				"$(SRCROOT)/Carthage/Build/iOS/R2Navigator.framework",
				"$(SRCROOT)/Carthage/Build/iOS/R2Shared.framework",
				"$(SRCROOT)/Carthage/Build/iOS/R2Streamer.framework",
				"$(SRCROOT)/Carthage/Build/iOS/SQLite.framework",
				"$(SRCROOT)/Carthage/Build/iOS/SwiftyJSON.framework",
				"$(SRCROOT)/Carthage/Build/iOS/ZIPFoundation.framework",
				"$(SRCROOT)/Carthage/Build/iOS/Fuzi.framework",
				"$(SRCROOT)/Carthage/Build/iOS/Minizip.framework",
				"$(SRCROOT)/Carthage/Build/iOS/ReadiumOPDS.framework",
			);
			name = "Carthage Run Script";
			outputPaths = (
			);
			runOnlyForDeploymentPostprocessing = 0;
			shellPath = /bin/sh;
			shellScript = "/usr/local/bin/carthage copy-frameworks";
		};
		F36D24E01F59A55F00A00BF1 /* ShellScript */ = {
			isa = PBXShellScriptBuildPhase;
			buildActionMask = 2147483647;
			files = (
			);
			inputPaths = (
			);
			outputPaths = (
			);
			runOnlyForDeploymentPostprocessing = 0;
			shellPath = /bin/sh;
			shellScript = "APP_PATH=\"${TARGET_BUILD_DIR}/${WRAPPER_NAME}\"\n\n# This script loops through the frameworks embedded in the application and\n# removes unused architectures.\nfind \"$APP_PATH\" -name '*.framework' -type d | while read -r FRAMEWORK\ndo\nFRAMEWORK_EXECUTABLE_NAME=$(defaults read \"$FRAMEWORK/Info.plist\" CFBundleExecutable)\nFRAMEWORK_EXECUTABLE_PATH=\"$FRAMEWORK/$FRAMEWORK_EXECUTABLE_NAME\"\necho \"Executable is $FRAMEWORK_EXECUTABLE_PATH\"\n\nEXTRACTED_ARCHS=()\n\nfor ARCH in $ARCHS\ndo\necho \"Extracting $ARCH from $FRAMEWORK_EXECUTABLE_NAME\"\nlipo -extract \"$ARCH\" \"$FRAMEWORK_EXECUTABLE_PATH\" -o \"$FRAMEWORK_EXECUTABLE_PATH-$ARCH\"\nEXTRACTED_ARCHS+=(\"$FRAMEWORK_EXECUTABLE_PATH-$ARCH\")\ndone\n\necho \"Merging extracted architectures: ${ARCHS}\"\nlipo -o \"$FRAMEWORK_EXECUTABLE_PATH-merged\" -create \"${EXTRACTED_ARCHS[@]}\"\nrm \"${EXTRACTED_ARCHS[@]}\"\n\necho \"Replacing original executable with thinned version\"\nrm \"$FRAMEWORK_EXECUTABLE_PATH\"\nmv \"$FRAMEWORK_EXECUTABLE_PATH-merged\" \"$FRAMEWORK_EXECUTABLE_PATH\"\n\ndone";
		};
/* End PBXShellScriptBuildPhase section */

/* Begin PBXSourcesBuildPhase section */
		F3E7D4341F4EF6D400DF166D /* Sources */ = {
			isa = PBXSourcesBuildPhase;
			buildActionMask = 2147483647;
			files = (
				F3E7D4861F4F044100DF166D /* BarView.swift in Sources */,
				113B12DD20800FD60074A5A2 /* OPDSPublicationInfoViewController.swift in Sources */,
				F3E7D4801F4F03F500DF166D /* CbzViewController.swift in Sources */,
				AE48F326208E1BFA000B7B44 /* OPDSPublicationCollectionViewCell.swift in Sources */,
				113B12D120800FD60074A5A2 /* OPDSGroupCollectionViewController.swift in Sources */,
				113B12DF20800FD60074A5A2 /* OPDSPublicationCell.swift in Sources */,
				AE53A076208F62D200737838 /* OPDSGroupCollectionViewCell.swift in Sources */,
				113B12DA20800FD60074A5A2 /* OPDSFacetViewController.swift in Sources */,
				F3E7D4821F4F042600DF166D /* EpubViewController.swift in Sources */,
				113B12DE20800FD60074A5A2 /* OPDSCatalogViewController.swift in Sources */,
				113B12DB20800FD60074A5A2 /* OPDSPublicationCellBase.swift in Sources */,
				F3E7D4711F4EFEC200DF166D /* LibraryViewController.swift in Sources */,
				F37BB19E2008A81C003DE4A8 /* LcpPassphrasePromptViewController.swift in Sources */,
				F3BD533B1F72B27400E46FFC /* AdvancedSettingsViewController.swift in Sources */,
				113B12D520800FD60074A5A2 /* OPDSPublicationCellSimple.swift in Sources */,
				F34CB28C1FCC20D4005E3A37 /* DrmManagementTableViewController.swift in Sources */,
				AE53A074208F623E00737838 /* OPDSGroupTableViewCell.swift in Sources */,
				F3E7D48A1F4F049C00DF166D /* SpineItemTableViewController.swift in Sources */,
				AE48F322208DE1E4000B7B44 /* OPDSNavigationTableViewCell.swift in Sources */,
				F3E7D4771F4F033200DF166D /* CellMenuView.swift in Sources */,
				F3E7D43C1F4EF6D400DF166D /* AppDelegate.swift in Sources */,
				113B12D420800FD60074A5A2 /* OPDSPublicationsViewController.swift in Sources */,
				113B12D220800FD60074A5A2 /* OPDSCatalogSelectorViewController.swift in Sources */,
				F3E7D4881F4F044100DF166D /* UserSettingsTableViewController.swift in Sources */,
				AE48F320208DD3A9000B7B44 /* OPDSRootTableViewController.swift in Sources */,
				F3E7D47C1F4F03B800DF166D /* UIImageExtension.swift in Sources */,
				113B12D320800FD60074A5A2 /* OPDSNavigationViewController.swift in Sources */,
				F3BD53391F72B26700E46FFC /* FontSelectionViewController.swift in Sources */,
				F3E7D4871F4F044100DF166D /* TableOfContentsTableViewController.swift in Sources */,
				113B12CF20800FD60074A5A2 /* OPDSGroupViewController.swift in Sources */,
				F3E7D4751F4F031B00DF166D /* PublicationCell.swift in Sources */,
				AE48F324208E0375000B7B44 /* OPDSPublicationTableViewCell.swift in Sources */,
				F3DCFFBE1F7CE0610056BA37 /* UserSettingsNavigationController.swift in Sources */,
				113B12DC20800FD60074A5A2 /* OPDSPublicationCellInfoViewController.swift in Sources */,
				F30AEE7A1FC312EA0073C9FD /* DetailsTableViewController.swift in Sources */,
				AE37DE432093291600079AA2 /* AboutTableViewController.swift in Sources */,
			);
			runOnlyForDeploymentPostprocessing = 0;
		};
		F3E7D4481F4EF6D400DF166D /* Sources */ = {
			isa = PBXSourcesBuildPhase;
			buildActionMask = 2147483647;
			files = (
				F3E7D4511F4EF6D400DF166D /* r2_testapp_swiftTests.swift in Sources */,
			);
			runOnlyForDeploymentPostprocessing = 0;
		};
		F3E7D4531F4EF6D400DF166D /* Sources */ = {
			isa = PBXSourcesBuildPhase;
			buildActionMask = 2147483647;
			files = (
				F3E7D45C1F4EF6D400DF166D /* r2_testapp_swiftUITests.swift in Sources */,
			);
			runOnlyForDeploymentPostprocessing = 0;
		};
/* End PBXSourcesBuildPhase section */

/* Begin PBXTargetDependency section */
		F3E7D44E1F4EF6D400DF166D /* PBXTargetDependency */ = {
			isa = PBXTargetDependency;
			target = F3E7D4371F4EF6D400DF166D /* r2-testapp-swift */;
			targetProxy = F3E7D44D1F4EF6D400DF166D /* PBXContainerItemProxy */;
		};
		F3E7D4591F4EF6D400DF166D /* PBXTargetDependency */ = {
			isa = PBXTargetDependency;
			target = F3E7D4371F4EF6D400DF166D /* r2-testapp-swift */;
			targetProxy = F3E7D4581F4EF6D400DF166D /* PBXContainerItemProxy */;
		};
/* End PBXTargetDependency section */

/* Begin PBXVariantGroup section */
		F3E7D4441F4EF6D400DF166D /* LaunchScreen.storyboard */ = {
			isa = PBXVariantGroup;
			children = (
				F3E7D4451F4EF6D400DF166D /* Base */,
			);
			name = LaunchScreen.storyboard;
			sourceTree = "<group>";
		};
/* End PBXVariantGroup section */

/* Begin XCBuildConfiguration section */
		F3E7D45E1F4EF6D400DF166D /* Debug */ = {
			isa = XCBuildConfiguration;
			buildSettings = {
				ALWAYS_SEARCH_USER_PATHS = NO;
				CLANG_ANALYZER_NONNULL = YES;
				CLANG_ANALYZER_NUMBER_OBJECT_CONVERSION = YES_AGGRESSIVE;
				CLANG_CXX_LANGUAGE_STANDARD = "gnu++0x";
				CLANG_CXX_LIBRARY = "libc++";
				CLANG_ENABLE_MODULES = YES;
				CLANG_ENABLE_OBJC_ARC = YES;
				CLANG_WARN_BLOCK_CAPTURE_AUTORELEASING = YES;
				CLANG_WARN_BOOL_CONVERSION = YES;
				CLANG_WARN_COMMA = YES;
				CLANG_WARN_CONSTANT_CONVERSION = YES;
				CLANG_WARN_DIRECT_OBJC_ISA_USAGE = YES_ERROR;
				CLANG_WARN_DOCUMENTATION_COMMENTS = YES;
				CLANG_WARN_EMPTY_BODY = YES;
				CLANG_WARN_ENUM_CONVERSION = YES;
				CLANG_WARN_INFINITE_RECURSION = YES;
				CLANG_WARN_INT_CONVERSION = YES;
				CLANG_WARN_NON_LITERAL_NULL_CONVERSION = YES;
				CLANG_WARN_OBJC_LITERAL_CONVERSION = YES;
				CLANG_WARN_OBJC_ROOT_CLASS = YES_ERROR;
				CLANG_WARN_RANGE_LOOP_ANALYSIS = YES;
				CLANG_WARN_STRICT_PROTOTYPES = YES;
				CLANG_WARN_SUSPICIOUS_MOVE = YES;
				CLANG_WARN_UNREACHABLE_CODE = YES;
				CLANG_WARN__DUPLICATE_METHOD_MATCH = YES;
				"CODE_SIGN_IDENTITY[sdk=iphoneos*]" = "iPhone Developer";
				COPY_PHASE_STRIP = NO;
				DEBUG_INFORMATION_FORMAT = dwarf;
				ENABLE_STRICT_OBJC_MSGSEND = YES;
				ENABLE_TESTABILITY = YES;
				GCC_C_LANGUAGE_STANDARD = gnu99;
				GCC_DYNAMIC_NO_PIC = NO;
				GCC_NO_COMMON_BLOCKS = YES;
				GCC_OPTIMIZATION_LEVEL = 0;
				GCC_PREPROCESSOR_DEFINITIONS = (
					"DEBUG=1",
					"$(inherited)",
				);
				GCC_WARN_64_TO_32_BIT_CONVERSION = YES;
				GCC_WARN_ABOUT_RETURN_TYPE = YES_ERROR;
				GCC_WARN_UNDECLARED_SELECTOR = YES;
				GCC_WARN_UNINITIALIZED_AUTOS = YES_AGGRESSIVE;
				GCC_WARN_UNUSED_FUNCTION = YES;
				GCC_WARN_UNUSED_VARIABLE = YES;
				IPHONEOS_DEPLOYMENT_TARGET = 9.0;
				MTL_ENABLE_DEBUG_INFO = YES;
				ONLY_ACTIVE_ARCH = YES;
				SDKROOT = iphoneos;
				SWIFT_ACTIVE_COMPILATION_CONDITIONS = DEBUG;
				SWIFT_OPTIMIZATION_LEVEL = "-Onone";
				TARGETED_DEVICE_FAMILY = "1,2";
			};
			name = Debug;
		};
		F3E7D45F1F4EF6D400DF166D /* Release */ = {
			isa = XCBuildConfiguration;
			buildSettings = {
				ALWAYS_SEARCH_USER_PATHS = NO;
				CLANG_ANALYZER_NONNULL = YES;
				CLANG_ANALYZER_NUMBER_OBJECT_CONVERSION = YES_AGGRESSIVE;
				CLANG_CXX_LANGUAGE_STANDARD = "gnu++0x";
				CLANG_CXX_LIBRARY = "libc++";
				CLANG_ENABLE_MODULES = YES;
				CLANG_ENABLE_OBJC_ARC = YES;
				CLANG_WARN_BLOCK_CAPTURE_AUTORELEASING = YES;
				CLANG_WARN_BOOL_CONVERSION = YES;
				CLANG_WARN_COMMA = YES;
				CLANG_WARN_CONSTANT_CONVERSION = YES;
				CLANG_WARN_DIRECT_OBJC_ISA_USAGE = YES_ERROR;
				CLANG_WARN_DOCUMENTATION_COMMENTS = YES;
				CLANG_WARN_EMPTY_BODY = YES;
				CLANG_WARN_ENUM_CONVERSION = YES;
				CLANG_WARN_INFINITE_RECURSION = YES;
				CLANG_WARN_INT_CONVERSION = YES;
				CLANG_WARN_NON_LITERAL_NULL_CONVERSION = YES;
				CLANG_WARN_OBJC_LITERAL_CONVERSION = YES;
				CLANG_WARN_OBJC_ROOT_CLASS = YES_ERROR;
				CLANG_WARN_RANGE_LOOP_ANALYSIS = YES;
				CLANG_WARN_STRICT_PROTOTYPES = YES;
				CLANG_WARN_SUSPICIOUS_MOVE = YES;
				CLANG_WARN_UNREACHABLE_CODE = YES;
				CLANG_WARN__DUPLICATE_METHOD_MATCH = YES;
				"CODE_SIGN_IDENTITY[sdk=iphoneos*]" = "iPhone Developer";
				COPY_PHASE_STRIP = NO;
				DEBUG_INFORMATION_FORMAT = "dwarf-with-dsym";
				ENABLE_NS_ASSERTIONS = NO;
				ENABLE_STRICT_OBJC_MSGSEND = YES;
				GCC_C_LANGUAGE_STANDARD = gnu99;
				GCC_NO_COMMON_BLOCKS = YES;
				GCC_WARN_64_TO_32_BIT_CONVERSION = YES;
				GCC_WARN_ABOUT_RETURN_TYPE = YES_ERROR;
				GCC_WARN_UNDECLARED_SELECTOR = YES;
				GCC_WARN_UNINITIALIZED_AUTOS = YES_AGGRESSIVE;
				GCC_WARN_UNUSED_FUNCTION = YES;
				GCC_WARN_UNUSED_VARIABLE = YES;
				IPHONEOS_DEPLOYMENT_TARGET = 9.0;
				MTL_ENABLE_DEBUG_INFO = NO;
				SDKROOT = iphoneos;
				SWIFT_OPTIMIZATION_LEVEL = "-Owholemodule";
				TARGETED_DEVICE_FAMILY = "1,2";
				VALIDATE_PRODUCT = YES;
			};
			name = Release;
		};
		F3E7D4611F4EF6D400DF166D /* Debug */ = {
			isa = XCBuildConfiguration;
			buildSettings = {
				ASSETCATALOG_COMPILER_APPICON_NAME = AppIcon;
				CLANG_ENABLE_CODE_COVERAGE = NO;
				"CODE_SIGN_IDENTITY[sdk=iphoneos*]" = "iPhone Developer";
				CODE_SIGN_STYLE = Automatic;
				DEVELOPMENT_TEAM = 327YA3JNGT;
				FRAMEWORK_SEARCH_PATHS = (
					"$(inherited)",
					"$(PROJECT_DIR)/Carthage/Build/iOS",
					"$(PROJECT_DIR)",
				);
				HEADER_SEARCH_PATHS = "$(SDKROOT)/usr/include/libxml2";
				INFOPLIST_FILE = "r2-testapp-swift/Info.plist";
				IPHONEOS_DEPLOYMENT_TARGET = 9.0;
				LD_RUNPATH_SEARCH_PATHS = "$(inherited) @executable_path/Frameworks";
				LIBRARY_SEARCH_PATHS = (
					"$(inherited)",
					"$(PROJECT_DIR)",
				);
				OTHER_LDFLAGS = "-lxml2";
				OTHER_SWIFT_FLAGS = "";
				PRODUCT_BUNDLE_IDENTIFIER = org.readium.r2reader;
				PRODUCT_NAME = "$(TARGET_NAME)";
				PROVISIONING_PROFILE = "";
				PROVISIONING_PROFILE_SPECIFIER = "";
				SWIFT_VERSION = 3.0;
			};
			name = Debug;
		};
		F3E7D4621F4EF6D400DF166D /* Release */ = {
			isa = XCBuildConfiguration;
			buildSettings = {
				ASSETCATALOG_COMPILER_APPICON_NAME = AppIcon;
				CLANG_ENABLE_CODE_COVERAGE = NO;
				"CODE_SIGN_IDENTITY[sdk=iphoneos*]" = "iPhone Developer";
				CODE_SIGN_STYLE = Automatic;
				DEVELOPMENT_TEAM = 327YA3JNGT;
				FRAMEWORK_SEARCH_PATHS = (
					"$(inherited)",
					"$(PROJECT_DIR)/Carthage/Build/iOS",
					"$(PROJECT_DIR)",
				);
				HEADER_SEARCH_PATHS = "$(SDKROOT)/usr/include/libxml2";
				INFOPLIST_FILE = "r2-testapp-swift/Info.plist";
				IPHONEOS_DEPLOYMENT_TARGET = 9.0;
				LD_RUNPATH_SEARCH_PATHS = "$(inherited) @executable_path/Frameworks";
				LIBRARY_SEARCH_PATHS = (
					"$(inherited)",
					"$(PROJECT_DIR)",
				);
				OTHER_LDFLAGS = "-lxml2";
				PRODUCT_BUNDLE_IDENTIFIER = org.readium.r2reader;
				PRODUCT_NAME = "$(TARGET_NAME)";
				PROVISIONING_PROFILE = "";
				PROVISIONING_PROFILE_SPECIFIER = "";
				SWIFT_VERSION = 3.0;
			};
			name = Release;
		};
		F3E7D4641F4EF6D400DF166D /* Debug */ = {
			isa = XCBuildConfiguration;
			buildSettings = {
				ALWAYS_EMBED_SWIFT_STANDARD_LIBRARIES = YES;
				BUNDLE_LOADER = "$(TEST_HOST)";
				CLANG_ENABLE_CODE_COVERAGE = NO;
				DEVELOPMENT_TEAM = 327YA3JNGT;
				INFOPLIST_FILE = "r2-testapp-swiftTests/Info.plist";
				LD_RUNPATH_SEARCH_PATHS = "$(inherited) @executable_path/Frameworks @loader_path/Frameworks";
				PRODUCT_BUNDLE_IDENTIFIER = "org.readium.r2-testapp-swiftTests";
				PRODUCT_NAME = "$(TARGET_NAME)";
				SWIFT_VERSION = 3.0;
				TEST_HOST = "$(BUILT_PRODUCTS_DIR)/r2-testapp-swift.app/r2-testapp-swift";
			};
			name = Debug;
		};
		F3E7D4651F4EF6D400DF166D /* Release */ = {
			isa = XCBuildConfiguration;
			buildSettings = {
				ALWAYS_EMBED_SWIFT_STANDARD_LIBRARIES = YES;
				BUNDLE_LOADER = "$(TEST_HOST)";
				CLANG_ENABLE_CODE_COVERAGE = NO;
				DEVELOPMENT_TEAM = 327YA3JNGT;
				INFOPLIST_FILE = "r2-testapp-swiftTests/Info.plist";
				LD_RUNPATH_SEARCH_PATHS = "$(inherited) @executable_path/Frameworks @loader_path/Frameworks";
				PRODUCT_BUNDLE_IDENTIFIER = "org.readium.r2-testapp-swiftTests";
				PRODUCT_NAME = "$(TARGET_NAME)";
				SWIFT_VERSION = 3.0;
				TEST_HOST = "$(BUILT_PRODUCTS_DIR)/r2-testapp-swift.app/r2-testapp-swift";
			};
			name = Release;
		};
		F3E7D4671F4EF6D400DF166D /* Debug */ = {
			isa = XCBuildConfiguration;
			buildSettings = {
				ALWAYS_EMBED_SWIFT_STANDARD_LIBRARIES = YES;
				CLANG_ENABLE_CODE_COVERAGE = NO;
				DEVELOPMENT_TEAM = 327YA3JNGT;
				INFOPLIST_FILE = "r2-testapp-swiftUITests/Info.plist";
				LD_RUNPATH_SEARCH_PATHS = "$(inherited) @executable_path/Frameworks @loader_path/Frameworks";
				PRODUCT_BUNDLE_IDENTIFIER = "org.readium.r2-testapp-swiftUITests";
				PRODUCT_NAME = "$(TARGET_NAME)";
				SWIFT_VERSION = 3.0;
				TEST_TARGET_NAME = "r2-testapp-swift";
			};
			name = Debug;
		};
		F3E7D4681F4EF6D400DF166D /* Release */ = {
			isa = XCBuildConfiguration;
			buildSettings = {
				ALWAYS_EMBED_SWIFT_STANDARD_LIBRARIES = YES;
				CLANG_ENABLE_CODE_COVERAGE = NO;
				DEVELOPMENT_TEAM = 327YA3JNGT;
				INFOPLIST_FILE = "r2-testapp-swiftUITests/Info.plist";
				LD_RUNPATH_SEARCH_PATHS = "$(inherited) @executable_path/Frameworks @loader_path/Frameworks";
				PRODUCT_BUNDLE_IDENTIFIER = "org.readium.r2-testapp-swiftUITests";
				PRODUCT_NAME = "$(TARGET_NAME)";
				SWIFT_VERSION = 3.0;
				TEST_TARGET_NAME = "r2-testapp-swift";
			};
			name = Release;
		};
/* End XCBuildConfiguration section */

/* Begin XCConfigurationList section */
		F3E7D4331F4EF6D400DF166D /* Build configuration list for PBXProject "r2-testapp-swift" */ = {
			isa = XCConfigurationList;
			buildConfigurations = (
				F3E7D45E1F4EF6D400DF166D /* Debug */,
				F3E7D45F1F4EF6D400DF166D /* Release */,
			);
			defaultConfigurationIsVisible = 0;
			defaultConfigurationName = Release;
		};
		F3E7D4601F4EF6D400DF166D /* Build configuration list for PBXNativeTarget "r2-testapp-swift" */ = {
			isa = XCConfigurationList;
			buildConfigurations = (
				F3E7D4611F4EF6D400DF166D /* Debug */,
				F3E7D4621F4EF6D400DF166D /* Release */,
			);
			defaultConfigurationIsVisible = 0;
			defaultConfigurationName = Release;
		};
		F3E7D4631F4EF6D400DF166D /* Build configuration list for PBXNativeTarget "r2-testapp-swiftTests" */ = {
			isa = XCConfigurationList;
			buildConfigurations = (
				F3E7D4641F4EF6D400DF166D /* Debug */,
				F3E7D4651F4EF6D400DF166D /* Release */,
			);
			defaultConfigurationIsVisible = 0;
			defaultConfigurationName = Release;
		};
		F3E7D4661F4EF6D400DF166D /* Build configuration list for PBXNativeTarget "r2-testapp-swiftUITests" */ = {
			isa = XCConfigurationList;
			buildConfigurations = (
				F3E7D4671F4EF6D400DF166D /* Debug */,
				F3E7D4681F4EF6D400DF166D /* Release */,
			);
			defaultConfigurationIsVisible = 0;
			defaultConfigurationName = Release;
		};
/* End XCConfigurationList section */
	};
	rootObject = F3E7D4301F4EF6D400DF166D /* Project object */;
}
