// !$*UTF8*$!
{
	archiveVersion = 1;
	classes = {
	};
	objectVersion = 51;
	objects = {

/* Begin PBXBuildFile section */
		017DFDF2BF3E1931FA4A7BCF /* R2LocalizedString.swift in Sources */ = {isa = PBXBuildFile; fileRef = E137DB40C4858F7A37424DC3 /* R2LocalizedString.swift */; };
		02092DFAD518B2DF4CCACF56 /* AudioSession.swift in Sources */ = {isa = PBXBuildFile; fileRef = 149E2A83570062C5BF47E4E8 /* AudioSession.swift */; };
		04E88B52A24A6B1A938C4CA1 /* PerResourcePositionsService.swift in Sources */ = {isa = PBXBuildFile; fileRef = 85567BC5E9E70404F52FC899 /* PerResourcePositionsService.swift */; };
		08207CB1DBE536A9CA828E17 /* Optional.swift in Sources */ = {isa = PBXBuildFile; fileRef = 7DAADB755467D6A7C3AB9C0A /* Optional.swift */; };
		09F7FB3197B8D0859A54024C /* PositionsService.swift in Sources */ = {isa = PBXBuildFile; fileRef = 144F0D82F9E864956956D7F0 /* PositionsService.swift */; };
		0CC08A86C9D9C57C458DE8E3 /* HTTPProblemDetails.swift in Sources */ = {isa = PBXBuildFile; fileRef = F708F3FBB10571FDB5924EA4 /* HTTPProblemDetails.swift */; };
		0EEC9A0409585B4BEF806E3A /* r2-shared-swift.h in Headers */ = {isa = PBXBuildFile; fileRef = 6CA4ED76230B4411894E9A3D /* r2-shared-swift.h */; settings = {ATTRIBUTES = (Public, ); }; };
		10204C36DFF57FEA1E1694A0 /* DataResource.swift in Sources */ = {isa = PBXBuildFile; fileRef = B09A8D5776D8343857EB926F /* DataResource.swift */; };
		11F4A4888D1349506967ED19 /* Deferred.swift in Sources */ = {isa = PBXBuildFile; fileRef = 5D5693906B5EA215184A14C0 /* Deferred.swift */; };
		13EA2907E7A6598992F93FED /* ArchiveFetcher.swift in Sources */ = {isa = PBXBuildFile; fileRef = FD7AF5118EF5FA52BA96451A /* ArchiveFetcher.swift */; };
		15844065CA0B8078312FAFAC /* MediaOverlays.swift in Sources */ = {isa = PBXBuildFile; fileRef = 98583AB83FE5564818142B0A /* MediaOverlays.swift */; };
		1E62A83E781C63B8DDE205F9 /* Fuzi.xcframework in Frameworks */ = {isa = PBXBuildFile; fileRef = CC159BC0867EE1913F930D03 /* Fuzi.xcframework */; };
		204E75EA53D56C27F657A127 /* HREF.swift in Sources */ = {isa = PBXBuildFile; fileRef = 2F222164FA82CB3DE273E540 /* HREF.swift */; };
		21077D86096D5A6F8C9CADF2 /* CancellableResult.swift in Sources */ = {isa = PBXBuildFile; fileRef = E617C164608EEE0204A41EF3 /* CancellableResult.swift */; };
		23C1D0E43E3BA6648F44F9DF /* RootFile.swift in Sources */ = {isa = PBXBuildFile; fileRef = 5F43D0FE6A877698A137E097 /* RootFile.swift */; };
		262842576751E2F5642DCE41 /* OPDSPrice.swift in Sources */ = {isa = PBXBuildFile; fileRef = CF521045C12D340C0ED2F1D5 /* OPDSPrice.swift */; };
		289997DA221E72D4E1E38AED /* OpdsMetadata.swift in Sources */ = {isa = PBXBuildFile; fileRef = 438D627CF83B2F1203E430DD /* OpdsMetadata.swift */; };
		2903B7E328293A7B7C283061 /* ResourceContentExtractor.swift in Sources */ = {isa = PBXBuildFile; fileRef = 5F85BFAC3DA2B233DFA543A5 /* ResourceContentExtractor.swift */; };
		29DD077D4654A7A617212F7B /* MediaTypeSnifferContext.swift in Sources */ = {isa = PBXBuildFile; fileRef = 65120F892D403E7EB247AACA /* MediaTypeSnifferContext.swift */; };
		2BD472941E458DCA75EA416B /* Group.swift in Sources */ = {isa = PBXBuildFile; fileRef = F8A9D51B00556A7B83DE74E8 /* Group.swift */; };
		2CBECC35FBC47AF2BEC54BD0 /* PublicationCollection.swift in Sources */ = {isa = PBXBuildFile; fileRef = 3471503070911A2FC19B9413 /* PublicationCollection.swift */; };
		2CE20EAE09C8D8D59103243B /* Fuzi.swift in Sources */ = {isa = PBXBuildFile; fileRef = 513112DEB93E45A7809E7E4F /* Fuzi.swift */; };
		32DA583174BD3B89A5D3C159 /* UInt64.swift in Sources */ = {isa = PBXBuildFile; fileRef = F2254C6F0DF1B39D48A1075D /* UInt64.swift */; };
		3582D5587B9CA1C41F085D56 /* Date+ISO8601.swift in Sources */ = {isa = PBXBuildFile; fileRef = D069A3DF7F29846F278CA2C0 /* Date+ISO8601.swift */; };
		3BE85E13CDC56AD204C97125 /* TransformingFetcher.swift in Sources */ = {isa = PBXBuildFile; fileRef = 5FC6D8DBF2B81FAD6D3817C5 /* TransformingFetcher.swift */; };
		3D3E7B35BA0CEE307257BCA2 /* Properties+Archive.swift in Sources */ = {isa = PBXBuildFile; fileRef = DB8AC2A596BD5822FCFF398C /* Properties+Archive.swift */; };
		3DAACDB639FC5E7F9389033E /* Observable.swift in Sources */ = {isa = PBXBuildFile; fileRef = AEA08FC88E765015DE3CA7E9 /* Observable.swift */; };
		3FDBA3DDA914906B9EE614D6 /* HTTPFetcher.swift in Sources */ = {isa = PBXBuildFile; fileRef = 40D92CB1C000CFE708C8A33D /* HTTPFetcher.swift */; };
		40F83D9D05FF42E6E5998DF0 /* StringSearchService.swift in Sources */ = {isa = PBXBuildFile; fileRef = 816F38E9EEC9BCFB80F62C9C /* StringSearchService.swift */; };
		4271CE2FB5B49DED0F8758B8 /* OPDSCopies.swift in Sources */ = {isa = PBXBuildFile; fileRef = 115BF56B95922F66BA60CCAF /* OPDSCopies.swift */; };
		43D6730482F276CE8E534DC6 /* PublicationServicesBuilder.swift in Sources */ = {isa = PBXBuildFile; fileRef = C14596E7E0F8AD6BF2FE4A66 /* PublicationServicesBuilder.swift */; };
		44A07A89CC09239B8C07F38B /* DOMRange.swift in Sources */ = {isa = PBXBuildFile; fileRef = 753D124C5E7DCE3B2A3060A3 /* DOMRange.swift */; };
		44DA15C4219ADFE1F5BFEE0F /* SwiftSoup.xcframework in Frameworks */ = {isa = PBXBuildFile; fileRef = D86A2C60F323240CE929C5A5 /* SwiftSoup.xcframework */; };
		4521615E7EBD14926961ECBB /* DownloadSession.swift in Sources */ = {isa = PBXBuildFile; fileRef = A8FB4B6782B909BDAA4F0B1F /* DownloadSession.swift */; };
		457BA5450345671A9DC3C27F /* MediaTypeSniffer.swift in Sources */ = {isa = PBXBuildFile; fileRef = FC7BF7167D5C43C468486907 /* MediaTypeSniffer.swift */; };
		46B1A004EEDA11FFD922FF74 /* Result.swift in Sources */ = {isa = PBXBuildFile; fileRef = D2B8C3C7AB5943F193445402 /* Result.swift */; };
		4A0A38D130EFB5479834EE68 /* RoutingFetcher.swift in Sources */ = {isa = PBXBuildFile; fileRef = 79477524CF36CF9C74ABACBC /* RoutingFetcher.swift */; };
		4A2DA72B93494E3E3EAF4F18 /* CachingResource.swift in Sources */ = {isa = PBXBuildFile; fileRef = 20E5731E52CAA845CC41A0B7 /* CachingResource.swift */; };
		4A56FD5F0093B70EA1E1431F /* Publication+OPDS.swift in Sources */ = {isa = PBXBuildFile; fileRef = 7D07CAC0A0E181FEC759283B /* Publication+OPDS.swift */; };
		4AE4DA4480F8E0B05E24F271 /* URITemplate.swift in Sources */ = {isa = PBXBuildFile; fileRef = CA63BE332E42E144E9210683 /* URITemplate.swift */; };
		5036F60406EBACF3D53F15AD /* DocumentTypes.swift in Sources */ = {isa = PBXBuildFile; fileRef = E92B718B5785AC76A29E8917 /* DocumentTypes.swift */; };
		52DCD5BD7081D4C8FBE443F9 /* FileAsset.swift in Sources */ = {isa = PBXBuildFile; fileRef = F5AB0242E30DBB430CD9D6D8 /* FileAsset.swift */; };
		5503903E527F5A5CE52D6D8E /* Properties+Encryption.swift in Sources */ = {isa = PBXBuildFile; fileRef = F0BA3EAEA2D40C069EE43FBD /* Properties+Encryption.swift */; };
		56B9D7D746B71F1455E15ED9 /* Encryption.swift in Sources */ = {isa = PBXBuildFile; fileRef = AA8B7B83D82CDD5D68465CD9 /* Encryption.swift */; };
		577F02DC7304ED15F42D7875 /* Metadata.swift in Sources */ = {isa = PBXBuildFile; fileRef = 81D6CC40217DD0484A3EF665 /* Metadata.swift */; };
		58B0D4ABB5DA33483A1C0417 /* Weak.swift in Sources */ = {isa = PBXBuildFile; fileRef = 07C501F68B8A997C38ED924E /* Weak.swift */; };
		58F876109C417786C29AF791 /* NowPlayingInfo.swift in Sources */ = {isa = PBXBuildFile; fileRef = 9C9B29C3003F2A6A4291CE76 /* NowPlayingInfo.swift */; };
		5B495BF4A63CA94B3A0E2481 /* Publication.swift in Sources */ = {isa = PBXBuildFile; fileRef = 19C6F40CA814A90C86EE23A7 /* Publication.swift */; };
		5D72AE97B64B845A1C95F93C /* LocatorService.swift in Sources */ = {isa = PBXBuildFile; fileRef = 9C61D1A9C5B8646AC3A8C6B2 /* LocatorService.swift */; };
		5E6B010FF31D4D1D8DE93F92 /* StringEncoding.swift in Sources */ = {isa = PBXBuildFile; fileRef = 2A7CD08845104704BEDB70DF /* StringEncoding.swift */; };
		6246211F63549EA7A32BBE5C /* EPUBLayout.swift in Sources */ = {isa = PBXBuildFile; fileRef = 16B861DD590DDB81ECD26D55 /* EPUBLayout.swift */; };
		649BE3E9B5C9C11B27B8BCA0 /* Minizip.xcframework in Frameworks */ = {isa = PBXBuildFile; fileRef = 32A68397320BEA9698B9BA1C /* Minizip.xcframework */; };
		65BBA06FEBBE9697C2D54632 /* HTTPError.swift in Sources */ = {isa = PBXBuildFile; fileRef = 3C4513805264689FD04B3526 /* HTTPError.swift */; };
		667FDB82D263CAFDCF06CD4C /* Bundle.swift in Sources */ = {isa = PBXBuildFile; fileRef = 76377EFA4D5FB8FB1C7304E3 /* Bundle.swift */; };
		67F741B6CFF1A5C478DF612A /* Cancellable.swift in Sources */ = {isa = PBXBuildFile; fileRef = 69590727DDC0388F6D244BE2 /* Cancellable.swift */; };
		68E46D376FDCDB4C98F993CE /* Localizable.strings in Resources */ = {isa = PBXBuildFile; fileRef = FC07C5DE07FB3AF7E894393E /* Localizable.strings */; };
		69BEC55794AE2531C4866693 /* Publication+JSON.swift in Sources */ = {isa = PBXBuildFile; fileRef = C9ED0E3D75A8007CEE595726 /* Publication+JSON.swift */; };
		6ACFCEA342F441B6E2B5AEC2 /* Properties.swift in Sources */ = {isa = PBXBuildFile; fileRef = 16869E899B5645F529C67267 /* Properties.swift */; };
		6D25976CEED22BD148BE2687 /* Link.swift in Sources */ = {isa = PBXBuildFile; fileRef = 0250C8938907C7429DBB9DB6 /* Link.swift */; };
		6F1198EA8A43F0CA0D14195F /* MediaOverlayNode.swift in Sources */ = {isa = PBXBuildFile; fileRef = E1CE540E65C8DAEE0F4142A7 /* MediaOverlayNode.swift */; };
		71092C52FD2AB7EAFA24006E /* Properties+OPDS.swift in Sources */ = {isa = PBXBuildFile; fileRef = C61EE2D07D8C43647BE6A5F6 /* Properties+OPDS.swift */; };
		72B78702CCC89ECC54EC2B77 /* CoreServices.framework in Frameworks */ = {isa = PBXBuildFile; fileRef = D89057307CBA62D92873D2ED /* CoreServices.framework */; };
		74F4432BD6D92D5B20B29C93 /* ContentProtectionService.swift in Sources */ = {isa = PBXBuildFile; fileRef = C7B45137727F16B7146E133A /* ContentProtectionService.swift */; };
		7709AD0E714AA7E1FFA1DC61 /* DefaultHTTPClient.swift in Sources */ = {isa = PBXBuildFile; fileRef = 8852F98D57BD9EC6F39B86DA /* DefaultHTTPClient.swift */; };
		773A8DAF8AA2B4CEB8A08F1C /* OPDSAcquisition.swift in Sources */ = {isa = PBXBuildFile; fileRef = 307E73B831FF4E3533C2D5BF /* OPDSAcquisition.swift */; };
		7767D55BF22F595AECE9B404 /* HTTPRequest.swift in Sources */ = {isa = PBXBuildFile; fileRef = F489D5C1139E683735E09045 /* HTTPRequest.swift */; };
		7821AC2138A32C7E2CDD0C3F /* CGPDF.swift in Sources */ = {isa = PBXBuildFile; fileRef = 02496E25A4D8914078181AE7 /* CGPDF.swift */; };
		7867DF98B907F63782B8B0BB /* ExplodedArchive.swift in Sources */ = {isa = PBXBuildFile; fileRef = 7675A148508F7B6DC31913BE /* ExplodedArchive.swift */; };
		78BDB1FF4FB0A655C05BE65B /* Publication+Deprecated.swift in Sources */ = {isa = PBXBuildFile; fileRef = C9362E52BD8FF4B312B9A116 /* Publication+Deprecated.swift */; };
		7D666A80862CADF0E4471BDA /* Metadata+Presentation.swift in Sources */ = {isa = PBXBuildFile; fileRef = 93E34DD981910896C78DA4F4 /* Metadata+Presentation.swift */; };
		85D349F24F2A1C05831E8E33 /* GeneratedCoverService.swift in Sources */ = {isa = PBXBuildFile; fileRef = A4B992791A2BA3B91ABDD397 /* GeneratedCoverService.swift */; };
		8890B419613E3EB108C640E7 /* Array.swift in Sources */ = {isa = PBXBuildFile; fileRef = 48026EF40F9DD9158B0F675E /* Array.swift */; };
		8906A28D5B7BC9443F6E55DC /* NSRegularExpression.swift in Sources */ = {isa = PBXBuildFile; fileRef = 8EDE6BFAA4E376A061D059BB /* NSRegularExpression.swift */; };
		8A71A3F0EB6739627314E288 /* PublicationService.swift in Sources */ = {isa = PBXBuildFile; fileRef = 30253134B5F49B3F3039588C /* PublicationService.swift */; };
		905976E3E952237B4E9423F8 /* FileFetcher.swift in Sources */ = {isa = PBXBuildFile; fileRef = A977B79969D3899A6C4457DA /* FileFetcher.swift */; };
		909C563EDB3B0FC40A7A76A1 /* UTI.swift in Sources */ = {isa = PBXBuildFile; fileRef = 60B827AFE3A29618E77E0278 /* UTI.swift */; };
		91FFE1BE4CD9BA4F147236C8 /* PublicationAsset.swift in Sources */ = {isa = PBXBuildFile; fileRef = C91538058FD4FF94E28CDF22 /* PublicationAsset.swift */; };
		93136D8CCC3C81DCCE85F52E /* Presentation.swift in Sources */ = {isa = PBXBuildFile; fileRef = 8436CDC667F72DBE32CFFC40 /* Presentation.swift */; };
		938A1E9CECE4B9E534FF9A0E /* Locator.swift in Sources */ = {isa = PBXBuildFile; fileRef = 98828275B2CC4AE3454B24BA /* Locator.swift */; };
		9596B6EB6CBF50665A2E75EB /* ContentProtectionService+WS.swift in Sources */ = {isa = PBXBuildFile; fileRef = 5972675D6D4EEDF60F2BEEC0 /* ContentProtectionService+WS.swift */; };
		96930F979612170DB2F3B5AA /* URL.swift in Sources */ = {isa = PBXBuildFile; fileRef = E97CBD21B46087641726AD1E /* URL.swift */; };
		97617E01BC4A3DDDC6F71149 /* ReadingProgression.swift in Sources */ = {isa = PBXBuildFile; fileRef = CB15B63B6A92C447F20D4C8D /* ReadingProgression.swift */; };
		A4BD324775F8AB99DAC74777 /* MediaType.swift in Sources */ = {isa = PBXBuildFile; fileRef = C472AF619BA85D81DDAD3A78 /* MediaType.swift */; };
		A535F42164F494FBD3775778 /* Properties+EPUB.swift in Sources */ = {isa = PBXBuildFile; fileRef = 94C59B13BE4EE45BED0AFC8D /* Properties+EPUB.swift */; };
		A78AABE73FBF3EBA56CB1645 /* DefaultLocatorService.swift in Sources */ = {isa = PBXBuildFile; fileRef = 6D5542A2B6D115F25F50CD3E /* DefaultLocatorService.swift */; };
		A82378CCA025AB30E226B4CA /* ProxyFetcher.swift in Sources */ = {isa = PBXBuildFile; fileRef = 373EFD4964C2ACD9ADC4AEBE /* ProxyFetcher.swift */; };
		A95070676118CB46CC509D8E /* PDFOutlineNode.swift in Sources */ = {isa = PBXBuildFile; fileRef = 05C6B3ACA3679DF1FCF4E504 /* PDFOutlineNode.swift */; };
		A98F8084AA991022B0BB885B /* Facet.swift in Sources */ = {isa = PBXBuildFile; fileRef = DF93B1B82C61DED34A383447 /* Facet.swift */; };
		AE310136DFA73F595936A625 /* OPDSHolds.swift in Sources */ = {isa = PBXBuildFile; fileRef = 5ED40B43FB92B9BE297CB4C4 /* OPDSHolds.swift */; };
		AE9B1E33CD4605F38156CDB3 /* PDFKit.swift in Sources */ = {isa = PBXBuildFile; fileRef = ED94EEDE57E63F5A40C3D255 /* PDFKit.swift */; };
		B0B5EFDD2C0CC31C9FE62E55 /* UserProperties.swift in Sources */ = {isa = PBXBuildFile; fileRef = BBB5EF04915576F6CA489BEA /* UserProperties.swift */; };
		B10D62A87239DA9352799695 /* String.swift in Sources */ = {isa = PBXBuildFile; fileRef = 8F28B5FF73460BE54A30F6C0 /* String.swift */; };
		B5C2078B59ACF2EFDC53A12F /* FailureResource.swift in Sources */ = {isa = PBXBuildFile; fileRef = 3632FDB3CC79418B98E3AD08 /* FailureResource.swift */; };
		B5E2B60C55368CF08B0BF495 /* Fetcher.swift in Sources */ = {isa = PBXBuildFile; fileRef = 35A8C67802013424E6F5BF06 /* Fetcher.swift */; };
		BB7421DD79BF99349F084286 /* CoverService.swift in Sources */ = {isa = PBXBuildFile; fileRef = 2513E460A43C9F45E557AB7A /* CoverService.swift */; };
		BD92CA6DB48B6A78F6BBA62D /* LocalizedString.swift in Sources */ = {isa = PBXBuildFile; fileRef = 6DAACF459B7F8ECFDB7BD856 /* LocalizedString.swift */; };
		BDC447678B55A24349B8899B /* WarningLogger.swift in Sources */ = {isa = PBXBuildFile; fileRef = 7991BD90FD74CA5E400EE100 /* WarningLogger.swift */; };
		BFD9F7C36F4E9D73F87B4346 /* ResourcesServer.swift in Sources */ = {isa = PBXBuildFile; fileRef = EDB30FEE19EDFB137514ABB5 /* ResourcesServer.swift */; };
		C1A60FF01F6D338488372E9C /* LinkRelation.swift in Sources */ = {isa = PBXBuildFile; fileRef = EE4DFB691A8F5C9944023514 /* LinkRelation.swift */; };
		C2732FAC2A11B6591C6F5689 /* UserRights.swift in Sources */ = {isa = PBXBuildFile; fileRef = 6A24F03B9CD971A2A0A5B625 /* UserRights.swift */; };
		C3F405896694F6535CECF6B4 /* Contributor.swift in Sources */ = {isa = PBXBuildFile; fileRef = DD6F3D83B15F95BEE75B59EC /* Contributor.swift */; };
		C4EC14C2D89403DEB50C61F8 /* ProxyResource.swift in Sources */ = {isa = PBXBuildFile; fileRef = 60C942C0A11669E9D11AA60D /* ProxyResource.swift */; };
		C7A33E182A23C6EE41106CE8 /* LoggerStub.swift in Sources */ = {isa = PBXBuildFile; fileRef = B686824426E261406CE0B8DE /* LoggerStub.swift */; };
		C9512D7DA5EAAA4BCE2C74EE /* Minizip.swift in Sources */ = {isa = PBXBuildFile; fileRef = C2B4B0409FBFFE88ED62A505 /* Minizip.swift */; };
		CCB4D62C00F5007C909576EC /* LazyResource.swift in Sources */ = {isa = PBXBuildFile; fileRef = 8562599B742791619E960D55 /* LazyResource.swift */; };
		CD848431D3C452A4E8DB8E6D /* UIImage.swift in Sources */ = {isa = PBXBuildFile; fileRef = 06DE72A55C9741545A9418A9 /* UIImage.swift */; };
		D2EE3621BEA0AD23378FEE35 /* Manifest.swift in Sources */ = {isa = PBXBuildFile; fileRef = A1ECA1363322CDDA8775E684 /* Manifest.swift */; };
		D399A8025459B985CF1D0FEB /* Subject.swift in Sources */ = {isa = PBXBuildFile; fileRef = 0B2B61A0D82792BA1D6BB458 /* Subject.swift */; };
		D459654F6FC027476286813F /* SearchService.swift in Sources */ = {isa = PBXBuildFile; fileRef = 659509B60F7F3C34282FB2F8 /* SearchService.swift */; };
		D592B0D6CEC34538C7C82E17 /* TransformingResource.swift in Sources */ = {isa = PBXBuildFile; fileRef = 114C896151E39E9C0DCC0D11 /* TransformingResource.swift */; };
		D5CD89FA2FEDD6EC94BD52C2 /* Publication+EPUB.swift in Sources */ = {isa = PBXBuildFile; fileRef = 9AABCC6E739B38E2410FD8E8 /* Publication+EPUB.swift */; };
		D8E2186A3A03AFCF2B26A30A /* Locator+HTML.swift in Sources */ = {isa = PBXBuildFile; fileRef = 300CC40DC11257641D370F5D /* Locator+HTML.swift */; };
		DC4214D236FFD0CD8C77CC1C /* UserSettings.swift in Sources */ = {isa = PBXBuildFile; fileRef = FB3F81086DEC1E9CC9A6041D /* UserSettings.swift */; };
		DCF92BCF267A6A4CD4151F99 /* Archive.swift in Sources */ = {isa = PBXBuildFile; fileRef = 8ED2EA0C243A415211865E6E /* Archive.swift */; };
		DE1F0E793B89EE695331F619 /* Loggable.swift in Sources */ = {isa = PBXBuildFile; fileRef = DC2272CA2D85243363421821 /* Loggable.swift */; };
		DE570931323895EA501FB6EE /* ContentProtection.swift in Sources */ = {isa = PBXBuildFile; fileRef = 62F98E152A2C7B27F7DBE220 /* ContentProtection.swift */; };
		DF17AF9C9AD8E3B81DC0C463 /* PDFDocument.swift in Sources */ = {isa = PBXBuildFile; fileRef = E73B9CA8CE144511FA065227 /* PDFDocument.swift */; };
		DF65F2B9DCB39A45054BC798 /* ControlFlow.swift in Sources */ = {isa = PBXBuildFile; fileRef = 20B1C376AF3A81F326F450B3 /* ControlFlow.swift */; };
		E1180EE8F133FAFEBFFE7620 /* MediaTypeSnifferContent.swift in Sources */ = {isa = PBXBuildFile; fileRef = DD1B07B0A4EEE7CE025D6062 /* MediaTypeSnifferContent.swift */; };
		E19189B40C2817CCBD3DC2DC /* HTTPClient.swift in Sources */ = {isa = PBXBuildFile; fileRef = CF4264245CC53F789E82B043 /* HTTPClient.swift */; };
		E20EFCD16BC059739A3CDF09 /* Logger.swift in Sources */ = {isa = PBXBuildFile; fileRef = 623FEE8CBF4083FB2B019CFB /* Logger.swift */; };
		E3A36D1E5950311A9DF483AA /* BufferedResource.swift in Sources */ = {isa = PBXBuildFile; fileRef = 136736BA1C80DD140544EF8E /* BufferedResource.swift */; };
		E434628DECFB7F546A18C1B6 /* DRM+Deprecated.swift in Sources */ = {isa = PBXBuildFile; fileRef = 89375FD55DF0964258DA3E62 /* DRM+Deprecated.swift */; };
		E4FD213CDEA43C9E2BDD862B /* XML.swift in Sources */ = {isa = PBXBuildFile; fileRef = 9FC3B71937EE7BB2D8B13DB9 /* XML.swift */; };
		E608E09609322F11148725F0 /* Feed.swift in Sources */ = {isa = PBXBuildFile; fileRef = 2CFF3BF9B7BD582A61B3D2EF /* Feed.swift */; };
		E8493C5DAC54EE4664F89731 /* Properties+Presentation.swift in Sources */ = {isa = PBXBuildFile; fileRef = FF859FC784F8C91F43FB32E8 /* Properties+Presentation.swift */; };
		EAE3E4E531FDD2EFC06AF52B /* OPDSAvailability.swift in Sources */ = {isa = PBXBuildFile; fileRef = 791D868E3BA1DC018C6EA202 /* OPDSAvailability.swift */; };
		EC33C0AA36F8250BA21CB71E /* ContentLayout.swift in Sources */ = {isa = PBXBuildFile; fileRef = 1963B8979CB96851E36886F3 /* ContentLayout.swift */; };
		EC9DB18B27B76C2B5A33EB33 /* Resource.swift in Sources */ = {isa = PBXBuildFile; fileRef = BD8DBB11387E196A994F348F /* Resource.swift */; };
		F5E2992C4A46370B36A06257 /* MediaType+Deprecated.swift in Sources */ = {isa = PBXBuildFile; fileRef = 18A1054FB232881F6181C047 /* MediaType+Deprecated.swift */; };
		F8006524FCF0088DCEA511A4 /* Collection.swift in Sources */ = {isa = PBXBuildFile; fileRef = 611954C77A52A219D64D083C /* Collection.swift */; };
		FCA7611AB29EF28B1CA29AF4 /* JSON.swift in Sources */ = {isa = PBXBuildFile; fileRef = 21082909CA838F81D0DE0917 /* JSON.swift */; };
		FE495E591880B2DEC45FA361 /* Either.swift in Sources */ = {isa = PBXBuildFile; fileRef = 52C23926FC67A71FE7866DEA /* Either.swift */; };
/* End PBXBuildFile section */

/* Begin PBXFileReference section */
		02496E25A4D8914078181AE7 /* CGPDF.swift */ = {isa = PBXFileReference; lastKnownFileType = sourcecode.swift; path = CGPDF.swift; sourceTree = "<group>"; };
		0250C8938907C7429DBB9DB6 /* Link.swift */ = {isa = PBXFileReference; lastKnownFileType = sourcecode.swift; path = Link.swift; sourceTree = "<group>"; };
		05C6B3ACA3679DF1FCF4E504 /* PDFOutlineNode.swift */ = {isa = PBXFileReference; lastKnownFileType = sourcecode.swift; path = PDFOutlineNode.swift; sourceTree = "<group>"; };
		06DE72A55C9741545A9418A9 /* UIImage.swift */ = {isa = PBXFileReference; lastKnownFileType = sourcecode.swift; path = UIImage.swift; sourceTree = "<group>"; };
		07C501F68B8A997C38ED924E /* Weak.swift */ = {isa = PBXFileReference; lastKnownFileType = sourcecode.swift; path = Weak.swift; sourceTree = "<group>"; };
		0B2B61A0D82792BA1D6BB458 /* Subject.swift */ = {isa = PBXFileReference; lastKnownFileType = sourcecode.swift; path = Subject.swift; sourceTree = "<group>"; };
		114C896151E39E9C0DCC0D11 /* TransformingResource.swift */ = {isa = PBXFileReference; lastKnownFileType = sourcecode.swift; path = TransformingResource.swift; sourceTree = "<group>"; };
		115BF56B95922F66BA60CCAF /* OPDSCopies.swift */ = {isa = PBXFileReference; lastKnownFileType = sourcecode.swift; path = OPDSCopies.swift; sourceTree = "<group>"; };
		136736BA1C80DD140544EF8E /* BufferedResource.swift */ = {isa = PBXFileReference; lastKnownFileType = sourcecode.swift; path = BufferedResource.swift; sourceTree = "<group>"; };
		144F0D82F9E864956956D7F0 /* PositionsService.swift */ = {isa = PBXFileReference; lastKnownFileType = sourcecode.swift; path = PositionsService.swift; sourceTree = "<group>"; };
		149E2A83570062C5BF47E4E8 /* AudioSession.swift */ = {isa = PBXFileReference; lastKnownFileType = sourcecode.swift; path = AudioSession.swift; sourceTree = "<group>"; };
		16869E899B5645F529C67267 /* Properties.swift */ = {isa = PBXFileReference; lastKnownFileType = sourcecode.swift; path = Properties.swift; sourceTree = "<group>"; };
		16B861DD590DDB81ECD26D55 /* EPUBLayout.swift */ = {isa = PBXFileReference; lastKnownFileType = sourcecode.swift; path = EPUBLayout.swift; sourceTree = "<group>"; };
		18A1054FB232881F6181C047 /* MediaType+Deprecated.swift */ = {isa = PBXFileReference; lastKnownFileType = sourcecode.swift; path = "MediaType+Deprecated.swift"; sourceTree = "<group>"; };
		1963B8979CB96851E36886F3 /* ContentLayout.swift */ = {isa = PBXFileReference; lastKnownFileType = sourcecode.swift; path = ContentLayout.swift; sourceTree = "<group>"; };
		19C6F40CA814A90C86EE23A7 /* Publication.swift */ = {isa = PBXFileReference; lastKnownFileType = sourcecode.swift; path = Publication.swift; sourceTree = "<group>"; };
		20B1C376AF3A81F326F450B3 /* ControlFlow.swift */ = {isa = PBXFileReference; lastKnownFileType = sourcecode.swift; path = ControlFlow.swift; sourceTree = "<group>"; };
		20E5731E52CAA845CC41A0B7 /* CachingResource.swift */ = {isa = PBXFileReference; lastKnownFileType = sourcecode.swift; path = CachingResource.swift; sourceTree = "<group>"; };
		21082909CA838F81D0DE0917 /* JSON.swift */ = {isa = PBXFileReference; lastKnownFileType = sourcecode.swift; path = JSON.swift; sourceTree = "<group>"; };
		2513E460A43C9F45E557AB7A /* CoverService.swift */ = {isa = PBXFileReference; lastKnownFileType = sourcecode.swift; path = CoverService.swift; sourceTree = "<group>"; };
		2A7CD08845104704BEDB70DF /* StringEncoding.swift */ = {isa = PBXFileReference; lastKnownFileType = sourcecode.swift; path = StringEncoding.swift; sourceTree = "<group>"; };
		2CFF3BF9B7BD582A61B3D2EF /* Feed.swift */ = {isa = PBXFileReference; lastKnownFileType = sourcecode.swift; path = Feed.swift; sourceTree = "<group>"; };
		2F222164FA82CB3DE273E540 /* HREF.swift */ = {isa = PBXFileReference; lastKnownFileType = sourcecode.swift; path = HREF.swift; sourceTree = "<group>"; };
		300CC40DC11257641D370F5D /* Locator+HTML.swift */ = {isa = PBXFileReference; lastKnownFileType = sourcecode.swift; path = "Locator+HTML.swift"; sourceTree = "<group>"; };
		30253134B5F49B3F3039588C /* PublicationService.swift */ = {isa = PBXFileReference; lastKnownFileType = sourcecode.swift; path = PublicationService.swift; sourceTree = "<group>"; };
		307E73B831FF4E3533C2D5BF /* OPDSAcquisition.swift */ = {isa = PBXFileReference; lastKnownFileType = sourcecode.swift; path = OPDSAcquisition.swift; sourceTree = "<group>"; };
		32A68397320BEA9698B9BA1C /* Minizip.xcframework */ = {isa = PBXFileReference; lastKnownFileType = wrapper.xcframework; name = Minizip.xcframework; path = Carthage/Build/Minizip.xcframework; sourceTree = "<group>"; };
		3471503070911A2FC19B9413 /* PublicationCollection.swift */ = {isa = PBXFileReference; lastKnownFileType = sourcecode.swift; path = PublicationCollection.swift; sourceTree = "<group>"; };
		356CB75AB75631465D190652 /* Info.plist */ = {isa = PBXFileReference; lastKnownFileType = text.plist; path = Info.plist; sourceTree = "<group>"; };
		35A8C67802013424E6F5BF06 /* Fetcher.swift */ = {isa = PBXFileReference; lastKnownFileType = sourcecode.swift; path = Fetcher.swift; sourceTree = "<group>"; };
		3632FDB3CC79418B98E3AD08 /* FailureResource.swift */ = {isa = PBXFileReference; lastKnownFileType = sourcecode.swift; path = FailureResource.swift; sourceTree = "<group>"; };
		373EFD4964C2ACD9ADC4AEBE /* ProxyFetcher.swift */ = {isa = PBXFileReference; lastKnownFileType = sourcecode.swift; path = ProxyFetcher.swift; sourceTree = "<group>"; };
		3C4513805264689FD04B3526 /* HTTPError.swift */ = {isa = PBXFileReference; lastKnownFileType = sourcecode.swift; path = HTTPError.swift; sourceTree = "<group>"; };
		403BF473CE76CB33B71A44A2 /* R2Shared.framework */ = {isa = PBXFileReference; explicitFileType = wrapper.framework; includeInIndex = 0; path = R2Shared.framework; sourceTree = BUILT_PRODUCTS_DIR; };
		40D92CB1C000CFE708C8A33D /* HTTPFetcher.swift */ = {isa = PBXFileReference; lastKnownFileType = sourcecode.swift; path = HTTPFetcher.swift; sourceTree = "<group>"; };
		438D627CF83B2F1203E430DD /* OpdsMetadata.swift */ = {isa = PBXFileReference; lastKnownFileType = sourcecode.swift; path = OpdsMetadata.swift; sourceTree = "<group>"; };
		48026EF40F9DD9158B0F675E /* Array.swift */ = {isa = PBXFileReference; lastKnownFileType = sourcecode.swift; path = Array.swift; sourceTree = "<group>"; };
		513112DEB93E45A7809E7E4F /* Fuzi.swift */ = {isa = PBXFileReference; lastKnownFileType = sourcecode.swift; path = Fuzi.swift; sourceTree = "<group>"; };
		52C23926FC67A71FE7866DEA /* Either.swift */ = {isa = PBXFileReference; lastKnownFileType = sourcecode.swift; path = Either.swift; sourceTree = "<group>"; };
		5972675D6D4EEDF60F2BEEC0 /* ContentProtectionService+WS.swift */ = {isa = PBXFileReference; lastKnownFileType = sourcecode.swift; path = "ContentProtectionService+WS.swift"; sourceTree = "<group>"; };
		5D5693906B5EA215184A14C0 /* Deferred.swift */ = {isa = PBXFileReference; lastKnownFileType = sourcecode.swift; path = Deferred.swift; sourceTree = "<group>"; };
		5ED40B43FB92B9BE297CB4C4 /* OPDSHolds.swift */ = {isa = PBXFileReference; lastKnownFileType = sourcecode.swift; path = OPDSHolds.swift; sourceTree = "<group>"; };
		5F43D0FE6A877698A137E097 /* RootFile.swift */ = {isa = PBXFileReference; lastKnownFileType = sourcecode.swift; path = RootFile.swift; sourceTree = "<group>"; };
		5F85BFAC3DA2B233DFA543A5 /* ResourceContentExtractor.swift */ = {isa = PBXFileReference; lastKnownFileType = sourcecode.swift; path = ResourceContentExtractor.swift; sourceTree = "<group>"; };
		5FC6D8DBF2B81FAD6D3817C5 /* TransformingFetcher.swift */ = {isa = PBXFileReference; lastKnownFileType = sourcecode.swift; path = TransformingFetcher.swift; sourceTree = "<group>"; };
		60B827AFE3A29618E77E0278 /* UTI.swift */ = {isa = PBXFileReference; lastKnownFileType = sourcecode.swift; path = UTI.swift; sourceTree = "<group>"; };
		60C942C0A11669E9D11AA60D /* ProxyResource.swift */ = {isa = PBXFileReference; lastKnownFileType = sourcecode.swift; path = ProxyResource.swift; sourceTree = "<group>"; };
		611954C77A52A219D64D083C /* Collection.swift */ = {isa = PBXFileReference; lastKnownFileType = sourcecode.swift; path = Collection.swift; sourceTree = "<group>"; };
		623FEE8CBF4083FB2B019CFB /* Logger.swift */ = {isa = PBXFileReference; lastKnownFileType = sourcecode.swift; path = Logger.swift; sourceTree = "<group>"; };
		62F98E152A2C7B27F7DBE220 /* ContentProtection.swift */ = {isa = PBXFileReference; lastKnownFileType = sourcecode.swift; path = ContentProtection.swift; sourceTree = "<group>"; };
		65120F892D403E7EB247AACA /* MediaTypeSnifferContext.swift */ = {isa = PBXFileReference; lastKnownFileType = sourcecode.swift; path = MediaTypeSnifferContext.swift; sourceTree = "<group>"; };
		659509B60F7F3C34282FB2F8 /* SearchService.swift */ = {isa = PBXFileReference; lastKnownFileType = sourcecode.swift; path = SearchService.swift; sourceTree = "<group>"; };
		69590727DDC0388F6D244BE2 /* Cancellable.swift */ = {isa = PBXFileReference; lastKnownFileType = sourcecode.swift; path = Cancellable.swift; sourceTree = "<group>"; };
		6A24F03B9CD971A2A0A5B625 /* UserRights.swift */ = {isa = PBXFileReference; lastKnownFileType = sourcecode.swift; path = UserRights.swift; sourceTree = "<group>"; };
		6CA4ED76230B4411894E9A3D /* r2-shared-swift.h */ = {isa = PBXFileReference; lastKnownFileType = sourcecode.c.h; path = "r2-shared-swift.h"; sourceTree = "<group>"; };
		6D5542A2B6D115F25F50CD3E /* DefaultLocatorService.swift */ = {isa = PBXFileReference; lastKnownFileType = sourcecode.swift; path = DefaultLocatorService.swift; sourceTree = "<group>"; };
		6DAACF459B7F8ECFDB7BD856 /* LocalizedString.swift */ = {isa = PBXFileReference; lastKnownFileType = sourcecode.swift; path = LocalizedString.swift; sourceTree = "<group>"; };
		753D124C5E7DCE3B2A3060A3 /* DOMRange.swift */ = {isa = PBXFileReference; lastKnownFileType = sourcecode.swift; path = DOMRange.swift; sourceTree = "<group>"; };
		76377EFA4D5FB8FB1C7304E3 /* Bundle.swift */ = {isa = PBXFileReference; lastKnownFileType = sourcecode.swift; path = Bundle.swift; sourceTree = "<group>"; };
		7675A148508F7B6DC31913BE /* ExplodedArchive.swift */ = {isa = PBXFileReference; lastKnownFileType = sourcecode.swift; path = ExplodedArchive.swift; sourceTree = "<group>"; };
		791D868E3BA1DC018C6EA202 /* OPDSAvailability.swift */ = {isa = PBXFileReference; lastKnownFileType = sourcecode.swift; path = OPDSAvailability.swift; sourceTree = "<group>"; };
		79477524CF36CF9C74ABACBC /* RoutingFetcher.swift */ = {isa = PBXFileReference; lastKnownFileType = sourcecode.swift; path = RoutingFetcher.swift; sourceTree = "<group>"; };
		7991BD90FD74CA5E400EE100 /* WarningLogger.swift */ = {isa = PBXFileReference; lastKnownFileType = sourcecode.swift; path = WarningLogger.swift; sourceTree = "<group>"; };
		7D07CAC0A0E181FEC759283B /* Publication+OPDS.swift */ = {isa = PBXFileReference; lastKnownFileType = sourcecode.swift; path = "Publication+OPDS.swift"; sourceTree = "<group>"; };
		7DAADB755467D6A7C3AB9C0A /* Optional.swift */ = {isa = PBXFileReference; lastKnownFileType = sourcecode.swift; path = Optional.swift; sourceTree = "<group>"; };
		7FABCD5A6886B13F905E10D4 /* en */ = {isa = PBXFileReference; lastKnownFileType = text.plist.strings; name = en; path = en.lproj/Localizable.strings; sourceTree = "<group>"; };
		816F38E9EEC9BCFB80F62C9C /* StringSearchService.swift */ = {isa = PBXFileReference; lastKnownFileType = sourcecode.swift; path = StringSearchService.swift; sourceTree = "<group>"; };
		81D6CC40217DD0484A3EF665 /* Metadata.swift */ = {isa = PBXFileReference; lastKnownFileType = sourcecode.swift; path = Metadata.swift; sourceTree = "<group>"; };
		8436CDC667F72DBE32CFFC40 /* Presentation.swift */ = {isa = PBXFileReference; lastKnownFileType = sourcecode.swift; path = Presentation.swift; sourceTree = "<group>"; };
		85567BC5E9E70404F52FC899 /* PerResourcePositionsService.swift */ = {isa = PBXFileReference; lastKnownFileType = sourcecode.swift; path = PerResourcePositionsService.swift; sourceTree = "<group>"; };
		8562599B742791619E960D55 /* LazyResource.swift */ = {isa = PBXFileReference; lastKnownFileType = sourcecode.swift; path = LazyResource.swift; sourceTree = "<group>"; };
		8852F98D57BD9EC6F39B86DA /* DefaultHTTPClient.swift */ = {isa = PBXFileReference; lastKnownFileType = sourcecode.swift; path = DefaultHTTPClient.swift; sourceTree = "<group>"; };
		89375FD55DF0964258DA3E62 /* DRM+Deprecated.swift */ = {isa = PBXFileReference; lastKnownFileType = sourcecode.swift; path = "DRM+Deprecated.swift"; sourceTree = "<group>"; };
		8ED2EA0C243A415211865E6E /* Archive.swift */ = {isa = PBXFileReference; lastKnownFileType = sourcecode.swift; path = Archive.swift; sourceTree = "<group>"; };
		8EDE6BFAA4E376A061D059BB /* NSRegularExpression.swift */ = {isa = PBXFileReference; lastKnownFileType = sourcecode.swift; path = NSRegularExpression.swift; sourceTree = "<group>"; };
		8F28B5FF73460BE54A30F6C0 /* String.swift */ = {isa = PBXFileReference; lastKnownFileType = sourcecode.swift; path = String.swift; sourceTree = "<group>"; };
		93E34DD981910896C78DA4F4 /* Metadata+Presentation.swift */ = {isa = PBXFileReference; lastKnownFileType = sourcecode.swift; path = "Metadata+Presentation.swift"; sourceTree = "<group>"; };
		94C59B13BE4EE45BED0AFC8D /* Properties+EPUB.swift */ = {isa = PBXFileReference; lastKnownFileType = sourcecode.swift; path = "Properties+EPUB.swift"; sourceTree = "<group>"; };
		98583AB83FE5564818142B0A /* MediaOverlays.swift */ = {isa = PBXFileReference; lastKnownFileType = sourcecode.swift; path = MediaOverlays.swift; sourceTree = "<group>"; };
		98828275B2CC4AE3454B24BA /* Locator.swift */ = {isa = PBXFileReference; lastKnownFileType = sourcecode.swift; path = Locator.swift; sourceTree = "<group>"; };
		9AABCC6E739B38E2410FD8E8 /* Publication+EPUB.swift */ = {isa = PBXFileReference; lastKnownFileType = sourcecode.swift; path = "Publication+EPUB.swift"; sourceTree = "<group>"; };
		9C61D1A9C5B8646AC3A8C6B2 /* LocatorService.swift */ = {isa = PBXFileReference; lastKnownFileType = sourcecode.swift; path = LocatorService.swift; sourceTree = "<group>"; };
		9C9B29C3003F2A6A4291CE76 /* NowPlayingInfo.swift */ = {isa = PBXFileReference; lastKnownFileType = sourcecode.swift; path = NowPlayingInfo.swift; sourceTree = "<group>"; };
		9FC3B71937EE7BB2D8B13DB9 /* XML.swift */ = {isa = PBXFileReference; lastKnownFileType = sourcecode.swift; path = XML.swift; sourceTree = "<group>"; };
		A1ECA1363322CDDA8775E684 /* Manifest.swift */ = {isa = PBXFileReference; lastKnownFileType = sourcecode.swift; path = Manifest.swift; sourceTree = "<group>"; };
		A4B992791A2BA3B91ABDD397 /* GeneratedCoverService.swift */ = {isa = PBXFileReference; lastKnownFileType = sourcecode.swift; path = GeneratedCoverService.swift; sourceTree = "<group>"; };
		A8FB4B6782B909BDAA4F0B1F /* DownloadSession.swift */ = {isa = PBXFileReference; lastKnownFileType = sourcecode.swift; path = DownloadSession.swift; sourceTree = "<group>"; };
		A977B79969D3899A6C4457DA /* FileFetcher.swift */ = {isa = PBXFileReference; lastKnownFileType = sourcecode.swift; path = FileFetcher.swift; sourceTree = "<group>"; };
		AA8B7B83D82CDD5D68465CD9 /* Encryption.swift */ = {isa = PBXFileReference; lastKnownFileType = sourcecode.swift; path = Encryption.swift; sourceTree = "<group>"; };
		AEA08FC88E765015DE3CA7E9 /* Observable.swift */ = {isa = PBXFileReference; lastKnownFileType = sourcecode.swift; path = Observable.swift; sourceTree = "<group>"; };
		B09A8D5776D8343857EB926F /* DataResource.swift */ = {isa = PBXFileReference; lastKnownFileType = sourcecode.swift; path = DataResource.swift; sourceTree = "<group>"; };
		B686824426E261406CE0B8DE /* LoggerStub.swift */ = {isa = PBXFileReference; lastKnownFileType = sourcecode.swift; path = LoggerStub.swift; sourceTree = "<group>"; };
		BBB5EF04915576F6CA489BEA /* UserProperties.swift */ = {isa = PBXFileReference; lastKnownFileType = sourcecode.swift; path = UserProperties.swift; sourceTree = "<group>"; };
		BD8DBB11387E196A994F348F /* Resource.swift */ = {isa = PBXFileReference; lastKnownFileType = sourcecode.swift; path = Resource.swift; sourceTree = "<group>"; };
		C14596E7E0F8AD6BF2FE4A66 /* PublicationServicesBuilder.swift */ = {isa = PBXFileReference; lastKnownFileType = sourcecode.swift; path = PublicationServicesBuilder.swift; sourceTree = "<group>"; };
		C2B4B0409FBFFE88ED62A505 /* Minizip.swift */ = {isa = PBXFileReference; lastKnownFileType = sourcecode.swift; path = Minizip.swift; sourceTree = "<group>"; };
		C472AF619BA85D81DDAD3A78 /* MediaType.swift */ = {isa = PBXFileReference; lastKnownFileType = sourcecode.swift; path = MediaType.swift; sourceTree = "<group>"; };
		C61EE2D07D8C43647BE6A5F6 /* Properties+OPDS.swift */ = {isa = PBXFileReference; lastKnownFileType = sourcecode.swift; path = "Properties+OPDS.swift"; sourceTree = "<group>"; };
		C7B45137727F16B7146E133A /* ContentProtectionService.swift */ = {isa = PBXFileReference; lastKnownFileType = sourcecode.swift; path = ContentProtectionService.swift; sourceTree = "<group>"; };
		C91538058FD4FF94E28CDF22 /* PublicationAsset.swift */ = {isa = PBXFileReference; lastKnownFileType = sourcecode.swift; path = PublicationAsset.swift; sourceTree = "<group>"; };
		C9362E52BD8FF4B312B9A116 /* Publication+Deprecated.swift */ = {isa = PBXFileReference; lastKnownFileType = sourcecode.swift; path = "Publication+Deprecated.swift"; sourceTree = "<group>"; };
		C9ED0E3D75A8007CEE595726 /* Publication+JSON.swift */ = {isa = PBXFileReference; lastKnownFileType = sourcecode.swift; path = "Publication+JSON.swift"; sourceTree = "<group>"; };
		CA63BE332E42E144E9210683 /* URITemplate.swift */ = {isa = PBXFileReference; lastKnownFileType = sourcecode.swift; path = URITemplate.swift; sourceTree = "<group>"; };
		CB15B63B6A92C447F20D4C8D /* ReadingProgression.swift */ = {isa = PBXFileReference; lastKnownFileType = sourcecode.swift; path = ReadingProgression.swift; sourceTree = "<group>"; };
		CC159BC0867EE1913F930D03 /* Fuzi.xcframework */ = {isa = PBXFileReference; lastKnownFileType = wrapper.xcframework; name = Fuzi.xcframework; path = Carthage/Build/Fuzi.xcframework; sourceTree = "<group>"; };
		CF4264245CC53F789E82B043 /* HTTPClient.swift */ = {isa = PBXFileReference; lastKnownFileType = sourcecode.swift; path = HTTPClient.swift; sourceTree = "<group>"; };
		CF521045C12D340C0ED2F1D5 /* OPDSPrice.swift */ = {isa = PBXFileReference; lastKnownFileType = sourcecode.swift; path = OPDSPrice.swift; sourceTree = "<group>"; };
		D069A3DF7F29846F278CA2C0 /* Date+ISO8601.swift */ = {isa = PBXFileReference; lastKnownFileType = sourcecode.swift; path = "Date+ISO8601.swift"; sourceTree = "<group>"; };
		D2B8C3C7AB5943F193445402 /* Result.swift */ = {isa = PBXFileReference; lastKnownFileType = sourcecode.swift; path = Result.swift; sourceTree = "<group>"; };
		D86A2C60F323240CE929C5A5 /* SwiftSoup.xcframework */ = {isa = PBXFileReference; lastKnownFileType = wrapper.xcframework; name = SwiftSoup.xcframework; path = Carthage/Build/SwiftSoup.xcframework; sourceTree = "<group>"; };
		D89057307CBA62D92873D2ED /* CoreServices.framework */ = {isa = PBXFileReference; lastKnownFileType = wrapper.framework; name = CoreServices.framework; path = System/Library/Frameworks/CoreServices.framework; sourceTree = SDKROOT; };
		DB8AC2A596BD5822FCFF398C /* Properties+Archive.swift */ = {isa = PBXFileReference; lastKnownFileType = sourcecode.swift; path = "Properties+Archive.swift"; sourceTree = "<group>"; };
		DC2272CA2D85243363421821 /* Loggable.swift */ = {isa = PBXFileReference; lastKnownFileType = sourcecode.swift; path = Loggable.swift; sourceTree = "<group>"; };
		DD1B07B0A4EEE7CE025D6062 /* MediaTypeSnifferContent.swift */ = {isa = PBXFileReference; lastKnownFileType = sourcecode.swift; path = MediaTypeSnifferContent.swift; sourceTree = "<group>"; };
		DD6F3D83B15F95BEE75B59EC /* Contributor.swift */ = {isa = PBXFileReference; lastKnownFileType = sourcecode.swift; path = Contributor.swift; sourceTree = "<group>"; };
		DF93B1B82C61DED34A383447 /* Facet.swift */ = {isa = PBXFileReference; lastKnownFileType = sourcecode.swift; path = Facet.swift; sourceTree = "<group>"; };
		E137DB40C4858F7A37424DC3 /* R2LocalizedString.swift */ = {isa = PBXFileReference; lastKnownFileType = sourcecode.swift; path = R2LocalizedString.swift; sourceTree = "<group>"; };
		E1CE540E65C8DAEE0F4142A7 /* MediaOverlayNode.swift */ = {isa = PBXFileReference; lastKnownFileType = sourcecode.swift; path = MediaOverlayNode.swift; sourceTree = "<group>"; };
		E617C164608EEE0204A41EF3 /* CancellableResult.swift */ = {isa = PBXFileReference; lastKnownFileType = sourcecode.swift; path = CancellableResult.swift; sourceTree = "<group>"; };
		E73B9CA8CE144511FA065227 /* PDFDocument.swift */ = {isa = PBXFileReference; lastKnownFileType = sourcecode.swift; path = PDFDocument.swift; sourceTree = "<group>"; };
		E92B718B5785AC76A29E8917 /* DocumentTypes.swift */ = {isa = PBXFileReference; lastKnownFileType = sourcecode.swift; path = DocumentTypes.swift; sourceTree = "<group>"; };
		E97CBD21B46087641726AD1E /* URL.swift */ = {isa = PBXFileReference; lastKnownFileType = sourcecode.swift; path = URL.swift; sourceTree = "<group>"; };
		ED94EEDE57E63F5A40C3D255 /* PDFKit.swift */ = {isa = PBXFileReference; lastKnownFileType = sourcecode.swift; path = PDFKit.swift; sourceTree = "<group>"; };
		EDB30FEE19EDFB137514ABB5 /* ResourcesServer.swift */ = {isa = PBXFileReference; lastKnownFileType = sourcecode.swift; path = ResourcesServer.swift; sourceTree = "<group>"; };
		EE4DFB691A8F5C9944023514 /* LinkRelation.swift */ = {isa = PBXFileReference; lastKnownFileType = sourcecode.swift; path = LinkRelation.swift; sourceTree = "<group>"; };
		F0BA3EAEA2D40C069EE43FBD /* Properties+Encryption.swift */ = {isa = PBXFileReference; lastKnownFileType = sourcecode.swift; path = "Properties+Encryption.swift"; sourceTree = "<group>"; };
		F2254C6F0DF1B39D48A1075D /* UInt64.swift */ = {isa = PBXFileReference; lastKnownFileType = sourcecode.swift; path = UInt64.swift; sourceTree = "<group>"; };
		F489D5C1139E683735E09045 /* HTTPRequest.swift */ = {isa = PBXFileReference; lastKnownFileType = sourcecode.swift; path = HTTPRequest.swift; sourceTree = "<group>"; };
		F5AB0242E30DBB430CD9D6D8 /* FileAsset.swift */ = {isa = PBXFileReference; lastKnownFileType = sourcecode.swift; path = FileAsset.swift; sourceTree = "<group>"; };
		F708F3FBB10571FDB5924EA4 /* HTTPProblemDetails.swift */ = {isa = PBXFileReference; lastKnownFileType = sourcecode.swift; path = HTTPProblemDetails.swift; sourceTree = "<group>"; };
		F8A9D51B00556A7B83DE74E8 /* Group.swift */ = {isa = PBXFileReference; lastKnownFileType = sourcecode.swift; path = Group.swift; sourceTree = "<group>"; };
		FB3F81086DEC1E9CC9A6041D /* UserSettings.swift */ = {isa = PBXFileReference; lastKnownFileType = sourcecode.swift; path = UserSettings.swift; sourceTree = "<group>"; };
		FC7BF7167D5C43C468486907 /* MediaTypeSniffer.swift */ = {isa = PBXFileReference; lastKnownFileType = sourcecode.swift; path = MediaTypeSniffer.swift; sourceTree = "<group>"; };
		FD7AF5118EF5FA52BA96451A /* ArchiveFetcher.swift */ = {isa = PBXFileReference; lastKnownFileType = sourcecode.swift; path = ArchiveFetcher.swift; sourceTree = "<group>"; };
		FF859FC784F8C91F43FB32E8 /* Properties+Presentation.swift */ = {isa = PBXFileReference; lastKnownFileType = sourcecode.swift; path = "Properties+Presentation.swift"; sourceTree = "<group>"; };
/* End PBXFileReference section */

/* Begin PBXFrameworksBuildPhase section */
		A27D92F6EA53BA6C34FE8591 /* Frameworks */ = {
			isa = PBXFrameworksBuildPhase;
			buildActionMask = 2147483647;
			files = (
				1E62A83E781C63B8DDE205F9 /* Fuzi.xcframework in Frameworks */,
				649BE3E9B5C9C11B27B8BCA0 /* Minizip.xcframework in Frameworks */,
				44DA15C4219ADFE1F5BFEE0F /* SwiftSoup.xcframework in Frameworks */,
				72B78702CCC89ECC54EC2B77 /* CoreServices.framework in Frameworks */,
			);
			runOnlyForDeploymentPostprocessing = 0;
		};
/* End PBXFrameworksBuildPhase section */

/* Begin PBXGroup section */
		00197806CE3B182314CCC286 /* Archive */ = {
			isa = PBXGroup;
			children = (
				8ED2EA0C243A415211865E6E /* Archive.swift */,
				7675A148508F7B6DC31913BE /* ExplodedArchive.swift */,
				C2B4B0409FBFFE88ED62A505 /* Minizip.swift */,
			);
			path = Archive;
			sourceTree = "<group>";
		};
		0102002B453CF611FB8A235F /* Asset */ = {
			isa = PBXGroup;
			children = (
				F5AB0242E30DBB430CD9D6D8 /* FileAsset.swift */,
				C91538058FD4FF94E28CDF22 /* PublicationAsset.swift */,
			);
			path = Asset;
			sourceTree = "<group>";
		};
		0347B491E6B90C41EBEB91EE /* Resource */ = {
			isa = PBXGroup;
			children = (
				136736BA1C80DD140544EF8E /* BufferedResource.swift */,
				20E5731E52CAA845CC41A0B7 /* CachingResource.swift */,
				B09A8D5776D8343857EB926F /* DataResource.swift */,
				3632FDB3CC79418B98E3AD08 /* FailureResource.swift */,
				8562599B742791619E960D55 /* LazyResource.swift */,
				60C942C0A11669E9D11AA60D /* ProxyResource.swift */,
				BD8DBB11387E196A994F348F /* Resource.swift */,
				5F85BFAC3DA2B233DFA543A5 /* ResourceContentExtractor.swift */,
				114C896151E39E9C0DCC0D11 /* TransformingResource.swift */,
			);
			path = Resource;
			sourceTree = "<group>";
		};
		0CEFA588BECD2936D9186357 /* Extensions */ = {
			isa = PBXGroup;
			children = (
				48026EF40F9DD9158B0F675E /* Array.swift */,
				76377EFA4D5FB8FB1C7304E3 /* Bundle.swift */,
				611954C77A52A219D64D083C /* Collection.swift */,
				8EDE6BFAA4E376A061D059BB /* NSRegularExpression.swift */,
				7DAADB755467D6A7C3AB9C0A /* Optional.swift */,
				D2B8C3C7AB5943F193445402 /* Result.swift */,
				8F28B5FF73460BE54A30F6C0 /* String.swift */,
				2A7CD08845104704BEDB70DF /* StringEncoding.swift */,
				06DE72A55C9741545A9418A9 /* UIImage.swift */,
				F2254C6F0DF1B39D48A1075D /* UInt64.swift */,
				E97CBD21B46087641726AD1E /* URL.swift */,
			);
			path = Extensions;
			sourceTree = "<group>";
		};
		1E5942C775C384E29B149A69 /* Positions */ = {
			isa = PBXGroup;
			children = (
				85567BC5E9E70404F52FC899 /* PerResourcePositionsService.swift */,
				144F0D82F9E864956956D7F0 /* PositionsService.swift */,
			);
			path = Positions;
			sourceTree = "<group>";
		};
		284006354B789E48EE169C4D /* User Settings */ = {
			isa = PBXGroup;
			children = (
				BBB5EF04915576F6CA489BEA /* UserProperties.swift */,
				FB3F81086DEC1E9CC9A6041D /* UserSettings.swift */,
			);
			path = "User Settings";
			sourceTree = "<group>";
		};
		2BDB7FFA5BF5EDFDAC586326 /* r2-shared-swift */ = {
			isa = PBXGroup;
			children = (
				356CB75AB75631465D190652 /* Info.plist */,
				6CA4ED76230B4411894E9A3D /* r2-shared-swift.h */,
				5F43D0FE6A877698A137E097 /* RootFile.swift */,
				4D23C9C9B43731CA983C8D0F /* DRM */,
				ED85E44ABE2CA059A0E15891 /* Fetcher */,
				F64DC74ED820995F3452B39B /* Logger */,
				C0CA8A47996D945A11D03555 /* OPDS */,
				5B6C910C00CC837BB9EDE756 /* Publication */,
				3320134D688F2525DFF379E5 /* Resources */,
				594A71F9A7528EAEEBDEFFAD /* Toolkit */,
			);
			path = "r2-shared-swift";
			sourceTree = "<group>";
		};
		2D6C6BBAF044B7B607F4CC08 /* Media Overlays */ = {
			isa = PBXGroup;
			children = (
				E1CE540E65C8DAEE0F4142A7 /* MediaOverlayNode.swift */,
				98583AB83FE5564818142B0A /* MediaOverlays.swift */,
			);
			path = "Media Overlays";
			sourceTree = "<group>";
		};
		330767466432BB49B2DF9F14 /* PDF */ = {
			isa = PBXGroup;
			children = (
				02496E25A4D8914078181AE7 /* CGPDF.swift */,
				E73B9CA8CE144511FA065227 /* PDFDocument.swift */,
				ED94EEDE57E63F5A40C3D255 /* PDFKit.swift */,
				05C6B3ACA3679DF1FCF4E504 /* PDFOutlineNode.swift */,
			);
			path = PDF;
			sourceTree = "<group>";
		};
		3320134D688F2525DFF379E5 /* Resources */ = {
			isa = PBXGroup;
			children = (
				FC07C5DE07FB3AF7E894393E /* Localizable.strings */,
			);
			path = Resources;
			sourceTree = "<group>";
		};
		3EC191B4E9F47B8F12E7207D /* Media Type */ = {
			isa = PBXGroup;
			children = (
				C472AF619BA85D81DDAD3A78 /* MediaType.swift */,
				18A1054FB232881F6181C047 /* MediaType+Deprecated.swift */,
				FC7BF7167D5C43C468486907 /* MediaTypeSniffer.swift */,
				DD1B07B0A4EEE7CE025D6062 /* MediaTypeSnifferContent.swift */,
				65120F892D403E7EB247AACA /* MediaTypeSnifferContext.swift */,
			);
			path = "Media Type";
			sourceTree = "<group>";
		};
		46DAFBEEAA11F4E4524C2889 /* Locator */ = {
			isa = PBXGroup;
			children = (
				6D5542A2B6D115F25F50CD3E /* DefaultLocatorService.swift */,
				9C61D1A9C5B8646AC3A8C6B2 /* LocatorService.swift */,
			);
			path = Locator;
			sourceTree = "<group>";
		};
		4D23C9C9B43731CA983C8D0F /* DRM */ = {
			isa = PBXGroup;
			children = (
				89375FD55DF0964258DA3E62 /* DRM+Deprecated.swift */,
			);
			path = DRM;
			sourceTree = "<group>";
		};
		54B0390CD8D210456A4A26E6 /* Encryption */ = {
			isa = PBXGroup;
			children = (
				AA8B7B83D82CDD5D68465CD9 /* Encryption.swift */,
				F0BA3EAEA2D40C069EE43FBD /* Properties+Encryption.swift */,
			);
			path = Encryption;
			sourceTree = "<group>";
		};
		594A71F9A7528EAEEBDEFFAD /* Toolkit */ = {
			isa = PBXGroup;
			children = (
				69590727DDC0388F6D244BE2 /* Cancellable.swift */,
				E617C164608EEE0204A41EF3 /* CancellableResult.swift */,
				20B1C376AF3A81F326F450B3 /* ControlFlow.swift */,
				D069A3DF7F29846F278CA2C0 /* Date+ISO8601.swift */,
				5D5693906B5EA215184A14C0 /* Deferred.swift */,
				E92B718B5785AC76A29E8917 /* DocumentTypes.swift */,
				A8FB4B6782B909BDAA4F0B1F /* DownloadSession.swift */,
				52C23926FC67A71FE7866DEA /* Either.swift */,
				2F222164FA82CB3DE273E540 /* HREF.swift */,
				21082909CA838F81D0DE0917 /* JSON.swift */,
				AEA08FC88E765015DE3CA7E9 /* Observable.swift */,
				E137DB40C4858F7A37424DC3 /* R2LocalizedString.swift */,
				EDB30FEE19EDFB137514ABB5 /* ResourcesServer.swift */,
				CA63BE332E42E144E9210683 /* URITemplate.swift */,
				60B827AFE3A29618E77E0278 /* UTI.swift */,
				07C501F68B8A997C38ED924E /* Weak.swift */,
				00197806CE3B182314CCC286 /* Archive */,
				0CEFA588BECD2936D9186357 /* Extensions */,
				BBBD2C0D204FEA9190BEBECF /* HTTP */,
				63DCAE6E1590E9091AE1165F /* Logging */,
				716BBFEF25A82389A9AA22FD /* Media */,
				3EC191B4E9F47B8F12E7207D /* Media Type */,
				330767466432BB49B2DF9F14 /* PDF */,
				FBFEC868DBF51545335E2A0F /* XML */,
			);
			path = Toolkit;
			sourceTree = "<group>";
		};
		5B6C910C00CC837BB9EDE756 /* Publication */ = {
			isa = PBXGroup;
			children = (
				1963B8979CB96851E36886F3 /* ContentLayout.swift */,
				62F98E152A2C7B27F7DBE220 /* ContentProtection.swift */,
				DD6F3D83B15F95BEE75B59EC /* Contributor.swift */,
				0250C8938907C7429DBB9DB6 /* Link.swift */,
				EE4DFB691A8F5C9944023514 /* LinkRelation.swift */,
				6DAACF459B7F8ECFDB7BD856 /* LocalizedString.swift */,
				98828275B2CC4AE3454B24BA /* Locator.swift */,
				A1ECA1363322CDDA8775E684 /* Manifest.swift */,
				81D6CC40217DD0484A3EF665 /* Metadata.swift */,
				16869E899B5645F529C67267 /* Properties.swift */,
				19C6F40CA814A90C86EE23A7 /* Publication.swift */,
				C9362E52BD8FF4B312B9A116 /* Publication+Deprecated.swift */,
				C9ED0E3D75A8007CEE595726 /* Publication+JSON.swift */,
				3471503070911A2FC19B9413 /* PublicationCollection.swift */,
				CB15B63B6A92C447F20D4C8D /* ReadingProgression.swift */,
				0B2B61A0D82792BA1D6BB458 /* Subject.swift */,
				0102002B453CF611FB8A235F /* Asset */,
				D1174EC51D1FB24F9D116672 /* Extensions */,
				2D6C6BBAF044B7B607F4CC08 /* Media Overlays */,
				900CD9BFF3730479921CD0AD /* Services */,
				284006354B789E48EE169C4D /* User Settings */,
			);
			path = Publication;
			sourceTree = "<group>";
		};
		639CD81091B3259A971D3D98 /* Content Protection */ = {
			isa = PBXGroup;
			children = (
				C7B45137727F16B7146E133A /* ContentProtectionService.swift */,
				5972675D6D4EEDF60F2BEEC0 /* ContentProtectionService+WS.swift */,
				6A24F03B9CD971A2A0A5B625 /* UserRights.swift */,
			);
			path = "Content Protection";
			sourceTree = "<group>";
		};
		63DCAE6E1590E9091AE1165F /* Logging */ = {
			isa = PBXGroup;
			children = (
				7991BD90FD74CA5E400EE100 /* WarningLogger.swift */,
			);
			path = Logging;
			sourceTree = "<group>";
		};
		7123EA9551E1C29AAA9E6083 /* OPDS */ = {
			isa = PBXGroup;
			children = (
				C61EE2D07D8C43647BE6A5F6 /* Properties+OPDS.swift */,
				7D07CAC0A0E181FEC759283B /* Publication+OPDS.swift */,
			);
			path = OPDS;
			sourceTree = "<group>";
		};
		716BBFEF25A82389A9AA22FD /* Media */ = {
			isa = PBXGroup;
			children = (
				149E2A83570062C5BF47E4E8 /* AudioSession.swift */,
				9C9B29C3003F2A6A4291CE76 /* NowPlayingInfo.swift */,
			);
			path = Media;
			sourceTree = "<group>";
		};
		764C2191E5C48AEBA77879D7 = {
			isa = PBXGroup;
			children = (
				2BDB7FFA5BF5EDFDAC586326 /* r2-shared-swift */,
				F7494D617C85EBBA41DF3FAD /* Frameworks */,
				C0F8CD953F30195ECAED5E1D /* Products */,
			);
			sourceTree = "<group>";
		};
		76BDFEDE552E9C7D2D66CAEA /* Archive */ = {
			isa = PBXGroup;
			children = (
				DB8AC2A596BD5822FCFF398C /* Properties+Archive.swift */,
			);
			path = Archive;
			sourceTree = "<group>";
		};
		7BF417D27FD6558159C1180E /* Presentation */ = {
			isa = PBXGroup;
			children = (
				93E34DD981910896C78DA4F4 /* Metadata+Presentation.swift */,
				8436CDC667F72DBE32CFFC40 /* Presentation.swift */,
				FF859FC784F8C91F43FB32E8 /* Properties+Presentation.swift */,
			);
			path = Presentation;
			sourceTree = "<group>";
		};
		900CD9BFF3730479921CD0AD /* Services */ = {
			isa = PBXGroup;
			children = (
				30253134B5F49B3F3039588C /* PublicationService.swift */,
				C14596E7E0F8AD6BF2FE4A66 /* PublicationServicesBuilder.swift */,
				639CD81091B3259A971D3D98 /* Content Protection */,
				B5E2ACF40FDD1550F28834E1 /* Cover */,
				46DAFBEEAA11F4E4524C2889 /* Locator */,
				1E5942C775C384E29B149A69 /* Positions */,
				E7A814B9B80EA1B3FBCDAD4A /* Search */,
			);
			path = Services;
			sourceTree = "<group>";
		};
		AD19B566DA3FFD0B40E613D2 /* HTML */ = {
			isa = PBXGroup;
			children = (
				753D124C5E7DCE3B2A3060A3 /* DOMRange.swift */,
				300CC40DC11257641D370F5D /* Locator+HTML.swift */,
			);
			path = HTML;
			sourceTree = "<group>";
		};
		B5E2ACF40FDD1550F28834E1 /* Cover */ = {
			isa = PBXGroup;
			children = (
				2513E460A43C9F45E557AB7A /* CoverService.swift */,
				A4B992791A2BA3B91ABDD397 /* GeneratedCoverService.swift */,
			);
			path = Cover;
			sourceTree = "<group>";
		};
		BBBD2C0D204FEA9190BEBECF /* HTTP */ = {
			isa = PBXGroup;
			children = (
				8852F98D57BD9EC6F39B86DA /* DefaultHTTPClient.swift */,
				CF4264245CC53F789E82B043 /* HTTPClient.swift */,
				3C4513805264689FD04B3526 /* HTTPError.swift */,
				F708F3FBB10571FDB5924EA4 /* HTTPProblemDetails.swift */,
				F489D5C1139E683735E09045 /* HTTPRequest.swift */,
			);
			path = HTTP;
			sourceTree = "<group>";
		};
		C0CA8A47996D945A11D03555 /* OPDS */ = {
			isa = PBXGroup;
			children = (
				DF93B1B82C61DED34A383447 /* Facet.swift */,
				2CFF3BF9B7BD582A61B3D2EF /* Feed.swift */,
				F8A9D51B00556A7B83DE74E8 /* Group.swift */,
				307E73B831FF4E3533C2D5BF /* OPDSAcquisition.swift */,
				791D868E3BA1DC018C6EA202 /* OPDSAvailability.swift */,
				115BF56B95922F66BA60CCAF /* OPDSCopies.swift */,
				5ED40B43FB92B9BE297CB4C4 /* OPDSHolds.swift */,
				438D627CF83B2F1203E430DD /* OpdsMetadata.swift */,
				CF521045C12D340C0ED2F1D5 /* OPDSPrice.swift */,
			);
			path = OPDS;
			sourceTree = "<group>";
		};
		C0F8CD953F30195ECAED5E1D /* Products */ = {
			isa = PBXGroup;
			children = (
				403BF473CE76CB33B71A44A2 /* R2Shared.framework */,
			);
			name = Products;
			sourceTree = "<group>";
		};
		D1174EC51D1FB24F9D116672 /* Extensions */ = {
			isa = PBXGroup;
			children = (
				76BDFEDE552E9C7D2D66CAEA /* Archive */,
				54B0390CD8D210456A4A26E6 /* Encryption */,
				F5DC1C1C01432E2F88EF32C7 /* EPUB */,
				AD19B566DA3FFD0B40E613D2 /* HTML */,
				7123EA9551E1C29AAA9E6083 /* OPDS */,
				7BF417D27FD6558159C1180E /* Presentation */,
			);
			path = Extensions;
			sourceTree = "<group>";
		};
		E7A814B9B80EA1B3FBCDAD4A /* Search */ = {
			isa = PBXGroup;
			children = (
				659509B60F7F3C34282FB2F8 /* SearchService.swift */,
				816F38E9EEC9BCFB80F62C9C /* StringSearchService.swift */,
			);
			path = Search;
			sourceTree = "<group>";
		};
		ED85E44ABE2CA059A0E15891 /* Fetcher */ = {
			isa = PBXGroup;
			children = (
				FD7AF5118EF5FA52BA96451A /* ArchiveFetcher.swift */,
				35A8C67802013424E6F5BF06 /* Fetcher.swift */,
				A977B79969D3899A6C4457DA /* FileFetcher.swift */,
				40D92CB1C000CFE708C8A33D /* HTTPFetcher.swift */,
				373EFD4964C2ACD9ADC4AEBE /* ProxyFetcher.swift */,
				79477524CF36CF9C74ABACBC /* RoutingFetcher.swift */,
				5FC6D8DBF2B81FAD6D3817C5 /* TransformingFetcher.swift */,
				0347B491E6B90C41EBEB91EE /* Resource */,
			);
			path = Fetcher;
			sourceTree = "<group>";
		};
		F5DC1C1C01432E2F88EF32C7 /* EPUB */ = {
			isa = PBXGroup;
			children = (
				16B861DD590DDB81ECD26D55 /* EPUBLayout.swift */,
				94C59B13BE4EE45BED0AFC8D /* Properties+EPUB.swift */,
				9AABCC6E739B38E2410FD8E8 /* Publication+EPUB.swift */,
			);
			path = EPUB;
			sourceTree = "<group>";
		};
		F64DC74ED820995F3452B39B /* Logger */ = {
			isa = PBXGroup;
			children = (
				DC2272CA2D85243363421821 /* Loggable.swift */,
				623FEE8CBF4083FB2B019CFB /* Logger.swift */,
				B686824426E261406CE0B8DE /* LoggerStub.swift */,
			);
			path = Logger;
			sourceTree = "<group>";
		};
		F7494D617C85EBBA41DF3FAD /* Frameworks */ = {
			isa = PBXGroup;
			children = (
				D89057307CBA62D92873D2ED /* CoreServices.framework */,
				CC159BC0867EE1913F930D03 /* Fuzi.xcframework */,
				32A68397320BEA9698B9BA1C /* Minizip.xcframework */,
				D86A2C60F323240CE929C5A5 /* SwiftSoup.xcframework */,
			);
			name = Frameworks;
			sourceTree = "<group>";
		};
		FBFEC868DBF51545335E2A0F /* XML */ = {
			isa = PBXGroup;
			children = (
				513112DEB93E45A7809E7E4F /* Fuzi.swift */,
				9FC3B71937EE7BB2D8B13DB9 /* XML.swift */,
			);
			path = XML;
			sourceTree = "<group>";
		};
/* End PBXGroup section */

/* Begin PBXHeadersBuildPhase section */
		C61FD68254B084DBE6E4CA47 /* Headers */ = {
			isa = PBXHeadersBuildPhase;
			buildActionMask = 2147483647;
			files = (
				0EEC9A0409585B4BEF806E3A /* r2-shared-swift.h in Headers */,
			);
			runOnlyForDeploymentPostprocessing = 0;
		};
/* End PBXHeadersBuildPhase section */

/* Begin PBXNativeTarget section */
		7DE500B1DC973F763F65D294 /* R2Shared */ = {
			isa = PBXNativeTarget;
			buildConfigurationList = AF399C58EADEB2330180E087 /* Build configuration list for PBXNativeTarget "R2Shared" */;
			buildPhases = (
				C61FD68254B084DBE6E4CA47 /* Headers */,
				8F8211B7D9725571F8A8AFBE /* Sources */,
				CADCFA3155CFDE3EBC8B40F6 /* Resources */,
				A27D92F6EA53BA6C34FE8591 /* Frameworks */,
			);
			buildRules = (
			);
			dependencies = (
			);
			name = R2Shared;
			productName = R2Shared;
			productReference = 403BF473CE76CB33B71A44A2 /* R2Shared.framework */;
			productType = "com.apple.product-type.framework";
		};
/* End PBXNativeTarget section */

/* Begin PBXProject section */
		D7E298A3A05DA9560C100987 /* Project object */ = {
			isa = PBXProject;
			attributes = {
				LastUpgradeCheck = 1250;
				TargetAttributes = {
				};
			};
			buildConfigurationList = 171AE7D7097BD9B38FAA1EA5 /* Build configuration list for PBXProject "r2-shared-swift" */;
			compatibilityVersion = "Xcode 10.0";
			developmentRegion = en;
			hasScannedForEncodings = 0;
			knownRegions = (
				Base,
				en,
			);
			mainGroup = 764C2191E5C48AEBA77879D7;
			projectDirPath = "";
			projectRoot = "";
			targets = (
				7DE500B1DC973F763F65D294 /* R2Shared */,
			);
		};
/* End PBXProject section */

/* Begin PBXResourcesBuildPhase section */
		CADCFA3155CFDE3EBC8B40F6 /* Resources */ = {
			isa = PBXResourcesBuildPhase;
			buildActionMask = 2147483647;
			files = (
				68E46D376FDCDB4C98F993CE /* Localizable.strings in Resources */,
			);
			runOnlyForDeploymentPostprocessing = 0;
		};
/* End PBXResourcesBuildPhase section */

/* Begin PBXSourcesBuildPhase section */
		8F8211B7D9725571F8A8AFBE /* Sources */ = {
			isa = PBXSourcesBuildPhase;
			buildActionMask = 2147483647;
			files = (
				DCF92BCF267A6A4CD4151F99 /* Archive.swift in Sources */,
				13EA2907E7A6598992F93FED /* ArchiveFetcher.swift in Sources */,
				8890B419613E3EB108C640E7 /* Array.swift in Sources */,
				02092DFAD518B2DF4CCACF56 /* AudioSession.swift in Sources */,
				E3A36D1E5950311A9DF483AA /* BufferedResource.swift in Sources */,
				667FDB82D263CAFDCF06CD4C /* Bundle.swift in Sources */,
				7821AC2138A32C7E2CDD0C3F /* CGPDF.swift in Sources */,
				4A2DA72B93494E3E3EAF4F18 /* CachingResource.swift in Sources */,
				67F741B6CFF1A5C478DF612A /* Cancellable.swift in Sources */,
				21077D86096D5A6F8C9CADF2 /* CancellableResult.swift in Sources */,
				F8006524FCF0088DCEA511A4 /* Collection.swift in Sources */,
				EC33C0AA36F8250BA21CB71E /* ContentLayout.swift in Sources */,
				DE570931323895EA501FB6EE /* ContentProtection.swift in Sources */,
				9596B6EB6CBF50665A2E75EB /* ContentProtectionService+WS.swift in Sources */,
				74F4432BD6D92D5B20B29C93 /* ContentProtectionService.swift in Sources */,
				C3F405896694F6535CECF6B4 /* Contributor.swift in Sources */,
				DF65F2B9DCB39A45054BC798 /* ControlFlow.swift in Sources */,
				BB7421DD79BF99349F084286 /* CoverService.swift in Sources */,
				44A07A89CC09239B8C07F38B /* DOMRange.swift in Sources */,
				E434628DECFB7F546A18C1B6 /* DRM+Deprecated.swift in Sources */,
				10204C36DFF57FEA1E1694A0 /* DataResource.swift in Sources */,
				3582D5587B9CA1C41F085D56 /* Date+ISO8601.swift in Sources */,
				7709AD0E714AA7E1FFA1DC61 /* DefaultHTTPClient.swift in Sources */,
				A78AABE73FBF3EBA56CB1645 /* DefaultLocatorService.swift in Sources */,
				11F4A4888D1349506967ED19 /* Deferred.swift in Sources */,
				5036F60406EBACF3D53F15AD /* DocumentTypes.swift in Sources */,
				4521615E7EBD14926961ECBB /* DownloadSession.swift in Sources */,
				6246211F63549EA7A32BBE5C /* EPUBLayout.swift in Sources */,
				FE495E591880B2DEC45FA361 /* Either.swift in Sources */,
				56B9D7D746B71F1455E15ED9 /* Encryption.swift in Sources */,
				7867DF98B907F63782B8B0BB /* ExplodedArchive.swift in Sources */,
				A98F8084AA991022B0BB885B /* Facet.swift in Sources */,
				B5C2078B59ACF2EFDC53A12F /* FailureResource.swift in Sources */,
				E608E09609322F11148725F0 /* Feed.swift in Sources */,
				B5E2B60C55368CF08B0BF495 /* Fetcher.swift in Sources */,
				52DCD5BD7081D4C8FBE443F9 /* FileAsset.swift in Sources */,
				905976E3E952237B4E9423F8 /* FileFetcher.swift in Sources */,
				2CE20EAE09C8D8D59103243B /* Fuzi.swift in Sources */,
				85D349F24F2A1C05831E8E33 /* GeneratedCoverService.swift in Sources */,
				2BD472941E458DCA75EA416B /* Group.swift in Sources */,
				204E75EA53D56C27F657A127 /* HREF.swift in Sources */,
				E19189B40C2817CCBD3DC2DC /* HTTPClient.swift in Sources */,
				65BBA06FEBBE9697C2D54632 /* HTTPError.swift in Sources */,
				3FDBA3DDA914906B9EE614D6 /* HTTPFetcher.swift in Sources */,
				0CC08A86C9D9C57C458DE8E3 /* HTTPProblemDetails.swift in Sources */,
				7767D55BF22F595AECE9B404 /* HTTPRequest.swift in Sources */,
				FCA7611AB29EF28B1CA29AF4 /* JSON.swift in Sources */,
				CCB4D62C00F5007C909576EC /* LazyResource.swift in Sources */,
				6D25976CEED22BD148BE2687 /* Link.swift in Sources */,
				C1A60FF01F6D338488372E9C /* LinkRelation.swift in Sources */,
				BD92CA6DB48B6A78F6BBA62D /* LocalizedString.swift in Sources */,
				D8E2186A3A03AFCF2B26A30A /* Locator+HTML.swift in Sources */,
				938A1E9CECE4B9E534FF9A0E /* Locator.swift in Sources */,
				5D72AE97B64B845A1C95F93C /* LocatorService.swift in Sources */,
				DE1F0E793B89EE695331F619 /* Loggable.swift in Sources */,
				E20EFCD16BC059739A3CDF09 /* Logger.swift in Sources */,
				C7A33E182A23C6EE41106CE8 /* LoggerStub.swift in Sources */,
				D2EE3621BEA0AD23378FEE35 /* Manifest.swift in Sources */,
				6F1198EA8A43F0CA0D14195F /* MediaOverlayNode.swift in Sources */,
				15844065CA0B8078312FAFAC /* MediaOverlays.swift in Sources */,
				F5E2992C4A46370B36A06257 /* MediaType+Deprecated.swift in Sources */,
				A4BD324775F8AB99DAC74777 /* MediaType.swift in Sources */,
				457BA5450345671A9DC3C27F /* MediaTypeSniffer.swift in Sources */,
				E1180EE8F133FAFEBFFE7620 /* MediaTypeSnifferContent.swift in Sources */,
				29DD077D4654A7A617212F7B /* MediaTypeSnifferContext.swift in Sources */,
				7D666A80862CADF0E4471BDA /* Metadata+Presentation.swift in Sources */,
				577F02DC7304ED15F42D7875 /* Metadata.swift in Sources */,
				C9512D7DA5EAAA4BCE2C74EE /* Minizip.swift in Sources */,
				8906A28D5B7BC9443F6E55DC /* NSRegularExpression.swift in Sources */,
				58F876109C417786C29AF791 /* NowPlayingInfo.swift in Sources */,
				773A8DAF8AA2B4CEB8A08F1C /* OPDSAcquisition.swift in Sources */,
				EAE3E4E531FDD2EFC06AF52B /* OPDSAvailability.swift in Sources */,
				4271CE2FB5B49DED0F8758B8 /* OPDSCopies.swift in Sources */,
				AE310136DFA73F595936A625 /* OPDSHolds.swift in Sources */,
				262842576751E2F5642DCE41 /* OPDSPrice.swift in Sources */,
				3DAACDB639FC5E7F9389033E /* Observable.swift in Sources */,
				289997DA221E72D4E1E38AED /* OpdsMetadata.swift in Sources */,
				08207CB1DBE536A9CA828E17 /* Optional.swift in Sources */,
				DF17AF9C9AD8E3B81DC0C463 /* PDFDocument.swift in Sources */,
				AE9B1E33CD4605F38156CDB3 /* PDFKit.swift in Sources */,
				A95070676118CB46CC509D8E /* PDFOutlineNode.swift in Sources */,
				04E88B52A24A6B1A938C4CA1 /* PerResourcePositionsService.swift in Sources */,
				09F7FB3197B8D0859A54024C /* PositionsService.swift in Sources */,
				93136D8CCC3C81DCCE85F52E /* Presentation.swift in Sources */,
				3D3E7B35BA0CEE307257BCA2 /* Properties+Archive.swift in Sources */,
				A535F42164F494FBD3775778 /* Properties+EPUB.swift in Sources */,
				5503903E527F5A5CE52D6D8E /* Properties+Encryption.swift in Sources */,
				71092C52FD2AB7EAFA24006E /* Properties+OPDS.swift in Sources */,
				E8493C5DAC54EE4664F89731 /* Properties+Presentation.swift in Sources */,
				6ACFCEA342F441B6E2B5AEC2 /* Properties.swift in Sources */,
				A82378CCA025AB30E226B4CA /* ProxyFetcher.swift in Sources */,
				C4EC14C2D89403DEB50C61F8 /* ProxyResource.swift in Sources */,
				78BDB1FF4FB0A655C05BE65B /* Publication+Deprecated.swift in Sources */,
				D5CD89FA2FEDD6EC94BD52C2 /* Publication+EPUB.swift in Sources */,
				69BEC55794AE2531C4866693 /* Publication+JSON.swift in Sources */,
				4A56FD5F0093B70EA1E1431F /* Publication+OPDS.swift in Sources */,
				5B495BF4A63CA94B3A0E2481 /* Publication.swift in Sources */,
				91FFE1BE4CD9BA4F147236C8 /* PublicationAsset.swift in Sources */,
				2CBECC35FBC47AF2BEC54BD0 /* PublicationCollection.swift in Sources */,
				8A71A3F0EB6739627314E288 /* PublicationService.swift in Sources */,
				43D6730482F276CE8E534DC6 /* PublicationServicesBuilder.swift in Sources */,
				017DFDF2BF3E1931FA4A7BCF /* R2LocalizedString.swift in Sources */,
				97617E01BC4A3DDDC6F71149 /* ReadingProgression.swift in Sources */,
				EC9DB18B27B76C2B5A33EB33 /* Resource.swift in Sources */,
				2903B7E328293A7B7C283061 /* ResourceContentExtractor.swift in Sources */,
				BFD9F7C36F4E9D73F87B4346 /* ResourcesServer.swift in Sources */,
				46B1A004EEDA11FFD922FF74 /* Result.swift in Sources */,
				23C1D0E43E3BA6648F44F9DF /* RootFile.swift in Sources */,
				4A0A38D130EFB5479834EE68 /* RoutingFetcher.swift in Sources */,
				D459654F6FC027476286813F /* SearchService.swift in Sources */,
				B10D62A87239DA9352799695 /* String.swift in Sources */,
				5E6B010FF31D4D1D8DE93F92 /* StringEncoding.swift in Sources */,
				40F83D9D05FF42E6E5998DF0 /* StringSearchService.swift in Sources */,
				D399A8025459B985CF1D0FEB /* Subject.swift in Sources */,
				3BE85E13CDC56AD204C97125 /* TransformingFetcher.swift in Sources */,
				D592B0D6CEC34538C7C82E17 /* TransformingResource.swift in Sources */,
				CD848431D3C452A4E8DB8E6D /* UIImage.swift in Sources */,
				32DA583174BD3B89A5D3C159 /* UInt64.swift in Sources */,
				4AE4DA4480F8E0B05E24F271 /* URITemplate.swift in Sources */,
				96930F979612170DB2F3B5AA /* URL.swift in Sources */,
				909C563EDB3B0FC40A7A76A1 /* UTI.swift in Sources */,
				B0B5EFDD2C0CC31C9FE62E55 /* UserProperties.swift in Sources */,
				C2732FAC2A11B6591C6F5689 /* UserRights.swift in Sources */,
				DC4214D236FFD0CD8C77CC1C /* UserSettings.swift in Sources */,
				BDC447678B55A24349B8899B /* WarningLogger.swift in Sources */,
				58B0D4ABB5DA33483A1C0417 /* Weak.swift in Sources */,
				E4FD213CDEA43C9E2BDD862B /* XML.swift in Sources */,
			);
			runOnlyForDeploymentPostprocessing = 0;
		};
/* End PBXSourcesBuildPhase section */

/* Begin PBXVariantGroup section */
		FC07C5DE07FB3AF7E894393E /* Localizable.strings */ = {
			isa = PBXVariantGroup;
			children = (
				7FABCD5A6886B13F905E10D4 /* en */,
			);
			name = Localizable.strings;
			sourceTree = "<group>";
		};
/* End PBXVariantGroup section */

/* Begin XCBuildConfiguration section */
		18B02002AADC4B336976824E /* Release */ = {
			isa = XCBuildConfiguration;
			buildSettings = {
				CODE_SIGN_IDENTITY = "";
				CURRENT_PROJECT_VERSION = 1;
				DEFINES_MODULE = YES;
				DYLIB_COMPATIBILITY_VERSION = 1;
				DYLIB_CURRENT_VERSION = 1;
				DYLIB_INSTALL_NAME_BASE = "@rpath";
				FRAMEWORK_SEARCH_PATHS = (
					"$(inherited)",
					"\"Carthage/Build\"",
				);
				INFOPLIST_FILE = "r2-shared-swift/Info.plist";
				INSTALL_PATH = "$(LOCAL_LIBRARY_DIR)/Frameworks";
				IPHONEOS_DEPLOYMENT_TARGET = 10.0;
				LD_RUNPATH_SEARCH_PATHS = (
					"$(inherited)",
					"@executable_path/Frameworks",
				);
				LIBRARY_SEARCH_PATHS = "$(PROJECT_DIR)/Carthage";
				PRODUCT_BUNDLE_IDENTIFIER = "org.readium.r2-shared-swift";
				SDKROOT = iphoneos;
				SKIP_INSTALL = YES;
				TARGETED_DEVICE_FAMILY = "1,2";
				VERSIONING_SYSTEM = "apple-generic";
			};
			name = Release;
		};
		50E150BD6421A9870FAC2B05 /* Debug */ = {
			isa = XCBuildConfiguration;
			buildSettings = {
				ALWAYS_SEARCH_USER_PATHS = NO;
				CLANG_ANALYZER_NONNULL = YES;
				CLANG_ANALYZER_NUMBER_OBJECT_CONVERSION = YES_AGGRESSIVE;
				CLANG_CXX_LANGUAGE_STANDARD = "gnu++14";
				CLANG_CXX_LIBRARY = "libc++";
				CLANG_ENABLE_MODULES = YES;
				CLANG_ENABLE_OBJC_ARC = YES;
				CLANG_ENABLE_OBJC_WEAK = YES;
				CLANG_WARN_BLOCK_CAPTURE_AUTORELEASING = YES;
				CLANG_WARN_BOOL_CONVERSION = YES;
				CLANG_WARN_COMMA = YES;
				CLANG_WARN_CONSTANT_CONVERSION = YES;
				CLANG_WARN_DEPRECATED_OBJC_IMPLEMENTATIONS = YES;
				CLANG_WARN_DIRECT_OBJC_ISA_USAGE = YES_ERROR;
				CLANG_WARN_DOCUMENTATION_COMMENTS = YES;
				CLANG_WARN_EMPTY_BODY = YES;
				CLANG_WARN_ENUM_CONVERSION = YES;
				CLANG_WARN_INFINITE_RECURSION = YES;
				CLANG_WARN_INT_CONVERSION = YES;
				CLANG_WARN_NON_LITERAL_NULL_CONVERSION = YES;
				CLANG_WARN_OBJC_IMPLICIT_RETAIN_SELF = YES;
				CLANG_WARN_OBJC_LITERAL_CONVERSION = YES;
				CLANG_WARN_OBJC_ROOT_CLASS = YES_ERROR;
				CLANG_WARN_QUOTED_INCLUDE_IN_FRAMEWORK_HEADER = YES;
				CLANG_WARN_RANGE_LOOP_ANALYSIS = YES;
				CLANG_WARN_STRICT_PROTOTYPES = YES;
				CLANG_WARN_SUSPICIOUS_MOVE = YES;
				CLANG_WARN_UNGUARDED_AVAILABILITY = YES_AGGRESSIVE;
				CLANG_WARN_UNREACHABLE_CODE = YES;
				CLANG_WARN__DUPLICATE_METHOD_MATCH = YES;
				COPY_PHASE_STRIP = NO;
				DEBUG_INFORMATION_FORMAT = dwarf;
				ENABLE_STRICT_OBJC_MSGSEND = YES;
				ENABLE_TESTABILITY = YES;
				GCC_C_LANGUAGE_STANDARD = gnu11;
				GCC_DYNAMIC_NO_PIC = NO;
				GCC_NO_COMMON_BLOCKS = YES;
				GCC_OPTIMIZATION_LEVEL = 0;
				GCC_PREPROCESSOR_DEFINITIONS = (
					"$(inherited)",
					"DEBUG=1",
				);
				GCC_WARN_64_TO_32_BIT_CONVERSION = YES;
				GCC_WARN_ABOUT_RETURN_TYPE = YES_ERROR;
				GCC_WARN_UNDECLARED_SELECTOR = YES;
				GCC_WARN_UNINITIALIZED_AUTOS = YES_AGGRESSIVE;
				GCC_WARN_UNUSED_FUNCTION = YES;
				GCC_WARN_UNUSED_VARIABLE = YES;
				MTL_ENABLE_DEBUG_INFO = INCLUDE_SOURCE;
				MTL_FAST_MATH = YES;
				ONLY_ACTIVE_ARCH = YES;
				PRODUCT_NAME = "$(TARGET_NAME)";
				SDKROOT = iphoneos;
				SWIFT_ACTIVE_COMPILATION_CONDITIONS = DEBUG;
				SWIFT_OPTIMIZATION_LEVEL = "-Onone";
				SWIFT_VERSION = 5.0;
			};
			name = Debug;
		};
		A31159167C233A17AABEF3F5 /* Release */ = {
			isa = XCBuildConfiguration;
			buildSettings = {
				ALWAYS_SEARCH_USER_PATHS = NO;
				CLANG_ANALYZER_NONNULL = YES;
				CLANG_ANALYZER_NUMBER_OBJECT_CONVERSION = YES_AGGRESSIVE;
				CLANG_CXX_LANGUAGE_STANDARD = "gnu++14";
				CLANG_CXX_LIBRARY = "libc++";
				CLANG_ENABLE_MODULES = YES;
				CLANG_ENABLE_OBJC_ARC = YES;
				CLANG_ENABLE_OBJC_WEAK = YES;
				CLANG_WARN_BLOCK_CAPTURE_AUTORELEASING = YES;
				CLANG_WARN_BOOL_CONVERSION = YES;
				CLANG_WARN_COMMA = YES;
				CLANG_WARN_CONSTANT_CONVERSION = YES;
				CLANG_WARN_DEPRECATED_OBJC_IMPLEMENTATIONS = YES;
				CLANG_WARN_DIRECT_OBJC_ISA_USAGE = YES_ERROR;
				CLANG_WARN_DOCUMENTATION_COMMENTS = YES;
				CLANG_WARN_EMPTY_BODY = YES;
				CLANG_WARN_ENUM_CONVERSION = YES;
				CLANG_WARN_INFINITE_RECURSION = YES;
				CLANG_WARN_INT_CONVERSION = YES;
				CLANG_WARN_NON_LITERAL_NULL_CONVERSION = YES;
				CLANG_WARN_OBJC_IMPLICIT_RETAIN_SELF = YES;
				CLANG_WARN_OBJC_LITERAL_CONVERSION = YES;
				CLANG_WARN_OBJC_ROOT_CLASS = YES_ERROR;
				CLANG_WARN_QUOTED_INCLUDE_IN_FRAMEWORK_HEADER = YES;
				CLANG_WARN_RANGE_LOOP_ANALYSIS = YES;
				CLANG_WARN_STRICT_PROTOTYPES = YES;
				CLANG_WARN_SUSPICIOUS_MOVE = YES;
				CLANG_WARN_UNGUARDED_AVAILABILITY = YES_AGGRESSIVE;
				CLANG_WARN_UNREACHABLE_CODE = YES;
				CLANG_WARN__DUPLICATE_METHOD_MATCH = YES;
				COPY_PHASE_STRIP = NO;
				DEBUG_INFORMATION_FORMAT = "dwarf-with-dsym";
				ENABLE_NS_ASSERTIONS = NO;
				ENABLE_STRICT_OBJC_MSGSEND = YES;
				GCC_C_LANGUAGE_STANDARD = gnu11;
				GCC_NO_COMMON_BLOCKS = YES;
				GCC_WARN_64_TO_32_BIT_CONVERSION = YES;
				GCC_WARN_ABOUT_RETURN_TYPE = YES_ERROR;
				GCC_WARN_UNDECLARED_SELECTOR = YES;
				GCC_WARN_UNINITIALIZED_AUTOS = YES_AGGRESSIVE;
				GCC_WARN_UNUSED_FUNCTION = YES;
				GCC_WARN_UNUSED_VARIABLE = YES;
				MTL_ENABLE_DEBUG_INFO = NO;
				MTL_FAST_MATH = YES;
				PRODUCT_NAME = "$(TARGET_NAME)";
				SDKROOT = iphoneos;
				SWIFT_COMPILATION_MODE = wholemodule;
				SWIFT_OPTIMIZATION_LEVEL = "-O";
				SWIFT_VERSION = 5.0;
			};
			name = Release;
		};
		E37EACAC5D9AA4D9AA8DB091 /* Debug */ = {
			isa = XCBuildConfiguration;
			buildSettings = {
				CODE_SIGN_IDENTITY = "";
				CURRENT_PROJECT_VERSION = 1;
				DEFINES_MODULE = YES;
				DYLIB_COMPATIBILITY_VERSION = 1;
				DYLIB_CURRENT_VERSION = 1;
				DYLIB_INSTALL_NAME_BASE = "@rpath";
				FRAMEWORK_SEARCH_PATHS = (
					"$(inherited)",
					"\"Carthage/Build\"",
				);
				INFOPLIST_FILE = "r2-shared-swift/Info.plist";
				INSTALL_PATH = "$(LOCAL_LIBRARY_DIR)/Frameworks";
				IPHONEOS_DEPLOYMENT_TARGET = 10.0;
				LD_RUNPATH_SEARCH_PATHS = (
					"$(inherited)",
					"@executable_path/Frameworks",
				);
				LIBRARY_SEARCH_PATHS = "$(PROJECT_DIR)/Carthage";
				PRODUCT_BUNDLE_IDENTIFIER = "org.readium.r2-shared-swift";
				SDKROOT = iphoneos;
				SKIP_INSTALL = YES;
				TARGETED_DEVICE_FAMILY = "1,2";
				VERSIONING_SYSTEM = "apple-generic";
			};
			name = Debug;
		};
/* End XCBuildConfiguration section */

/* Begin XCConfigurationList section */
		171AE7D7097BD9B38FAA1EA5 /* Build configuration list for PBXProject "r2-shared-swift" */ = {
			isa = XCConfigurationList;
			buildConfigurations = (
				50E150BD6421A9870FAC2B05 /* Debug */,
				A31159167C233A17AABEF3F5 /* Release */,
			);
			defaultConfigurationIsVisible = 0;
			defaultConfigurationName = Debug;
		};
		AF399C58EADEB2330180E087 /* Build configuration list for PBXNativeTarget "R2Shared" */ = {
			isa = XCConfigurationList;
			buildConfigurations = (
				E37EACAC5D9AA4D9AA8DB091 /* Debug */,
				18B02002AADC4B336976824E /* Release */,
			);
			defaultConfigurationIsVisible = 0;
			defaultConfigurationName = Debug;
		};
/* End XCConfigurationList section */
	};
	rootObject = D7E298A3A05DA9560C100987 /* Project object */;
}
